<?xml version="1.0" encoding="utf-8"?>
<Project ToolsVersion="16.0" xmlns="http://schemas.microsoft.com/developer/msbuild/2003">
  <ItemGroup>
    <ClCompile Include="..\..\Foundation\src\ASCIIEncoding.cpp">
      <Filter>Text\Source Files</Filter>
    </ClCompile>
    <ClCompile Include="..\..\Foundation\src\AbstractObserver.cpp">
      <Filter>Notifications\Source Files</Filter>
    </ClCompile>
    <ClCompile Include="..\..\Foundation\src\ActiveDispatcher.cpp">
      <Filter>Threading\Source Files</Filter>
    </ClCompile>
    <ClCompile Include="..\..\Foundation\src\ArchiveStrategy.cpp">
      <Filter>Logging\Source Files</Filter>
    </ClCompile>
    <ClCompile Include="..\..\Foundation\src\Ascii.cpp">
      <Filter>Core\Source Files</Filter>
    </ClCompile>
    <ClCompile Include="..\..\Foundation\src\AsyncChannel.cpp">
      <Filter>Logging\Source Files</Filter>
    </ClCompile>
    <ClCompile Include="..\..\Foundation\src\AtomicCounter.cpp">
      <Filter>Core\Source Files</Filter>
    </ClCompile>
    <ClCompile Include="..\..\Foundation\src\AtomicFlag.cpp">
      <Filter>Core\Source Files</Filter>
    </ClCompile>
    <ClCompile Include="..\..\Foundation\src\Base32Decoder.cpp">
      <Filter>Streams\Source Files</Filter>
    </ClCompile>
    <ClCompile Include="..\..\Foundation\src\Base32Encoder.cpp">
      <Filter>Streams\Source Files</Filter>
    </ClCompile>
    <ClCompile Include="..\..\Foundation\src\Base64Decoder.cpp">
      <Filter>Streams\Source Files</Filter>
    </ClCompile>
    <ClCompile Include="..\..\Foundation\src\Base64Encoder.cpp">
      <Filter>Streams\Source Files</Filter>
    </ClCompile>
    <ClCompile Include="..\..\Foundation\src\BinaryReader.cpp">
      <Filter>Streams\Source Files</Filter>
    </ClCompile>
    <ClCompile Include="..\..\Foundation\src\BinaryWriter.cpp">
      <Filter>Streams\Source Files</Filter>
    </ClCompile>
    <ClCompile Include="..\..\Foundation\src\Bugcheck.cpp">
      <Filter>Core\Source Files</Filter>
    </ClCompile>
    <ClCompile Include="..\..\Foundation\src\ByteOrder.cpp">
      <Filter>Core\Source Files</Filter>
    </ClCompile>
    <ClCompile Include="..\..\Foundation\src\Channel.cpp">
      <Filter>Logging\Source Files</Filter>
    </ClCompile>
    <ClCompile Include="..\..\Foundation\src\Checksum.cpp">
      <Filter>Core\Source Files</Filter>
    </ClCompile>
    <ClCompile Include="..\..\Foundation\src\Clock.cpp">
      <Filter>DateTime\Source Files</Filter>
    </ClCompile>
    <ClCompile Include="..\..\Foundation\src\Condition.cpp">
      <Filter>Threading\Source Files</Filter>
    </ClCompile>
    <ClCompile Include="..\..\Foundation\src\Configurable.cpp">
      <Filter>Logging\Source Files</Filter>
    </ClCompile>
    <ClCompile Include="..\..\Foundation\src\ConsoleChannel.cpp">
      <Filter>Logging\Source Files</Filter>
    </ClCompile>
    <ClCompile Include="..\..\Foundation\src\CountingStream.cpp">
      <Filter>Streams\Source Files</Filter>
    </ClCompile>
    <ClCompile Include="..\..\Foundation\src\DataURIStream.cpp">
      <Filter>Streams\Source Files</Filter>
    </ClCompile>
    <ClCompile Include="..\..\Foundation\src\DataURIStreamFactory.cpp">
      <Filter>URI\Source Files</Filter>
    </ClCompile>
    <ClCompile Include="..\..\Foundation\src\DateTime.cpp">
      <Filter>DateTime\Source Files</Filter>
    </ClCompile>
    <ClCompile Include="..\..\Foundation\src\DateTimeFormat.cpp">
      <Filter>DateTime\Source Files</Filter>
    </ClCompile>
    <ClCompile Include="..\..\Foundation\src\DateTimeFormatter.cpp">
      <Filter>DateTime\Source Files</Filter>
    </ClCompile>
    <ClCompile Include="..\..\Foundation\src\DateTimeParser.cpp">
      <Filter>DateTime\Source Files</Filter>
    </ClCompile>
    <ClCompile Include="..\..\Foundation\src\Debugger.cpp">
      <Filter>Core\Source Files</Filter>
    </ClCompile>
    <ClCompile Include="..\..\Foundation\src\DeflatingStream.cpp">
      <Filter>Streams\Source Files</Filter>
    </ClCompile>
    <ClCompile Include="..\..\Foundation\src\DigestEngine.cpp">
      <Filter>Crypt\Source Files</Filter>
    </ClCompile>
    <ClCompile Include="..\..\Foundation\src\DigestStream.cpp">
      <Filter>Crypt\Source Files</Filter>
    </ClCompile>
    <ClCompile Include="..\..\Foundation\src\DirectoryIterator.cpp">
      <Filter>Filesystem\Source Files</Filter>
    </ClCompile>
    <ClCompile Include="..\..\Foundation\src\DirectoryIteratorStrategy.cpp">
      <Filter>Filesystem\Source Files</Filter>
    </ClCompile>
    <ClCompile Include="..\..\Foundation\src\DirectoryWatcher.cpp">
      <Filter>Filesystem\Source Files</Filter>
    </ClCompile>
    <ClCompile Include="..\..\Foundation\src\Environment.cpp">
      <Filter>Core\Source Files</Filter>
    </ClCompile>
    <ClCompile Include="..\..\Foundation\src\Error.cpp">
      <Filter>Core\Source Files</Filter>
    </ClCompile>
    <ClCompile Include="..\..\Foundation\src\ErrorHandler.cpp">
      <Filter>Threading\Source Files</Filter>
    </ClCompile>
    <ClCompile Include="..\..\Foundation\src\Event.cpp">
      <Filter>Threading\Source Files</Filter>
    </ClCompile>
    <ClCompile Include="..\..\Foundation\src\EventArgs.cpp">
      <Filter>Events\Source Files</Filter>
    </ClCompile>
    <ClCompile Include="..\..\Foundation\src\EventChannel.cpp">
      <Filter>Logging\Source Files</Filter>
    </ClCompile>
    <ClCompile Include="..\..\Foundation\src\EventLogChannel.cpp">
      <Filter>Logging\Source Files</Filter>
    </ClCompile>
    <ClCompile Include="..\..\Foundation\src\Exception.cpp">
      <Filter>Core\Source Files</Filter>
    </ClCompile>
    <ClCompile Include="..\..\Foundation\src\FIFOBufferStream.cpp">
      <Filter>Streams\Source Files</Filter>
    </ClCompile>
    <ClCompile Include="..\..\Foundation\src\FPEnvironment.cpp">
      <Filter>Core\Source Files</Filter>
    </ClCompile>
    <ClCompile Include="..\..\Foundation\src\File.cpp">
      <Filter>Filesystem\Source Files</Filter>
    </ClCompile>
    <ClCompile Include="..\..\Foundation\src\FileChannel.cpp">
      <Filter>Logging\Source Files</Filter>
    </ClCompile>
    <ClCompile Include="..\..\Foundation\src\FileStream.cpp">
      <Filter>Streams\Source Files</Filter>
    </ClCompile>
    <ClCompile Include="..\..\Foundation\src\FileStreamFactory.cpp">
      <Filter>URI\Source Files</Filter>
    </ClCompile>
    <ClCompile Include="..\..\Foundation\src\Format.cpp">
      <Filter>Core\Source Files</Filter>
    </ClCompile>
    <ClCompile Include="..\..\Foundation\src\Formatter.cpp">
      <Filter>Logging\Source Files</Filter>
    </ClCompile>
    <ClCompile Include="..\..\Foundation\src\FormattingChannel.cpp">
      <Filter>Logging\Source Files</Filter>
    </ClCompile>
    <ClCompile Include="..\..\Foundation\src\Glob.cpp">
      <Filter>Filesystem\Source Files</Filter>
    </ClCompile>
    <ClCompile Include="..\..\Foundation\src\Hash.cpp">
      <Filter>Hashing\Source Files</Filter>
    </ClCompile>
    <ClCompile Include="..\..\Foundation\src\HashStatistic.cpp">
      <Filter>Hashing\Source Files</Filter>
    </ClCompile>
    <ClCompile Include="..\..\Foundation\src\HexBinaryDecoder.cpp">
      <Filter>Streams\Source Files</Filter>
    </ClCompile>
    <ClCompile Include="..\..\Foundation\src\HexBinaryEncoder.cpp">
      <Filter>Streams\Source Files</Filter>
    </ClCompile>
    <ClCompile Include="..\..\Foundation\src\InflatingStream.cpp">
      <Filter>Streams\Source Files</Filter>
    </ClCompile>
    <ClCompile Include="..\..\Foundation\src\JSONString.cpp">
      <Filter>Core\Source Files</Filter>
    </ClCompile>
    <ClCompile Include="..\..\Foundation\src\Latin1Encoding.cpp">
      <Filter>Text\Source Files</Filter>
    </ClCompile>
    <ClCompile Include="..\..\Foundation\src\Latin2Encoding.cpp">
      <Filter>Text\Source Files</Filter>
    </ClCompile>
    <ClCompile Include="..\..\Foundation\src\Latin9Encoding.cpp">
      <Filter>Text\Source Files</Filter>
    </ClCompile>
    <ClCompile Include="..\..\Foundation\src\LineEndingConverter.cpp">
      <Filter>Streams\Source Files</Filter>
    </ClCompile>
    <ClCompile Include="..\..\Foundation\src\LocalDateTime.cpp">
      <Filter>DateTime\Source Files</Filter>
    </ClCompile>
    <ClCompile Include="..\..\Foundation\src\LogFile.cpp">
      <Filter>Logging\Source Files</Filter>
    </ClCompile>
    <ClCompile Include="..\..\Foundation\src\LogStream.cpp">
      <Filter>Logging\Source Files</Filter>
    </ClCompile>
    <ClCompile Include="..\..\Foundation\src\Logger.cpp">
      <Filter>Logging\Source Files</Filter>
    </ClCompile>
    <ClCompile Include="..\..\Foundation\src\LoggingFactory.cpp">
      <Filter>Logging\Source Files</Filter>
    </ClCompile>
    <ClCompile Include="..\..\Foundation\src\LoggingRegistry.cpp">
      <Filter>Logging\Source Files</Filter>
    </ClCompile>
    <ClCompile Include="..\..\Foundation\src\MD4Engine.cpp">
      <Filter>Crypt\Source Files</Filter>
    </ClCompile>
    <ClCompile Include="..\..\Foundation\src\MD5Engine.cpp">
      <Filter>Crypt\Source Files</Filter>
    </ClCompile>
    <ClCompile Include="..\..\Foundation\src\Manifest.cpp">
      <Filter>SharedLibrary\Source Files</Filter>
    </ClCompile>
    <ClCompile Include="..\..\Foundation\src\MemoryPool.cpp">
      <Filter>Core\Source Files</Filter>
    </ClCompile>
    <ClCompile Include="..\..\Foundation\src\MemoryStream.cpp">
      <Filter>Streams\Source Files</Filter>
    </ClCompile>
    <ClCompile Include="..\..\Foundation\src\Message.cpp">
      <Filter>Logging\Source Files</Filter>
    </ClCompile>
    <ClCompile Include="..\..\Foundation\src\Mutex.cpp">
      <Filter>Threading\Source Files</Filter>
    </ClCompile>
    <ClCompile Include="..\..\Foundation\src\NamedEvent.cpp">
      <Filter>Processes\Source Files</Filter>
    </ClCompile>
    <ClCompile Include="..\..\Foundation\src\NamedMutex.cpp">
      <Filter>Processes\Source Files</Filter>
    </ClCompile>
    <ClCompile Include="..\..\Foundation\src\NestedDiagnosticContext.cpp">
      <Filter>Core\Source Files</Filter>
    </ClCompile>
    <ClCompile Include="..\..\Foundation\src\Notification.cpp">
      <Filter>Notifications\Source Files</Filter>
    </ClCompile>
    <ClCompile Include="..\..\Foundation\src\NotificationCenter.cpp">
      <Filter>Notifications\Source Files</Filter>
    </ClCompile>
    <ClCompile Include="..\..\Foundation\src\NotificationQueue.cpp">
      <Filter>Notifications\Source Files</Filter>
    </ClCompile>
    <ClCompile Include="..\..\Foundation\src\NullChannel.cpp">
      <Filter>Logging\Source Files</Filter>
    </ClCompile>
    <ClCompile Include="..\..\Foundation\src\NullStream.cpp">
      <Filter>Streams\Source Files</Filter>
    </ClCompile>
    <ClCompile Include="..\..\Foundation\src\NumberFormatter.cpp">
      <Filter>Core\Source Files</Filter>
    </ClCompile>
    <ClCompile Include="..\..\Foundation\src\NumberParser.cpp">
      <Filter>Core\Source Files</Filter>
    </ClCompile>
    <ClCompile Include="..\..\Foundation\src\NumericString.cpp">
      <Filter>Core\Source Files</Filter>
    </ClCompile>
    <ClCompile Include="..\..\Foundation\src\Path.cpp">
      <Filter>Filesystem\Source Files</Filter>
    </ClCompile>
    <ClCompile Include="..\..\Foundation\src\PatternFormatter.cpp">
      <Filter>Logging\Source Files</Filter>
    </ClCompile>
    <ClCompile Include="..\..\Foundation\src\Pipe.cpp">
      <Filter>Processes\Source Files</Filter>
    </ClCompile>
    <ClCompile Include="..\..\Foundation\src\PipeImpl.cpp">
      <Filter>Processes\Source Files</Filter>
    </ClCompile>
    <ClCompile Include="..\..\Foundation\src\PipeStream.cpp">
      <Filter>Processes\Source Files</Filter>
    </ClCompile>
    <ClCompile Include="..\..\Foundation\src\PriorityNotificationQueue.cpp">
      <Filter>Notifications\Source Files</Filter>
    </ClCompile>
    <ClCompile Include="..\..\Foundation\src\Process.cpp">
      <Filter>Processes\Source Files</Filter>
    </ClCompile>
    <ClCompile Include="..\..\Foundation\src\PurgeStrategy.cpp">
      <Filter>Logging\Source Files</Filter>
    </ClCompile>
    <ClCompile Include="..\..\Foundation\src\RWLock.cpp">
      <Filter>Threading\Source Files</Filter>
    </ClCompile>
    <ClCompile Include="..\..\Foundation\src\Random.cpp">
      <Filter>Crypt\Source Files</Filter>
    </ClCompile>
    <ClCompile Include="..\..\Foundation\src\RandomStream.cpp">
      <Filter>Crypt\Source Files</Filter>
    </ClCompile>
    <ClCompile Include="..\..\Foundation\src\RefCountedObject.cpp">
      <Filter>Core\Source Files</Filter>
    </ClCompile>
    <ClCompile Include="..\..\Foundation\src\RegularExpression.cpp">
      <Filter>RegExp\Source Files</Filter>
    </ClCompile>
    <ClCompile Include="..\..\Foundation\src\RotateStrategy.cpp">
      <Filter>Logging\Source Files</Filter>
    </ClCompile>
    <ClCompile Include="..\..\Foundation\src\Runnable.cpp">
      <Filter>Threading\Source Files</Filter>
    </ClCompile>
    <ClCompile Include="..\..\Foundation\src\SHA1Engine.cpp">
      <Filter>Crypt\Source Files</Filter>
    </ClCompile>
    <ClCompile Include="..\..\Foundation\src\SHA2Engine.cpp">
      <Filter>Crypt\Source Files</Filter>
    </ClCompile>
    <ClCompile Include="..\..\Foundation\src\Semaphore.cpp">
      <Filter>Threading\Source Files</Filter>
    </ClCompile>
    <ClCompile Include="..\..\Foundation\src\SharedLibrary.cpp">
      <Filter>SharedLibrary\Source Files</Filter>
    </ClCompile>
    <ClCompile Include="..\..\Foundation\src\SharedMemory.cpp">
      <Filter>Processes\Source Files</Filter>
    </ClCompile>
    <ClCompile Include="..\..\Foundation\src\SignalHandler.cpp">
      <Filter>Threading\Source Files</Filter>
    </ClCompile>
    <ClCompile Include="..\..\Foundation\src\SimpleFileChannel.cpp">
      <Filter>Logging\Source Files</Filter>
    </ClCompile>
    <ClCompile Include="..\..\Foundation\src\SortedDirectoryIterator.cpp">
      <Filter>Filesystem\Source Files</Filter>
    </ClCompile>
    <ClCompile Include="..\..\Foundation\src\SplitterChannel.cpp">
      <Filter>Logging\Source Files</Filter>
    </ClCompile>
    <ClCompile Include="..\..\Foundation\src\Stopwatch.cpp">
      <Filter>DateTime\Source Files</Filter>
    </ClCompile>
    <ClCompile Include="..\..\Foundation\src\StreamChannel.cpp">
      <Filter>Logging\Source Files</Filter>
    </ClCompile>
    <ClCompile Include="..\..\Foundation\src\StreamConverter.cpp">
      <Filter>Text\Source Files</Filter>
    </ClCompile>
    <ClCompile Include="..\..\Foundation\src\StreamCopier.cpp">
      <Filter>Streams\Source Files</Filter>
    </ClCompile>
    <ClCompile Include="..\..\Foundation\src\StreamTokenizer.cpp">
      <Filter>Streams\Source Files</Filter>
    </ClCompile>
    <ClCompile Include="..\..\Foundation\src\String.cpp">
      <Filter>Core\Source Files</Filter>
    </ClCompile>
    <ClCompile Include="..\..\Foundation\src\StringTokenizer.cpp">
      <Filter>Core\Source Files</Filter>
    </ClCompile>
    <ClCompile Include="..\..\Foundation\src\SynchronizedObject.cpp">
      <Filter>Threading\Source Files</Filter>
    </ClCompile>
    <ClCompile Include="..\..\Foundation\src\Task.cpp">
      <Filter>Tasks\Source Files</Filter>
    </ClCompile>
    <ClCompile Include="..\..\Foundation\src\TaskManager.cpp">
      <Filter>Tasks\Source Files</Filter>
    </ClCompile>
    <ClCompile Include="..\..\Foundation\src\TaskNotification.cpp">
      <Filter>Tasks\Source Files</Filter>
    </ClCompile>
    <ClCompile Include="..\..\Foundation\src\TeeStream.cpp">
      <Filter>Streams\Source Files</Filter>
    </ClCompile>
    <ClCompile Include="..\..\Foundation\src\TemporaryFile.cpp">
      <Filter>Filesystem\Source Files</Filter>
    </ClCompile>
    <ClCompile Include="..\..\Foundation\src\TextBufferIterator.cpp">
      <Filter>Text\Source Files</Filter>
    </ClCompile>
    <ClCompile Include="..\..\Foundation\src\TextConverter.cpp">
      <Filter>Text\Source Files</Filter>
    </ClCompile>
    <ClCompile Include="..\..\Foundation\src\TextEncoding.cpp">
      <Filter>Text\Source Files</Filter>
    </ClCompile>
    <ClCompile Include="..\..\Foundation\src\TextIterator.cpp">
      <Filter>Text\Source Files</Filter>
    </ClCompile>
    <ClCompile Include="..\..\Foundation\src\Thread.cpp">
      <Filter>Threading\Source Files</Filter>
    </ClCompile>
    <ClCompile Include="..\..\Foundation\src\ThreadLocal.cpp">
      <Filter>Threading\Source Files</Filter>
    </ClCompile>
    <ClCompile Include="..\..\Foundation\src\ThreadPool.cpp">
      <Filter>Threading\Source Files</Filter>
    </ClCompile>
    <ClCompile Include="..\..\Foundation\src\ThreadTarget.cpp">
      <Filter>Threading\Source Files</Filter>
    </ClCompile>
    <ClCompile Include="..\..\Foundation\src\TimedNotificationQueue.cpp">
      <Filter>Notifications\Source Files</Filter>
    </ClCompile>
    <ClCompile Include="..\..\Foundation\src\Timer.cpp">
      <Filter>Threading\Source Files</Filter>
    </ClCompile>
    <ClCompile Include="..\..\Foundation\src\Timespan.cpp">
      <Filter>DateTime\Source Files</Filter>
    </ClCompile>
    <ClCompile Include="..\..\Foundation\src\Timestamp.cpp">
      <Filter>DateTime\Source Files</Filter>
    </ClCompile>
    <ClCompile Include="..\..\Foundation\src\Timezone.cpp">
      <Filter>DateTime\Source Files</Filter>
    </ClCompile>
    <ClCompile Include="..\..\Foundation\src\Token.cpp">
      <Filter>Streams\Source Files</Filter>
    </ClCompile>
    <ClCompile Include="..\..\Foundation\src\URI.cpp">
      <Filter>URI\Source Files</Filter>
    </ClCompile>
    <ClCompile Include="..\..\Foundation\src\URIStreamFactory.cpp">
      <Filter>URI\Source Files</Filter>
    </ClCompile>
    <ClCompile Include="..\..\Foundation\src\URIStreamOpener.cpp">
      <Filter>URI\Source Files</Filter>
    </ClCompile>
    <ClCompile Include="..\..\Foundation\src\UTF16Encoding.cpp">
      <Filter>Text\Source Files</Filter>
    </ClCompile>
    <ClCompile Include="..\..\Foundation\src\UTF32Encoding.cpp">
      <Filter>Text\Source Files</Filter>
    </ClCompile>
    <ClCompile Include="..\..\Foundation\src\UTF8Encoding.cpp">
      <Filter>Text\Source Files</Filter>
    </ClCompile>
    <ClCompile Include="..\..\Foundation\src\UTF8String.cpp">
      <Filter>Text\Source Files</Filter>
    </ClCompile>
    <ClCompile Include="..\..\Foundation\src\UUID.cpp">
      <Filter>UUID\Source Files</Filter>
    </ClCompile>
    <ClCompile Include="..\..\Foundation\src\UUIDGenerator.cpp">
      <Filter>UUID\Source Files</Filter>
    </ClCompile>
    <ClCompile Include="..\..\Foundation\src\Unicode.cpp">
      <Filter>Text\Source Files</Filter>
    </ClCompile>
    <ClCompile Include="..\..\Foundation\src\UnicodeConverter.cpp">
      <Filter>Text\Source Files</Filter>
    </ClCompile>
    <ClCompile Include="..\..\Foundation\src\Var.cpp">
      <Filter>Core\Source Files</Filter>
    </ClCompile>
    <ClCompile Include="..\..\Foundation\src\VarHolder.cpp">
      <Filter>Core\Source Files</Filter>
    </ClCompile>
    <ClCompile Include="..\..\Foundation\src\VarIterator.cpp">
      <Filter>Dynamic\Source Files</Filter>
    </ClCompile>
    <ClCompile Include="..\..\Foundation\src\Void.cpp">
      <Filter>Core\Source Files</Filter>
    </ClCompile>
    <ClCompile Include="..\..\Foundation\src\Windows1250Encoding.cpp">
      <Filter>Text\Source Files</Filter>
    </ClCompile>
    <ClCompile Include="..\..\Foundation\src\Windows1251Encoding.cpp">
      <Filter>Text\Source Files</Filter>
    </ClCompile>
    <ClCompile Include="..\..\Foundation\src\Windows1252Encoding.cpp">
      <Filter>Text\Source Files</Filter>
    </ClCompile>
    <ClCompile Include="..\..\Foundation\src\WindowsConsoleChannel.cpp">
      <Filter>Logging\Source Files</Filter>
    </ClCompile>
    <ClCompile Include="..\..\Foundation\src\pcre_config.c">
      <Filter>pcre\Source Files</Filter>
    </ClCompile>
    <ClCompile Include="..\..\Foundation\src\pcre_byte_order.c">
      <Filter>pcre\Source Files</Filter>
    </ClCompile>
    <ClCompile Include="..\..\Foundation\src\pcre_chartables.c">
      <Filter>pcre\Source Files</Filter>
    </ClCompile>
    <ClCompile Include="..\..\Foundation\src\pcre_compile.c">
      <Filter>pcre\Source Files</Filter>
    </ClCompile>
    <ClCompile Include="..\..\Foundation\src\pcre_exec.c">
      <Filter>pcre\Source Files</Filter>
    </ClCompile>
    <ClCompile Include="..\..\Foundation\src\pcre_fullinfo.c">
      <Filter>pcre\Source Files</Filter>
    </ClCompile>
    <ClCompile Include="..\..\Foundation\src\pcre_globals.c">
      <Filter>pcre\Source Files</Filter>
    </ClCompile>
    <ClCompile Include="..\..\Foundation\src\pcre_maketables.c">
      <Filter>pcre\Source Files</Filter>
    </ClCompile>
    <ClCompile Include="..\..\Foundation\src\pcre_newline.c">
      <Filter>pcre\Source Files</Filter>
    </ClCompile>
    <ClCompile Include="..\..\Foundation\src\pcre_ord2utf8.c">
      <Filter>pcre\Source Files</Filter>
    </ClCompile>
    <ClCompile Include="..\..\Foundation\src\pcre_study.c">
      <Filter>pcre\Source Files</Filter>
    </ClCompile>
    <ClCompile Include="..\..\Foundation\src\pcre_tables.c">
      <Filter>pcre\Source Files</Filter>
    </ClCompile>
    <ClCompile Include="..\..\Foundation\src\pcre_dfa_exec.c">
      <Filter>pcre\Source Files</Filter>
    </ClCompile>
    <ClCompile Include="..\..\Foundation\src\pcre_get.c">
      <Filter>pcre\Source Files</Filter>
    </ClCompile>
    <ClCompile Include="..\..\Foundation\src\pcre_jit_compile.c">
      <Filter>pcre\Source Files</Filter>
    </ClCompile>
    <ClCompile Include="..\..\Foundation\src\pcre_refcount.c">
      <Filter>pcre\Source Files</Filter>
    </ClCompile>
    <ClCompile Include="..\..\Foundation\src\pcre_string_utils.c">
      <Filter>pcre\Source Files</Filter>
    </ClCompile>
    <ClCompile Include="..\..\Foundation\src\pcre_version.c">
      <Filter>pcre\Source Files</Filter>
    </ClCompile>
    <ClCompile Include="..\..\Foundation\src\pcre_ucd.c">
      <Filter>pcre\Source Files</Filter>
    </ClCompile>
    <ClCompile Include="..\..\Foundation\src\pcre_valid_utf8.c">
      <Filter>pcre\Source Files</Filter>
    </ClCompile>
    <ClCompile Include="..\..\Foundation\src\pcre_xclass.c">
      <Filter>pcre\Source Files</Filter>
    </ClCompile>
    <ClCompile Include="..\..\Foundation\src\adler32.c">
      <Filter>zlib\Source Files</Filter>
    </ClCompile>
    <ClCompile Include="..\..\Foundation\src\compress.c">
      <Filter>zlib\Source Files</Filter>
    </ClCompile>
    <ClCompile Include="..\..\Foundation\src\crc32.c">
      <Filter>zlib\Source Files</Filter>
    </ClCompile>
    <ClCompile Include="..\..\Foundation\src\deflate.c">
      <Filter>zlib\Source Files</Filter>
    </ClCompile>
    <ClCompile Include="..\..\Foundation\src\infback.c">
      <Filter>zlib\Source Files</Filter>
    </ClCompile>
    <ClCompile Include="..\..\Foundation\src\inffast.c">
      <Filter>zlib\Source Files</Filter>
    </ClCompile>
    <ClCompile Include="..\..\Foundation\src\inflate.c">
      <Filter>zlib\Source Files</Filter>
    </ClCompile>
    <ClCompile Include="..\..\Foundation\src\inftrees.c">
      <Filter>zlib\Source Files</Filter>
    </ClCompile>
    <ClCompile Include="..\..\Foundation\src\trees.c">
      <Filter>zlib\Source Files</Filter>
    </ClCompile>
    <ClCompile Include="..\..\Foundation\src\zutil.c">
      <Filter>zlib\Source Files</Filter>
    </ClCompile>
  </ItemGroup>
  <ItemGroup>
    <ClInclude Include="..\..\Foundation\src\DirectoryIterator_UNIX.cpp">
      <Filter>Filesystem\Source Files</Filter>
    </ClInclude>
    <ClInclude Include="..\..\Foundation\src\DirectoryIterator_WIN32U.cpp">
      <Filter>Filesystem\Source Files</Filter>
    </ClInclude>
    <ClInclude Include="..\..\Foundation\src\Environment_UNIX.cpp">
      <Filter>Core\Source Files</Filter>
    </ClInclude>
    <ClInclude Include="..\..\Foundation\src\Environment_VX.cpp">
      <Filter>Core\Source Files</Filter>
    </ClInclude>
    <ClInclude Include="..\..\Foundation\src\Environment_WIN32U.cpp">
      <Filter>Core\Source Files</Filter>
    </ClInclude>
    <ClInclude Include="..\..\Foundation\src\Environment_WINCE.cpp">
      <Filter>Core\Source Files</Filter>
    </ClInclude>
    <ClInclude Include="..\..\Foundation\src\Event_POSIX.cpp">
      <Filter>Threading\Source Files</Filter>
    </ClInclude>
    <ClInclude Include="..\..\Foundation\src\Event_VX.cpp">
      <Filter>Threading\Source Files</Filter>
    </ClInclude>
    <ClInclude Include="..\..\Foundation\src\Event_WIN32.cpp">
      <Filter>Threading\Source Files</Filter>
    </ClInclude>
    <ClInclude Include="..\..\Foundation\src\FPEnvironment_C99.cpp">
      <Filter>Core\Source Files</Filter>
    </ClInclude>
    <ClInclude Include="..\..\Foundation\src\FPEnvironment_DEC.cpp">
      <Filter>Core\Source Files</Filter>
    </ClInclude>
    <ClInclude Include="..\..\Foundation\src\FPEnvironment_DUMMY.cpp">
      <Filter>Core\Source Files</Filter>
    </ClInclude>
    <ClInclude Include="..\..\Foundation\src\FPEnvironment_QNX.cpp">
      <Filter>Core\Source Files</Filter>
    </ClInclude>
    <ClInclude Include="..\..\Foundation\src\FPEnvironment_SUN.cpp">
      <Filter>Core\Source Files</Filter>
    </ClInclude>
    <ClInclude Include="..\..\Foundation\src\FPEnvironment_WIN32.cpp">
      <Filter>Core\Source Files</Filter>
    </ClInclude>
    <ClInclude Include="..\..\Foundation\src\FileStream_POSIX.cpp">
      <Filter>Streams\Source Files</Filter>
    </ClInclude>
    <ClInclude Include="..\..\Foundation\src\FileStream_WIN32.cpp">
      <Filter>Streams\Source Files</Filter>
    </ClInclude>
    <ClInclude Include="..\..\Foundation\src\File_UNIX.cpp">
      <Filter>Filesystem\Source Files</Filter>
    </ClInclude>
    <ClInclude Include="..\..\Foundation\src\File_VX.cpp">
      <Filter>Filesystem\Source Files</Filter>
    </ClInclude>
    <ClInclude Include="..\..\Foundation\src\File_WIN32U.cpp">
      <Filter>Filesystem\Source Files</Filter>
    </ClInclude>
    <ClInclude Include="..\..\Foundation\src\File_WINCE.cpp">
      <Filter>Filesystem\Source Files</Filter>
    </ClInclude>
    <ClInclude Include="..\..\Foundation\src\LogFile_STD.cpp">
      <Filter>Logging\Source Files</Filter>
    </ClInclude>
    <ClInclude Include="..\..\Foundation\src\LogFile_WIN32U.cpp">
      <Filter>Logging\Source Files</Filter>
    </ClInclude>
    <ClInclude Include="..\..\Foundation\src\Mutex_POSIX.cpp">
      <Filter>Threading\Source Files</Filter>
    </ClInclude>
    <ClInclude Include="..\..\Foundation\src\Mutex_VX.cpp">
      <Filter>Threading\Source Files</Filter>
    </ClInclude>
    <ClInclude Include="..\..\Foundation\src\Mutex_WIN32.cpp">
      <Filter>Threading\Source Files</Filter>
    </ClInclude>
    <ClInclude Include="..\..\Foundation\src\Mutex_WINCE.cpp">
      <Filter>Threading\Source Files</Filter>
    </ClInclude>
    <ClInclude Include="..\..\Foundation\src\NamedEvent_Android.cpp">
      <Filter>Processes\Source Files</Filter>
    </ClInclude>
    <ClInclude Include="..\..\Foundation\src\NamedEvent_UNIX.cpp">
      <Filter>Processes\Source Files</Filter>
    </ClInclude>
    <ClInclude Include="..\..\Foundation\src\NamedEvent_WIN32U.cpp">
      <Filter>Processes\Source Files</Filter>
    </ClInclude>
    <ClInclude Include="..\..\Foundation\src\NamedMutex_Android.cpp">
      <Filter>Processes\Source Files</Filter>
    </ClInclude>
    <ClInclude Include="..\..\Foundation\src\NamedMutex_UNIX.cpp">
      <Filter>Processes\Source Files</Filter>
    </ClInclude>
    <ClInclude Include="..\..\Foundation\src\NamedMutex_WIN32U.cpp">
      <Filter>Processes\Source Files</Filter>
    </ClInclude>
    <ClInclude Include="..\..\Foundation\src\Path_UNIX.cpp">
      <Filter>Filesystem\Source Files</Filter>
    </ClInclude>
    <ClInclude Include="..\..\Foundation\src\Path_WIN32U.cpp">
      <Filter>Filesystem\Source Files</Filter>
    </ClInclude>
    <ClInclude Include="..\..\Foundation\src\Path_WINCE.cpp">
      <Filter>Filesystem\Source Files</Filter>
    </ClInclude>
    <ClInclude Include="..\..\Foundation\src\PipeImpl_DUMMY.cpp">
      <Filter>Processes\Source Files</Filter>
    </ClInclude>
    <ClInclude Include="..\..\Foundation\src\PipeImpl_POSIX.cpp">
      <Filter>Processes\Source Files</Filter>
    </ClInclude>
    <ClInclude Include="..\..\Foundation\src\PipeImpl_WIN32.cpp">
      <Filter>Processes\Source Files</Filter>
    </ClInclude>
    <ClInclude Include="..\..\Foundation\src\Process_UNIX.cpp">
      <Filter>Processes\Source Files</Filter>
    </ClInclude>
    <ClInclude Include="..\..\Foundation\src\Process_VX.cpp">
      <Filter>Processes\Source Files</Filter>
    </ClInclude>
    <ClInclude Include="..\..\Foundation\src\Process_WIN32U.cpp">
      <Filter>Processes\Source Files</Filter>
    </ClInclude>
    <ClInclude Include="..\..\Foundation\src\Process_WINCE.cpp">
      <Filter>Processes\Source Files</Filter>
    </ClInclude>
    <ClInclude Include="..\..\Foundation\src\RWLock_Android.cpp">
      <Filter>Threading\Source Files</Filter>
    </ClInclude>
    <ClInclude Include="..\..\Foundation\src\RWLock_POSIX.cpp">
      <Filter>Threading\Source Files</Filter>
    </ClInclude>
    <ClInclude Include="..\..\Foundation\src\RWLock_VX.cpp">
      <Filter>Threading\Source Files</Filter>
    </ClInclude>
    <ClInclude Include="..\..\Foundation\src\RWLock_WIN32.cpp">
      <Filter>Threading\Source Files</Filter>
    </ClInclude>
    <ClInclude Include="..\..\Foundation\src\RWLock_WINCE.cpp">
      <Filter>Threading\Source Files</Filter>
    </ClInclude>
    <ClInclude Include="..\..\Foundation\src\Semaphore_POSIX.cpp">
      <Filter>Threading\Source Files</Filter>
    </ClInclude>
    <ClInclude Include="..\..\Foundation\src\Semaphore_VX.cpp">
      <Filter>Threading\Source Files</Filter>
    </ClInclude>
    <ClInclude Include="..\..\Foundation\src\Semaphore_WIN32.cpp">
      <Filter>Threading\Source Files</Filter>
    </ClInclude>
    <ClInclude Include="..\..\Foundation\src\SharedLibrary_HPUX.cpp">
      <Filter>SharedLibrary\Source Files</Filter>
    </ClInclude>
    <ClInclude Include="..\..\Foundation\src\SharedLibrary_UNIX.cpp">
      <Filter>SharedLibrary\Source Files</Filter>
    </ClInclude>
    <ClInclude Include="..\..\Foundation\src\SharedLibrary_VX.cpp">
      <Filter>SharedLibrary\Source Files</Filter>
    </ClInclude>
    <ClInclude Include="..\..\Foundation\src\SharedLibrary_WIN32U.cpp">
      <Filter>SharedLibrary\Source Files</Filter>
    </ClInclude>
    <ClInclude Include="..\..\Foundation\src\SharedMemory_DUMMY.cpp">
      <Filter>Processes\Source Files</Filter>
    </ClInclude>
    <ClInclude Include="..\..\Foundation\src\SharedMemory_POSIX.cpp">
      <Filter>Processes\Source Files</Filter>
    </ClInclude>
    <ClInclude Include="..\..\Foundation\src\SharedMemory_WIN32.cpp">
      <Filter>Processes\Source Files</Filter>
    </ClInclude>
    <ClInclude Include="..\..\Foundation\src\SyslogChannel.cpp">
      <Filter>Logging\Source Files</Filter>
    </ClInclude>
    <ClInclude Include="..\..\Foundation\src\Thread_POSIX.cpp">
      <Filter>Threading\Source Files</Filter>
    </ClInclude>
    <ClInclude Include="..\..\Foundation\src\Thread_VX.cpp">
      <Filter>Threading\Source Files</Filter>
    </ClInclude>
    <ClInclude Include="..\..\Foundation\src\Thread_WIN32.cpp">
      <Filter>Threading\Source Files</Filter>
    </ClInclude>
    <ClInclude Include="..\..\Foundation\src\Thread_WINCE.cpp">
      <Filter>Threading\Source Files</Filter>
    </ClInclude>
    <ClInclude Include="..\..\Foundation\src\Timezone_UNIX.cpp">
      <Filter>DateTime\Source Files</Filter>
    </ClInclude>
    <ClInclude Include="..\..\Foundation\src\Timezone_VX.cpp">
      <Filter>DateTime\Source Files</Filter>
    </ClInclude>
    <ClInclude Include="..\..\Foundation\src\Timezone_WIN32.cpp">
      <Filter>DateTime\Source Files</Filter>
    </ClInclude>
    <ClInclude Include="..\..\Foundation\src\Timezone_WINCE.cpp">
      <Filter>DateTime\Source Files</Filter>
    </ClInclude>
    <ClInclude Include="..\..\Foundation\include\Poco\ASCIIEncoding.h">
      <Filter>Text\Header Files</Filter>
    </ClInclude>
    <ClInclude Include="..\..\Foundation\include\Poco\AbstractCache.h">
      <Filter>Cache\Header Files</Filter>
    </ClInclude>
    <ClInclude Include="..\..\Foundation\include\Poco\AbstractDelegate.h">
      <Filter>Events\Header Files</Filter>
    </ClInclude>
    <ClInclude Include="..\..\Foundation\include\Poco\AbstractEvent.h">
      <Filter>Events\Header Files</Filter>
    </ClInclude>
    <ClInclude Include="..\..\Foundation\include\Poco\AbstractObserver.h">
      <Filter>Notifications\Header Files</Filter>
    </ClInclude>
    <ClInclude Include="..\..\Foundation\include\Poco\AbstractPriorityDelegate.h">
      <Filter>Events\Header Files</Filter>
    </ClInclude>
    <ClInclude Include="..\..\Foundation\include\Poco\AbstractStrategy.h">
      <Filter>Cache\Header Files</Filter>
    </ClInclude>
    <ClInclude Include="..\..\Foundation\include\Poco\AccessExpirationDecorator.h">
      <Filter>Cache\Header Files</Filter>
    </ClInclude>
    <ClInclude Include="..\..\Foundation\include\Poco\AccessExpireCache.h">
      <Filter>Cache\Header Files</Filter>
    </ClInclude>
    <ClInclude Include="..\..\Foundation\include\Poco\AccessExpireLRUCache.h">
      <Filter>Cache\Header Files</Filter>
    </ClInclude>
    <ClInclude Include="..\..\Foundation\include\Poco\AccessExpireStrategy.h">
      <Filter>Cache\Header Files</Filter>
    </ClInclude>
    <ClInclude Include="..\..\Foundation\include\Poco\ActiveDispatcher.h">
      <Filter>Threading\Header Files</Filter>
    </ClInclude>
    <ClInclude Include="..\..\Foundation\include\Poco\ActiveMethod.h">
      <Filter>Threading\Header Files</Filter>
    </ClInclude>
    <ClInclude Include="..\..\Foundation\include\Poco\ActiveResult.h">
      <Filter>Threading\Header Files</Filter>
    </ClInclude>
    <ClInclude Include="..\..\Foundation\include\Poco\ActiveRunnable.h">
      <Filter>Threading\Header Files</Filter>
    </ClInclude>
    <ClInclude Include="..\..\Foundation\include\Poco\ActiveStarter.h">
      <Filter>Threading\Header Files</Filter>
    </ClInclude>
    <ClInclude Include="..\..\Foundation\include\Poco\Activity.h">
      <Filter>Threading\Header Files</Filter>
    </ClInclude>
    <ClInclude Include="..\..\Foundation\include\Poco\Alignment.h">
      <Filter>Dynamic\Header Files</Filter>
    </ClInclude>
    <ClInclude Include="..\..\Foundation\include\Poco\Any.h">
      <Filter>Core\Header Files</Filter>
    </ClInclude>
    <ClInclude Include="..\..\Foundation\include\Poco\ArchiveStrategy.h">
      <Filter>Logging\Header Files</Filter>
    </ClInclude>
    <ClInclude Include="..\..\Foundation\include\Poco\Array.h">
      <Filter>Core\Header Files</Filter>
    </ClInclude>
    <ClInclude Include="..\..\Foundation\include\Poco\Ascii.h">
      <Filter>Core\Header Files</Filter>
    </ClInclude>
    <ClInclude Include="..\..\Foundation\include\Poco\AsyncChannel.h">
      <Filter>Logging\Header Files</Filter>
    </ClInclude>
    <ClInclude Include="..\..\Foundation\include\Poco\AtomicCounter.h">
      <Filter>Core\Header Files</Filter>
    </ClInclude>
    <ClInclude Include="..\..\Foundation\include\Poco\AtomicFlag.h">
      <Filter>Core\Header Files</Filter>
    </ClInclude>
    <ClInclude Include="..\..\Foundation\include\Poco\AutoPtr.h">
      <Filter>Core\Header Files</Filter>
    </ClInclude>
    <ClInclude Include="..\..\Foundation\include\Poco\AutoReleasePool.h">
      <Filter>Core\Header Files</Filter>
    </ClInclude>
    <ClInclude Include="..\..\Foundation\include\Poco\Base32Decoder.h">
      <Filter>Streams\Header Files</Filter>
    </ClInclude>
    <ClInclude Include="..\..\Foundation\include\Poco\Base32Encoder.h">
      <Filter>Streams\Header Files</Filter>
    </ClInclude>
    <ClInclude Include="..\..\Foundation\include\Poco\Base64Decoder.h">
      <Filter>Streams\Header Files</Filter>
    </ClInclude>
    <ClInclude Include="..\..\Foundation\include\Poco\Base64Encoder.h">
      <Filter>Streams\Header Files</Filter>
    </ClInclude>
    <ClInclude Include="..\..\Foundation\include\Poco\BasicEvent.h">
      <Filter>Events\Header Files</Filter>
    </ClInclude>
    <ClInclude Include="..\..\Foundation\include\Poco\BinaryReader.h">
      <Filter>Streams\Header Files</Filter>
    </ClInclude>
    <ClInclude Include="..\..\Foundation\include\Poco\BinaryWriter.h">
      <Filter>Streams\Header Files</Filter>
    </ClInclude>
    <ClInclude Include="..\..\Foundation\include\Poco\Buffer.h">
      <Filter>Core\Header Files</Filter>
    </ClInclude>
    <ClInclude Include="..\..\Foundation\include\Poco\BufferAllocator.h">
      <Filter>Streams\Header Files</Filter>
    </ClInclude>
    <ClInclude Include="..\..\Foundation\include\Poco\BufferedBidirectionalStreamBuf.h">
      <Filter>Streams\Header Files</Filter>
    </ClInclude>
    <ClInclude Include="..\..\Foundation\include\Poco\BufferedStreamBuf.h">
      <Filter>Streams\Header Files</Filter>
    </ClInclude>
    <ClInclude Include="..\..\Foundation\include\Poco\Bugcheck.h">
      <Filter>Core\Header Files</Filter>
    </ClInclude>
    <ClInclude Include="..\..\Foundation\include\Poco\ByteOrder.h">
      <Filter>Core\Header Files</Filter>
    </ClInclude>
    <ClInclude Include="..\..\Foundation\include\Poco\Channel.h">
      <Filter>Logging\Header Files</Filter>
    </ClInclude>
    <ClInclude Include="..\..\Foundation\include\Poco\Checksum.h">
      <Filter>Core\Header Files</Filter>
    </ClInclude>
    <ClInclude Include="..\..\Foundation\include\Poco\ClassLibrary.h">
      <Filter>SharedLibrary\Header Files</Filter>
    </ClInclude>
    <ClInclude Include="..\..\Foundation\include\Poco\ClassLoader.h">
      <Filter>SharedLibrary\Header Files</Filter>
    </ClInclude>
    <ClInclude Include="..\..\Foundation\include\Poco\Clock.h">
      <Filter>DateTime\Header Files</Filter>
    </ClInclude>
    <ClInclude Include="..\..\Foundation\include\Poco\Condition.h">
      <Filter>Threading\Header Files</Filter>
    </ClInclude>
    <ClInclude Include="..\..\Foundation\include\Poco\Config.h">
      <Filter>Core\Header Files</Filter>
    </ClInclude>
    <ClInclude Include="..\..\Foundation\include\Poco\Configurable.h">
      <Filter>Logging\Header Files</Filter>
    </ClInclude>
    <ClInclude Include="..\..\Foundation\include\Poco\ConsoleChannel.h">
      <Filter>Logging\Header Files</Filter>
    </ClInclude>
    <ClInclude Include="..\..\Foundation\include\Poco\CountingStream.h">
      <Filter>Streams\Header Files</Filter>
    </ClInclude>
    <ClInclude Include="..\..\Foundation\include\Poco\DataURIStream.h">
      <Filter>Streams\Header Files</Filter>
    </ClInclude>
    <ClInclude Include="..\..\Foundation\include\Poco\DataURIStreamFactory.h">
      <Filter>URI\Header Files</Filter>
    </ClInclude>
    <ClInclude Include="..\..\Foundation\include\Poco\DateTime.h">
      <Filter>DateTime\Header Files</Filter>
    </ClInclude>
    <ClInclude Include="..\..\Foundation\include\Poco\DateTimeFormat.h">
      <Filter>DateTime\Header Files</Filter>
    </ClInclude>
    <ClInclude Include="..\..\Foundation\include\Poco\DateTimeFormatter.h">
      <Filter>DateTime\Header Files</Filter>
    </ClInclude>
    <ClInclude Include="..\..\Foundation\include\Poco\DateTimeParser.h">
      <Filter>DateTime\Header Files</Filter>
    </ClInclude>
    <ClInclude Include="..\..\Foundation\include\Poco\Debugger.h">
      <Filter>Core\Header Files</Filter>
    </ClInclude>
    <ClInclude Include="..\..\Foundation\include\Poco\DefaultStrategy.h">
      <Filter>Events\Header Files</Filter>
    </ClInclude>
    <ClInclude Include="..\..\Foundation\include\Poco\DeflatingStream.h">
      <Filter>Streams\Header Files</Filter>
    </ClInclude>
    <ClInclude Include="..\..\Foundation\include\Poco\Delegate.h">
      <Filter>Events\Header Files</Filter>
    </ClInclude>
    <ClInclude Include="..\..\Foundation\include\Poco\DigestEngine.h">
      <Filter>Crypt\Header Files</Filter>
    </ClInclude>
    <ClInclude Include="..\..\Foundation\include\Poco\DigestStream.h">
      <Filter>Crypt\Header Files</Filter>
    </ClInclude>
    <ClInclude Include="..\..\Foundation\include\Poco\DirectoryIterator.h">
      <Filter>Filesystem\Header Files</Filter>
    </ClInclude>
    <ClInclude Include="..\..\Foundation\include\Poco\DirectoryIteratorStrategy.h">
      <Filter>Filesystem\Header Files</Filter>
    </ClInclude>
    <ClInclude Include="..\..\Foundation\include\Poco\DirectoryIterator_UNIX.h">
      <Filter>Filesystem\Header Files</Filter>
    </ClInclude>
    <ClInclude Include="..\..\Foundation\include\Poco\DirectoryIterator_WIN32U.h">
      <Filter>Filesystem\Header Files</Filter>
    </ClInclude>
    <ClInclude Include="..\..\Foundation\include\Poco\DirectoryWatcher.h">
      <Filter>Filesystem\Header Files</Filter>
    </ClInclude>
    <ClInclude Include="..\..\Foundation\include\Poco\Dynamic\Pair.h">
      <Filter>Dynamic\Header Files</Filter>
    </ClInclude>
    <ClInclude Include="..\..\Foundation\include\Poco\Dynamic\Struct.h">
      <Filter>Dynamic\Header Files</Filter>
    </ClInclude>
    <ClInclude Include="..\..\Foundation\include\Poco\Dynamic\Var.h">
      <Filter>Dynamic\Header Files</Filter>
    </ClInclude>
    <ClInclude Include="..\..\Foundation\include\Poco\Dynamic\VarHolder.h">
      <Filter>Dynamic\Header Files</Filter>
    </ClInclude>
    <ClInclude Include="..\..\Foundation\include\Poco\Dynamic\VarIterator.h">
      <Filter>Dynamic\Header Files</Filter>
    </ClInclude>
    <ClInclude Include="..\..\Foundation\include\Poco\DynamicAny.h">
      <Filter>Dynamic\Header Files</Filter>
    </ClInclude>
    <ClInclude Include="..\..\Foundation\include\Poco\DynamicAnyHolder.h">
      <Filter>Dynamic\Header Files</Filter>
    </ClInclude>
    <ClInclude Include="..\..\Foundation\include\Poco\DynamicFactory.h">
      <Filter>Core\Header Files</Filter>
    </ClInclude>
    <ClInclude Include="..\..\Foundation\include\Poco\DynamicStruct.h">
      <Filter>Dynamic\Header Files</Filter>
    </ClInclude>
    <ClInclude Include="..\..\Foundation\include\Poco\Environment.h">
      <Filter>Core\Header Files</Filter>
    </ClInclude>
    <ClInclude Include="..\..\Foundation\include\Poco\Environment_UNIX.h">
      <Filter>Core\Header Files</Filter>
    </ClInclude>
    <ClInclude Include="..\..\Foundation\include\Poco\Environment_VX.h">
      <Filter>Core\Header Files</Filter>
    </ClInclude>
    <ClInclude Include="..\..\Foundation\include\Poco\Environment_WIN32U.h">
      <Filter>Core\Header Files</Filter>
    </ClInclude>
    <ClInclude Include="..\..\Foundation\include\Poco\Environment_WINCE.h">
      <Filter>Core\Header Files</Filter>
    </ClInclude>
    <ClInclude Include="..\..\Foundation\include\Poco\Error.h">
      <Filter>Core\Header Files</Filter>
    </ClInclude>
    <ClInclude Include="..\..\Foundation\include\Poco\ErrorHandler.h">
      <Filter>Threading\Header Files</Filter>
    </ClInclude>
    <ClInclude Include="..\..\Foundation\include\Poco\Event.h">
      <Filter>Threading\Header Files</Filter>
    </ClInclude>
    <ClInclude Include="..\..\Foundation\include\Poco\EventArgs.h">
      <Filter>Events\Header Files</Filter>
    </ClInclude>
    <ClInclude Include="..\..\Foundation\include\Poco\EventChannel.h">
      <Filter>Logging\Header Files</Filter>
    </ClInclude>
    <ClInclude Include="..\..\Foundation\include\Poco\EventLogChannel.h">
      <Filter>Logging\Header Files</Filter>
    </ClInclude>
    <ClInclude Include="..\..\Foundation\include\Poco\Event_POSIX.h">
      <Filter>Threading\Header Files</Filter>
    </ClInclude>
    <ClInclude Include="..\..\Foundation\include\Poco\Event_VX.h">
      <Filter>Threading\Header Files</Filter>
    </ClInclude>
    <ClInclude Include="..\..\Foundation\include\Poco\Event_WIN32.h">
      <Filter>Threading\Header Files</Filter>
    </ClInclude>
    <ClInclude Include="..\..\Foundation\include\Poco\Exception.h">
      <Filter>Core\Header Files</Filter>
    </ClInclude>
    <ClInclude Include="..\..\Foundation\include\Poco\ExpirationDecorator.h">
      <Filter>Events\Header Files</Filter>
    </ClInclude>
    <ClInclude Include="..\..\Foundation\include\Poco\Expire.h">
      <Filter>Events\Header Files</Filter>
    </ClInclude>
    <ClInclude Include="..\..\Foundation\include\Poco\ExpireCache.h">
      <Filter>Cache\Header Files</Filter>
    </ClInclude>
    <ClInclude Include="..\..\Foundation\include\Poco\ExpireLRUCache.h">
      <Filter>Cache\Header Files</Filter>
    </ClInclude>
    <ClInclude Include="..\..\Foundation\include\Poco\ExpireStrategy.h">
      <Filter>Cache\Header Files</Filter>
    </ClInclude>
    <ClInclude Include="..\..\Foundation\include\Poco\FIFOBuffer.h">
      <Filter>Core\Header Files</Filter>
    </ClInclude>
    <ClInclude Include="..\..\Foundation\include\Poco\FIFOBufferStream.h">
      <Filter>Streams\Header Files</Filter>
    </ClInclude>
    <ClInclude Include="..\..\Foundation\include\Poco\FIFOEvent.h">
      <Filter>Events\Header Files</Filter>
    </ClInclude>
    <ClInclude Include="..\..\Foundation\include\Poco\FIFOStrategy.h">
      <Filter>Events\Header Files</Filter>
    </ClInclude>
    <ClInclude Include="..\..\Foundation\include\Poco\FPEnvironment.h">
      <Filter>Core\Header Files</Filter>
    </ClInclude>
    <ClInclude Include="..\..\Foundation\include\Poco\FPEnvironment_C99.h">
      <Filter>Core\Header Files</Filter>
    </ClInclude>
    <ClInclude Include="..\..\Foundation\include\Poco\FPEnvironment_DEC.h">
      <Filter>Core\Header Files</Filter>
    </ClInclude>
    <ClInclude Include="..\..\Foundation\include\Poco\FPEnvironment_DUMMY.h">
      <Filter>Core\Header Files</Filter>
    </ClInclude>
    <ClInclude Include="..\..\Foundation\include\Poco\FPEnvironment_QNX.h">
      <Filter>Core\Header Files</Filter>
    </ClInclude>
    <ClInclude Include="..\..\Foundation\include\Poco\FPEnvironment_SUN.h">
      <Filter>Core\Header Files</Filter>
    </ClInclude>
    <ClInclude Include="..\..\Foundation\include\Poco\FPEnvironment_WIN32.h">
      <Filter>Core\Header Files</Filter>
    </ClInclude>
    <ClInclude Include="..\..\Foundation\include\Poco\File.h">
      <Filter>Filesystem\Header Files</Filter>
    </ClInclude>
    <ClInclude Include="..\..\Foundation\include\Poco\FileChannel.h">
      <Filter>Logging\Header Files</Filter>
    </ClInclude>
    <ClInclude Include="..\..\Foundation\include\Poco\FileStream.h">
      <Filter>Streams\Header Files</Filter>
    </ClInclude>
    <ClInclude Include="..\..\Foundation\include\Poco\FileStreamFactory.h">
      <Filter>URI\Header Files</Filter>
    </ClInclude>
    <ClInclude Include="..\..\Foundation\include\Poco\FileStream_POSIX.h">
      <Filter>Streams\Header Files</Filter>
    </ClInclude>
    <ClInclude Include="..\..\Foundation\include\Poco\FileStream_WIN32.h">
      <Filter>Streams\Header Files</Filter>
    </ClInclude>
    <ClInclude Include="..\..\Foundation\include\Poco\File_UNIX.h">
      <Filter>Filesystem\Header Files</Filter>
    </ClInclude>
    <ClInclude Include="..\..\Foundation\include\Poco\File_VX.h">
      <Filter>Filesystem\Header Files</Filter>
    </ClInclude>
    <ClInclude Include="..\..\Foundation\include\Poco\File_WIN32U.h">
      <Filter>Filesystem\Header Files</Filter>
    </ClInclude>
    <ClInclude Include="..\..\Foundation\include\Poco\File_WINCE.h">
      <Filter>Filesystem\Header Files</Filter>
    </ClInclude>
    <ClInclude Include="..\..\Foundation\include\Poco\Format.h">
      <Filter>Core\Header Files</Filter>
    </ClInclude>
    <ClInclude Include="..\..\Foundation\include\Poco\Formatter.h">
      <Filter>Logging\Header Files</Filter>
    </ClInclude>
    <ClInclude Include="..\..\Foundation\include\Poco\FormattingChannel.h">
      <Filter>Logging\Header Files</Filter>
    </ClInclude>
    <ClInclude Include="..\..\Foundation\include\Poco\Foundation.h">
      <Filter>Core\Header Files</Filter>
    </ClInclude>
    <ClInclude Include="..\..\Foundation\include\Poco\FunctionDelegate.h">
      <Filter>Events\Header Files</Filter>
    </ClInclude>
    <ClInclude Include="..\..\Foundation\include\Poco\FunctionPriorityDelegate.h">
      <Filter>Events\Header Files</Filter>
    </ClInclude>
    <ClInclude Include="..\..\Foundation\include\Poco\Glob.h">
      <Filter>Filesystem\Header Files</Filter>
    </ClInclude>
    <ClInclude Include="..\..\Foundation\include\Poco\HMACEngine.h">
      <Filter>Crypt\Header Files</Filter>
    </ClInclude>
    <ClInclude Include="..\..\Foundation\include\Poco\Hash.h">
      <Filter>Hashing\Header Files</Filter>
    </ClInclude>
    <ClInclude Include="..\..\Foundation\include\Poco\HashFunction.h">
      <Filter>Hashing\Header Files</Filter>
    </ClInclude>
    <ClInclude Include="..\..\Foundation\include\Poco\HashMap.h">
      <Filter>Hashing\Header Files</Filter>
    </ClInclude>
    <ClInclude Include="..\..\Foundation\include\Poco\HashSet.h">
      <Filter>Hashing\Header Files</Filter>
    </ClInclude>
    <ClInclude Include="..\..\Foundation\include\Poco\HashStatistic.h">
      <Filter>Hashing\Header Files</Filter>
    </ClInclude>
    <ClInclude Include="..\..\Foundation\include\Poco\HashTable.h">
      <Filter>Hashing\Header Files</Filter>
    </ClInclude>
    <ClInclude Include="..\..\Foundation\include\Poco\HexBinaryDecoder.h">
      <Filter>Streams\Header Files</Filter>
    </ClInclude>
    <ClInclude Include="..\..\Foundation\include\Poco\HexBinaryEncoder.h">
      <Filter>Streams\Header Files</Filter>
    </ClInclude>
    <ClInclude Include="..\..\Foundation\include\Poco\InflatingStream.h">
      <Filter>Streams\Header Files</Filter>
    </ClInclude>
    <ClInclude Include="..\..\Foundation\include\Poco\Instantiator.h">
      <Filter>Core\Header Files</Filter>
    </ClInclude>
    <ClInclude Include="..\..\Foundation\include\Poco\JSONString.h">
      <Filter>Core\Header Files</Filter>
    </ClInclude>
    <ClInclude Include="..\..\Foundation\include\Poco\KeyValueArgs.h">
      <Filter>Cache\Header Files</Filter>
    </ClInclude>
    <ClInclude Include="..\..\Foundation\include\Poco\LRUCache.h">
      <Filter>Cache\Header Files</Filter>
    </ClInclude>
    <ClInclude Include="..\..\Foundation\include\Poco\LRUStrategy.h">
      <Filter>Cache\Header Files</Filter>
    </ClInclude>
    <ClInclude Include="..\..\Foundation\include\Poco\Latin1Encoding.h">
      <Filter>Text\Header Files</Filter>
    </ClInclude>
    <ClInclude Include="..\..\Foundation\include\Poco\Latin2Encoding.h">
      <Filter>Text\Header Files</Filter>
    </ClInclude>
    <ClInclude Include="..\..\Foundation\include\Poco\Latin9Encoding.h">
      <Filter>Text\Header Files</Filter>
    </ClInclude>
    <ClInclude Include="..\..\Foundation\include\Poco\LineEndingConverter.h">
      <Filter>Streams\Header Files</Filter>
    </ClInclude>
    <ClInclude Include="..\..\Foundation\include\Poco\LinearHashTable.h">
      <Filter>Hashing\Header Files</Filter>
    </ClInclude>
    <ClInclude Include="..\..\Foundation\include\Poco\ListMap.h">
      <Filter>Core\Header Files</Filter>
    </ClInclude>
    <ClInclude Include="..\..\Foundation\include\Poco\LocalDateTime.h">
      <Filter>DateTime\Header Files</Filter>
    </ClInclude>
    <ClInclude Include="..\..\Foundation\include\Poco\LogFile.h">
      <Filter>Logging\Header Files</Filter>
    </ClInclude>
    <ClInclude Include="..\..\Foundation\include\Poco\LogFile_STD.h">
      <Filter>Logging\Header Files</Filter>
    </ClInclude>
    <ClInclude Include="..\..\Foundation\include\Poco\LogFile_WIN32U.h">
      <Filter>Logging\Header Files</Filter>
    </ClInclude>
    <ClInclude Include="..\..\Foundation\include\Poco\LogStream.h">
      <Filter>Logging\Header Files</Filter>
    </ClInclude>
    <ClInclude Include="..\..\Foundation\include\Poco\Logger.h">
      <Filter>Logging\Header Files</Filter>
    </ClInclude>
    <ClInclude Include="..\..\Foundation\include\Poco\LoggingFactory.h">
      <Filter>Logging\Header Files</Filter>
    </ClInclude>
    <ClInclude Include="..\..\Foundation\include\Poco\LoggingRegistry.h">
      <Filter>Logging\Header Files</Filter>
    </ClInclude>
    <ClInclude Include="..\..\Foundation\include\Poco\MD4Engine.h">
      <Filter>Crypt\Header Files</Filter>
    </ClInclude>
    <ClInclude Include="..\..\Foundation\include\Poco\MD5Engine.h">
      <Filter>Crypt\Header Files</Filter>
    </ClInclude>
    <ClInclude Include="..\..\Foundation\include\Poco\Manifest.h">
      <Filter>SharedLibrary\Header Files</Filter>
    </ClInclude>
    <ClInclude Include="..\..\Foundation\include\Poco\MemoryPool.h">
      <Filter>Core\Header Files</Filter>
    </ClInclude>
    <ClInclude Include="..\..\Foundation\include\Poco\MemoryStream.h">
      <Filter>Streams\Header Files</Filter>
    </ClInclude>
    <ClInclude Include="..\..\Foundation\include\Poco\Message.h">
      <Filter>Logging\Header Files</Filter>
    </ClInclude>
    <ClInclude Include="..\..\Foundation\include\Poco\MetaObject.h">
      <Filter>SharedLibrary\Header Files</Filter>
    </ClInclude>
    <ClInclude Include="..\..\Foundation\include\Poco\MetaProgramming.h">
      <Filter>Core\Header Files</Filter>
    </ClInclude>
    <ClInclude Include="..\..\Foundation\include\Poco\Mutex.h">
      <Filter>Threading\Header Files</Filter>
    </ClInclude>
    <ClInclude Include="..\..\Foundation\include\Poco\Mutex_POSIX.h">
      <Filter>Threading\Header Files</Filter>
    </ClInclude>
    <ClInclude Include="..\..\Foundation\include\Poco\Mutex_VX.h">
      <Filter>Threading\Header Files</Filter>
    </ClInclude>
    <ClInclude Include="..\..\Foundation\include\Poco\Mutex_WIN32.h">
      <Filter>Threading\Header Files</Filter>
    </ClInclude>
    <ClInclude Include="..\..\Foundation\include\Poco\Mutex_WINCE.h">
      <Filter>Threading\Header Files</Filter>
    </ClInclude>
    <ClInclude Include="..\..\Foundation\include\Poco\NObserver.h">
      <Filter>Notifications\Header Files</Filter>
    </ClInclude>
    <ClInclude Include="..\..\Foundation\include\Poco\NamedEvent.h">
      <Filter>Processes\Header Files</Filter>
    </ClInclude>
    <ClInclude Include="..\..\Foundation\include\Poco\NamedEvent_Android.h">
      <Filter>Processes\Header Files</Filter>
    </ClInclude>
    <ClInclude Include="..\..\Foundation\include\Poco\NamedEvent_UNIX.h">
      <Filter>Processes\Header Files</Filter>
    </ClInclude>
    <ClInclude Include="..\..\Foundation\include\Poco\NamedEvent_WIN32U.h">
      <Filter>Processes\Header Files</Filter>
    </ClInclude>
    <ClInclude Include="..\..\Foundation\include\Poco\NamedMutex.h">
      <Filter>Processes\Header Files</Filter>
    </ClInclude>
    <ClInclude Include="..\..\Foundation\include\Poco\NamedMutex_Android.h">
      <Filter>Processes\Header Files</Filter>
    </ClInclude>
    <ClInclude Include="..\..\Foundation\include\Poco\NamedMutex_UNIX.h">
      <Filter>Processes\Header Files</Filter>
    </ClInclude>
    <ClInclude Include="..\..\Foundation\include\Poco\NamedMutex_WIN32U.h">
      <Filter>Processes\Header Files</Filter>
    </ClInclude>
    <ClInclude Include="..\..\Foundation\include\Poco\NamedTuple.h">
      <Filter>Core\Header Files</Filter>
    </ClInclude>
    <ClInclude Include="..\..\Foundation\include\Poco\NestedDiagnosticContext.h">
      <Filter>Core\Header Files</Filter>
    </ClInclude>
    <ClInclude Include="..\..\Foundation\include\Poco\Notification.h">
      <Filter>Notifications\Header Files</Filter>
    </ClInclude>
    <ClInclude Include="..\..\Foundation\include\Poco\NotificationCenter.h">
      <Filter>Notifications\Header Files</Filter>
    </ClInclude>
    <ClInclude Include="..\..\Foundation\include\Poco\NotificationQueue.h">
      <Filter>Notifications\Header Files</Filter>
    </ClInclude>
    <ClInclude Include="..\..\Foundation\include\Poco\NotificationStrategy.h">
      <Filter>Events\Header Files</Filter>
    </ClInclude>
    <ClInclude Include="..\..\Foundation\include\Poco\NullChannel.h">
      <Filter>Logging\Header Files</Filter>
    </ClInclude>
    <ClInclude Include="..\..\Foundation\include\Poco\NullStream.h">
      <Filter>Streams\Header Files</Filter>
    </ClInclude>
    <ClInclude Include="..\..\Foundation\include\Poco\Nullable.h">
      <Filter>Core\Header Files</Filter>
    </ClInclude>
    <ClInclude Include="..\..\Foundation\include\Poco\NumberFormatter.h">
      <Filter>Core\Header Files</Filter>
    </ClInclude>
    <ClInclude Include="..\..\Foundation\include\Poco\NumberParser.h">
      <Filter>Core\Header Files</Filter>
    </ClInclude>
    <ClInclude Include="..\..\Foundation\include\Poco\NumericString.h">
      <Filter>Core\Header Files</Filter>
    </ClInclude>
    <ClInclude Include="..\..\Foundation\include\Poco\ObjectPool.h">
      <Filter>Core\Header Files</Filter>
    </ClInclude>
    <ClInclude Include="..\..\Foundation\include\Poco\Observer.h">
      <Filter>Notifications\Header Files</Filter>
    </ClInclude>
    <ClInclude Include="..\..\Foundation\include\Poco\Optional.h">
      <Filter>Core\Header Files</Filter>
    </ClInclude>
    <ClInclude Include="..\..\Foundation\include\Poco\OrderedMap.h">
      <Filter>Core\Header Files</Filter>
    </ClInclude>
    <ClInclude Include="..\..\Foundation\include\Poco\OrderedSet.h">
      <Filter>Core\Header Files</Filter>
    </ClInclude>
    <ClInclude Include="..\..\Foundation\include\Poco\PBKDF2Engine.h">
      <Filter>Crypt\Header Files</Filter>
    </ClInclude>
    <ClInclude Include="..\..\Foundation\include\Poco\Path.h">
      <Filter>Filesystem\Header Files</Filter>
    </ClInclude>
    <ClInclude Include="..\..\Foundation\include\Poco\Path_UNIX.h">
      <Filter>Filesystem\Header Files</Filter>
    </ClInclude>
    <ClInclude Include="..\..\Foundation\include\Poco\Path_WIN32U.h">
      <Filter>Filesystem\Header Files</Filter>
    </ClInclude>
    <ClInclude Include="..\..\Foundation\include\Poco\Path_WINCE.h">
      <Filter>Filesystem\Header Files</Filter>
    </ClInclude>
    <ClInclude Include="..\..\Foundation\include\Poco\PatternFormatter.h">
      <Filter>Logging\Header Files</Filter>
    </ClInclude>
    <ClInclude Include="..\..\Foundation\include\Poco\Pipe.h">
      <Filter>Processes\Header Files</Filter>
    </ClInclude>
    <ClInclude Include="..\..\Foundation\include\Poco\PipeImpl.h">
      <Filter>Processes\Header Files</Filter>
    </ClInclude>
    <ClInclude Include="..\..\Foundation\include\Poco\PipeImpl_DUMMY.h">
      <Filter>Processes\Header Files</Filter>
    </ClInclude>
    <ClInclude Include="..\..\Foundation\include\Poco\PipeImpl_POSIX.h">
      <Filter>Processes\Header Files</Filter>
    </ClInclude>
    <ClInclude Include="..\..\Foundation\include\Poco\PipeImpl_WIN32.h">
      <Filter>Processes\Header Files</Filter>
    </ClInclude>
    <ClInclude Include="..\..\Foundation\include\Poco\PipeStream.h">
      <Filter>Processes\Header Files</Filter>
    </ClInclude>
    <ClInclude Include="..\..\Foundation\include\Poco\Platform.h">
      <Filter>Core\Header Files</Filter>
    </ClInclude>
    <ClInclude Include="..\..\Foundation\include\Poco\Platform_POSIX.h">
      <Filter>Core\Header Files</Filter>
    </ClInclude>
    <ClInclude Include="..\..\Foundation\include\Poco\Platform_VX.h">
      <Filter>Core\Header Files</Filter>
    </ClInclude>
    <ClInclude Include="..\..\Foundation\include\Poco\Platform_WIN32.h">
      <Filter>Core\Header Files</Filter>
    </ClInclude>
    <ClInclude Include="..\..\Foundation\include\Poco\Poco.h">
      <Filter>Core\Header Files</Filter>
    </ClInclude>
    <ClInclude Include="..\..\Foundation\include\Poco\PriorityDelegate.h">
      <Filter>Events\Header Files</Filter>
    </ClInclude>
    <ClInclude Include="..\..\Foundation\include\Poco\PriorityEvent.h">
      <Filter>Events\Header Files</Filter>
    </ClInclude>
    <ClInclude Include="..\..\Foundation\include\Poco\PriorityExpire.h">
      <Filter>Events\Header Files</Filter>
    </ClInclude>
    <ClInclude Include="..\..\Foundation\include\Poco\PriorityNotificationQueue.h">
      <Filter>Notifications\Header Files</Filter>
    </ClInclude>
    <ClInclude Include="..\..\Foundation\include\Poco\PriorityStrategy.h">
      <Filter>Events\Header Files</Filter>
    </ClInclude>
    <ClInclude Include="..\..\Foundation\include\Poco\Process.h">
      <Filter>Processes\Header Files</Filter>
    </ClInclude>
    <ClInclude Include="..\..\Foundation\include\Poco\Process_UNIX.h">
      <Filter>Processes\Header Files</Filter>
    </ClInclude>
    <ClInclude Include="..\..\Foundation\include\Poco\Process_VX.h">
      <Filter>Processes\Header Files</Filter>
    </ClInclude>
    <ClInclude Include="..\..\Foundation\include\Poco\Process_WIN32U.h">
      <Filter>Processes\Header Files</Filter>
    </ClInclude>
    <ClInclude Include="..\..\Foundation\include\Poco\Process_WINCE.h">
      <Filter>Processes\Header Files</Filter>
    </ClInclude>
    <ClInclude Include="..\..\Foundation\include\Poco\PurgeStrategy.h">
      <Filter>Logging\Header Files</Filter>
    </ClInclude>
    <ClInclude Include="..\..\Foundation\include\Poco\RWLock.h">
      <Filter>Threading\Header Files</Filter>
    </ClInclude>
    <ClInclude Include="..\..\Foundation\include\Poco\RWLock_Android.h">
      <Filter>Threading\Header Files</Filter>
    </ClInclude>
    <ClInclude Include="..\..\Foundation\include\Poco\RWLock_POSIX.h">
      <Filter>Threading\Header Files</Filter>
    </ClInclude>
    <ClInclude Include="..\..\Foundation\include\Poco\RWLock_VX.h">
      <Filter>Threading\Header Files</Filter>
    </ClInclude>
    <ClInclude Include="..\..\Foundation\include\Poco\RWLock_WIN32.h">
      <Filter>Threading\Header Files</Filter>
    </ClInclude>
    <ClInclude Include="..\..\Foundation\include\Poco\RWLock_WINCE.h">
      <Filter>Threading\Header Files</Filter>
    </ClInclude>
    <ClInclude Include="..\..\Foundation\include\Poco\Random.h">
      <Filter>Crypt\Header Files</Filter>
    </ClInclude>
    <ClInclude Include="..\..\Foundation\include\Poco\RandomStream.h">
      <Filter>Crypt\Header Files</Filter>
    </ClInclude>
    <ClInclude Include="..\..\Foundation\include\Poco\RecursiveDirectoryIterator.h">
      <Filter>Filesystem\Header Files</Filter>
    </ClInclude>
    <ClInclude Include="..\..\Foundation\include\Poco\RecursiveDirectoryIteratorImpl.h">
      <Filter>Filesystem\Header Files</Filter>
    </ClInclude>
    <ClInclude Include="..\..\Foundation\include\Poco\RefCountedObject.h">
      <Filter>Core\Header Files</Filter>
    </ClInclude>
    <ClInclude Include="..\..\Foundation\include\Poco\RegularExpression.h">
      <Filter>RegExp\Header Files</Filter>
    </ClInclude>
    <ClInclude Include="..\..\Foundation\include\Poco\RotateStrategy.h">
      <Filter>Logging\Header Files</Filter>
    </ClInclude>
    <ClInclude Include="..\..\Foundation\include\Poco\Runnable.h">
      <Filter>Threading\Header Files</Filter>
    </ClInclude>
    <ClInclude Include="..\..\Foundation\include\Poco\RunnableAdapter.h">
      <Filter>Threading\Header Files</Filter>
    </ClInclude>
    <ClInclude Include="..\..\Foundation\include\Poco\SHA1Engine.h">
      <Filter>Crypt\Header Files</Filter>
    </ClInclude>
    <ClInclude Include="..\..\Foundation\include\Poco\SHA2Engine.h">
      <Filter>Crypt\Header Files</Filter>
    </ClInclude>
    <ClInclude Include="..\..\Foundation\include\Poco\ScopedLock.h">
      <Filter>Threading\Header Files</Filter>
    </ClInclude>
    <ClInclude Include="..\..\Foundation\include\Poco\ScopedUnlock.h">
      <Filter>Threading\Header Files</Filter>
    </ClInclude>
    <ClInclude Include="..\..\Foundation\include\Poco\Semaphore.h">
      <Filter>Threading\Header Files</Filter>
    </ClInclude>
    <ClInclude Include="..\..\Foundation\include\Poco\Semaphore_POSIX.h">
      <Filter>Threading\Header Files</Filter>
    </ClInclude>
    <ClInclude Include="..\..\Foundation\include\Poco\Semaphore_VX.h">
      <Filter>Threading\Header Files</Filter>
    </ClInclude>
    <ClInclude Include="..\..\Foundation\include\Poco\Semaphore_WIN32.h">
      <Filter>Threading\Header Files</Filter>
    </ClInclude>
    <ClInclude Include="..\..\Foundation\include\Poco\SharedLibrary.h">
      <Filter>SharedLibrary\Header Files</Filter>
    </ClInclude>
    <ClInclude Include="..\..\Foundation\include\Poco\SharedLibrary_HPUX.h">
      <Filter>SharedLibrary\Header Files</Filter>
    </ClInclude>
    <ClInclude Include="..\..\Foundation\include\Poco\SharedLibrary_UNIX.h">
      <Filter>SharedLibrary\Header Files</Filter>
    </ClInclude>
    <ClInclude Include="..\..\Foundation\include\Poco\SharedLibrary_VX.h">
      <Filter>SharedLibrary\Header Files</Filter>
    </ClInclude>
    <ClInclude Include="..\..\Foundation\include\Poco\SharedLibrary_WIN32U.h">
      <Filter>SharedLibrary\Header Files</Filter>
    </ClInclude>
    <ClInclude Include="..\..\Foundation\include\Poco\SharedMemory.h">
      <Filter>Processes\Header Files</Filter>
    </ClInclude>
    <ClInclude Include="..\..\Foundation\include\Poco\SharedMemory_DUMMY.h">
      <Filter>Processes\Header Files</Filter>
    </ClInclude>
    <ClInclude Include="..\..\Foundation\include\Poco\SharedMemory_POSIX.h">
      <Filter>Processes\Header Files</Filter>
    </ClInclude>
    <ClInclude Include="..\..\Foundation\include\Poco\SharedMemory_WIN32.h">
      <Filter>Processes\Header Files</Filter>
    </ClInclude>
    <ClInclude Include="..\..\Foundation\include\Poco\SharedPtr.h">
      <Filter>Core\Header Files</Filter>
    </ClInclude>
    <ClInclude Include="..\..\Foundation\include\Poco\SignalHandler.h">
      <Filter>Threading\Header Files</Filter>
    </ClInclude>
    <ClInclude Include="..\..\Foundation\include\Poco\SimpleFileChannel.h">
      <Filter>Logging\Header Files</Filter>
    </ClInclude>
    <ClInclude Include="..\..\Foundation\include\Poco\SimpleHashTable.h">
      <Filter>Hashing\Header Files</Filter>
    </ClInclude>
    <ClInclude Include="..\..\Foundation\include\Poco\SingletonHolder.h">
      <Filter>Core\Header Files</Filter>
    </ClInclude>
    <ClInclude Include="..\..\Foundation\include\Poco\SortedDirectoryIterator.h">
      <Filter>Filesystem\Header Files</Filter>
    </ClInclude>
    <ClInclude Include="..\..\Foundation\include\Poco\SplitterChannel.h">
      <Filter>Logging\Header Files</Filter>
    </ClInclude>
    <ClInclude Include="..\..\Foundation\include\Poco\Stopwatch.h">
      <Filter>DateTime\Header Files</Filter>
    </ClInclude>
    <ClInclude Include="..\..\Foundation\include\Poco\StrategyCollection.h">
      <Filter>Cache\Header Files</Filter>
    </ClInclude>
    <ClInclude Include="..\..\Foundation\include\Poco\StreamChannel.h">
      <Filter>Logging\Header Files</Filter>
    </ClInclude>
    <ClInclude Include="..\..\Foundation\include\Poco\StreamConverter.h">
      <Filter>Text\Header Files</Filter>
    </ClInclude>
    <ClInclude Include="..\..\Foundation\include\Poco\StreamCopier.h">
      <Filter>Streams\Header Files</Filter>
    </ClInclude>
    <ClInclude Include="..\..\Foundation\include\Poco\StreamTokenizer.h">
      <Filter>Streams\Header Files</Filter>
    </ClInclude>
    <ClInclude Include="..\..\Foundation\include\Poco\StreamUtil.h">
      <Filter>Streams\Header Files</Filter>
    </ClInclude>
    <ClInclude Include="..\..\Foundation\include\Poco\String.h">
      <Filter>Core\Header Files</Filter>
    </ClInclude>
    <ClInclude Include="..\..\Foundation\include\Poco\StringTokenizer.h">
      <Filter>Core\Header Files</Filter>
    </ClInclude>
    <ClInclude Include="..\..\Foundation\include\Poco\SynchronizedObject.h">
      <Filter>Threading\Header Files</Filter>
    </ClInclude>
    <ClInclude Include="..\..\Foundation\include\Poco\SyslogChannel.h">
      <Filter>Logging\Header Files</Filter>
    </ClInclude>
    <ClInclude Include="..\..\Foundation\include\Poco\Task.h">
      <Filter>Tasks\Header Files</Filter>
    </ClInclude>
    <ClInclude Include="..\..\Foundation\include\Poco\TaskManager.h">
      <Filter>Tasks\Header Files</Filter>
    </ClInclude>
    <ClInclude Include="..\..\Foundation\include\Poco\TaskNotification.h">
      <Filter>Tasks\Header Files</Filter>
    </ClInclude>
    <ClInclude Include="..\..\Foundation\include\Poco\TeeStream.h">
      <Filter>Streams\Header Files</Filter>
    </ClInclude>
    <ClInclude Include="..\..\Foundation\include\Poco\TemporaryFile.h">
      <Filter>Filesystem\Header Files</Filter>
    </ClInclude>
    <ClInclude Include="..\..\Foundation\include\Poco\TextBufferIterator.h">
      <Filter>Text\Header Files</Filter>
    </ClInclude>
    <ClInclude Include="..\..\Foundation\include\Poco\TextConverter.h">
      <Filter>Text\Header Files</Filter>
    </ClInclude>
    <ClInclude Include="..\..\Foundation\include\Poco\TextEncoding.h">
      <Filter>Text\Header Files</Filter>
    </ClInclude>
    <ClInclude Include="..\..\Foundation\include\Poco\TextIterator.h">
      <Filter>Text\Header Files</Filter>
    </ClInclude>
    <ClInclude Include="..\..\Foundation\include\Poco\Thread.h">
      <Filter>Threading\Header Files</Filter>
    </ClInclude>
    <ClInclude Include="..\..\Foundation\include\Poco\ThreadLocal.h">
      <Filter>Threading\Header Files</Filter>
    </ClInclude>
    <ClInclude Include="..\..\Foundation\include\Poco\ThreadPool.h">
      <Filter>Threading\Header Files</Filter>
    </ClInclude>
    <ClInclude Include="..\..\Foundation\include\Poco\ThreadTarget.h">
      <Filter>Threading\Header Files</Filter>
    </ClInclude>
    <ClInclude Include="..\..\Foundation\include\Poco\Thread_POSIX.h">
      <Filter>Threading\Header Files</Filter>
    </ClInclude>
    <ClInclude Include="..\..\Foundation\include\Poco\Thread_VX.h">
      <Filter>Threading\Header Files</Filter>
    </ClInclude>
    <ClInclude Include="..\..\Foundation\include\Poco\Thread_WIN32.h">
      <Filter>Threading\Header Files</Filter>
    </ClInclude>
    <ClInclude Include="..\..\Foundation\include\Poco\Thread_WINCE.h">
      <Filter>Threading\Header Files</Filter>
    </ClInclude>
    <ClInclude Include="..\..\Foundation\include\Poco\TimedNotificationQueue.h">
      <Filter>Notifications\Header Files</Filter>
    </ClInclude>
    <ClInclude Include="..\..\Foundation\include\Poco\Timer.h">
      <Filter>Threading\Header Files</Filter>
    </ClInclude>
    <ClInclude Include="..\..\Foundation\include\Poco\Timespan.h">
      <Filter>DateTime\Header Files</Filter>
    </ClInclude>
    <ClInclude Include="..\..\Foundation\include\Poco\Timestamp.h">
      <Filter>DateTime\Header Files</Filter>
    </ClInclude>
    <ClInclude Include="..\..\Foundation\include\Poco\Timezone.h">
      <Filter>DateTime\Header Files</Filter>
    </ClInclude>
    <ClInclude Include="..\..\Foundation\include\Poco\Token.h">
      <Filter>Streams\Header Files</Filter>
    </ClInclude>
    <ClInclude Include="..\..\Foundation\include\Poco\Tuple.h">
      <Filter>Core\Header Files</Filter>
    </ClInclude>
    <ClInclude Include="..\..\Foundation\include\Poco\TypeList.h">
      <Filter>Core\Header Files</Filter>
    </ClInclude>
    <ClInclude Include="..\..\Foundation\include\Poco\Types.h">
      <Filter>Core\Header Files</Filter>
    </ClInclude>
    <ClInclude Include="..\..\Foundation\include\Poco\URI.h">
      <Filter>URI\Header Files</Filter>
    </ClInclude>
    <ClInclude Include="..\..\Foundation\include\Poco\URIStreamFactory.h">
      <Filter>URI\Header Files</Filter>
    </ClInclude>
    <ClInclude Include="..\..\Foundation\include\Poco\URIStreamOpener.h">
      <Filter>URI\Header Files</Filter>
    </ClInclude>
    <ClInclude Include="..\..\Foundation\include\Poco\UTF16Encoding.h">
      <Filter>Text\Header Files</Filter>
    </ClInclude>
    <ClInclude Include="..\..\Foundation\include\Poco\UTF32Encoding.h">
      <Filter>Text\Header Files</Filter>
    </ClInclude>
    <ClInclude Include="..\..\Foundation\include\Poco\UTF8Encoding.h">
      <Filter>Text\Header Files</Filter>
    </ClInclude>
    <ClInclude Include="..\..\Foundation\include\Poco\UTF8String.h">
      <Filter>Text\Header Files</Filter>
    </ClInclude>
    <ClInclude Include="..\..\Foundation\include\Poco\UTFString.h">
      <Filter>Text\Header Files</Filter>
    </ClInclude>
    <ClInclude Include="..\..\Foundation\include\Poco\UUID.h">
      <Filter>UUID\Header Files</Filter>
    </ClInclude>
    <ClInclude Include="..\..\Foundation\include\Poco\UUIDGenerator.h">
      <Filter>UUID\Header Files</Filter>
    </ClInclude>
    <ClInclude Include="..\..\Foundation\include\Poco\UnWindows.h">
      <Filter>Core\Header Files</Filter>
    </ClInclude>
    <ClInclude Include="..\..\Foundation\include\Poco\UnbufferedStreamBuf.h">
      <Filter>Streams\Header Files</Filter>
    </ClInclude>
    <ClInclude Include="..\..\Foundation\include\Poco\Unicode.h">
      <Filter>Text\Header Files</Filter>
    </ClInclude>
    <ClInclude Include="..\..\Foundation\include\Poco\UnicodeConverter.h">
      <Filter>Text\Header Files</Filter>
    </ClInclude>
    <ClInclude Include="..\..\Foundation\include\Poco\UniqueAccessExpireCache.h">
      <Filter>Cache\Header Files</Filter>
    </ClInclude>
    <ClInclude Include="..\..\Foundation\include\Poco\UniqueAccessExpireLRUCache.h">
      <Filter>Cache\Header Files</Filter>
    </ClInclude>
    <ClInclude Include="..\..\Foundation\include\Poco\UniqueAccessExpireStrategy.h">
      <Filter>Cache\Header Files</Filter>
    </ClInclude>
    <ClInclude Include="..\..\Foundation\include\Poco\UniqueExpireCache.h">
      <Filter>Cache\Header Files</Filter>
    </ClInclude>
    <ClInclude Include="..\..\Foundation\include\Poco\UniqueExpireLRUCache.h">
      <Filter>Cache\Header Files</Filter>
    </ClInclude>
    <ClInclude Include="..\..\Foundation\include\Poco\UniqueExpireStrategy.h">
      <Filter>Cache\Header Files</Filter>
    </ClInclude>
    <ClInclude Include="..\..\Foundation\include\Poco\ValidArgs.h">
      <Filter>Cache\Header Files</Filter>
    </ClInclude>
    <ClInclude Include="..\..\Foundation\include\Poco\Version.h">
      <Filter>Core\Header Files</Filter>
    </ClInclude>
    <ClInclude Include="..\..\Foundation\include\Poco\Void.h">
      <Filter>Core\Header Files</Filter>
    </ClInclude>
    <ClInclude Include="..\..\Foundation\include\Poco\Windows1250Encoding.h">
      <Filter>Text\Header Files</Filter>
    </ClInclude>
    <ClInclude Include="..\..\Foundation\include\Poco\Windows1251Encoding.h">
      <Filter>Text\Header Files</Filter>
    </ClInclude>
    <ClInclude Include="..\..\Foundation\include\Poco\Windows1252Encoding.h">
      <Filter>Text\Header Files</Filter>
    </ClInclude>
    <ClInclude Include="..\..\Foundation\include\Poco\WindowsConsoleChannel.h">
      <Filter>Logging\Header Files</Filter>
    </ClInclude>
    <ClInclude Include="..\..\Foundation\include\Poco\ordered_hash.h">
      <Filter>Unknown\Header Files</Filter>
    </ClInclude>
    <ClInclude Include="..\..\Foundation\include\Poco\ordered_map.h">
      <Filter>Unknown\Header Files</Filter>
    </ClInclude>
    <ClInclude Include="..\..\Foundation\include\Poco\ordered_set.h">
      <Filter>Unknown\Header Files</Filter>
    </ClInclude>
    <ClInclude Include="..\..\Foundation\include\Poco\zconf.h">
      <Filter>zlib\Header Files</Filter>
    </ClInclude>
    <ClInclude Include="..\..\Foundation\include\Poco\zlib.h">
      <Filter>zlib\Header Files</Filter>
    </ClInclude>
    <ClInclude Include=".\pocomsg.h">
      <Filter>Logging\Header Files</Filter>
    </ClInclude>
    <ClInclude Include="..\..\Foundation\src\pocomsg.mc">
      <Filter>Logging\Message Files</Filter>
    </ClInclude>
  </ItemGroup>
  <ItemGroup>
    <CustomBuild Include="..\CMakeFiles\dfbcfd5624efb9d4e7cfd88e36df1ca1\pocomsg.h.rule" />
  </ItemGroup>
  <ItemGroup>
    <ResourceCompile Include="..\..\DLLVersion.rc">
      <Filter>Resources</Filter>
    </ResourceCompile>
  </ItemGroup>
  <ItemGroup>
    <Filter Include="CMake Rules">
      <UniqueIdentifier>{1631ADDC-3F31-33B0-934A-634EBEC428FA}</UniqueIdentifier>
    </Filter>
    <Filter Include="Cache">
      <UniqueIdentifier>{CF4719E3-7AB1-3C74-AEAF-4964857F3C52}</UniqueIdentifier>
    </Filter>
    <Filter Include="Cache\Header Files">
      <UniqueIdentifier>{D959E36C-9020-372D-86E3-A72E8610CB3C}</UniqueIdentifier>
    </Filter>
    <Filter Include="Core">
      <UniqueIdentifier>{BC8EA81B-45BB-3E89-BF08-6B52CFCA132D}</UniqueIdentifier>
    </Filter>
    <Filter Include="Core\Header Files">
      <UniqueIdentifier>{3DF49630-61E4-30A5-8CC7-2AA6C9A0ABB7}</UniqueIdentifier>
    </Filter>
    <Filter Include="Core\Source Files">
      <UniqueIdentifier>{980DAB52-17E6-3326-9C1C-6FF859AAFF0E}</UniqueIdentifier>
    </Filter>
    <Filter Include="Crypt">
      <UniqueIdentifier>{1A8C9CF4-6A86-3C2B-8E74-4CE0FA675217}</UniqueIdentifier>
    </Filter>
    <Filter Include="Crypt\Header Files">
      <UniqueIdentifier>{CC82AD28-E67A-31FE-8868-651AE9DBFE47}</UniqueIdentifier>
    </Filter>
    <Filter Include="Crypt\Source Files">
      <UniqueIdentifier>{D6AF9535-8C90-35F2-B076-D2938AD0B0EF}</UniqueIdentifier>
    </Filter>
    <Filter Include="DateTime">
      <UniqueIdentifier>{E2872E37-FC4B-3487-B191-1AEFB67EF139}</UniqueIdentifier>
    </Filter>
    <Filter Include="DateTime\Header Files">
      <UniqueIdentifier>{084B22E7-E1A0-3144-BF9C-6D4057E16BB8}</UniqueIdentifier>
    </Filter>
    <Filter Include="DateTime\Source Files">
      <UniqueIdentifier>{0CD1B077-3A4A-3F36-9E2A-2A31826520B2}</UniqueIdentifier>
    </Filter>
    <Filter Include="Dynamic">
      <UniqueIdentifier>{5C668B4B-26D2-3C33-9FB7-0FEF1F5BDE7F}</UniqueIdentifier>
    </Filter>
    <Filter Include="Dynamic\Header Files">
      <UniqueIdentifier>{20614562-AD49-305C-BFD2-2F61101CD61F}</UniqueIdentifier>
    </Filter>
    <Filter Include="Dynamic\Source Files">
      <UniqueIdentifier>{C85E6D3E-E0E5-3FCA-8A93-0325CE72F493}</UniqueIdentifier>
    </Filter>
    <Filter Include="Events">
      <UniqueIdentifier>{016B6B0F-2EB4-36FA-8245-5B52DEEE300C}</UniqueIdentifier>
    </Filter>
    <Filter Include="Events\Header Files">
      <UniqueIdentifier>{B449295B-06F8-34FB-A9C3-1C6F0C787D79}</UniqueIdentifier>
    </Filter>
    <Filter Include="Events\Source Files">
      <UniqueIdentifier>{0C1395A9-817C-39B0-A4EB-0573AF765291}</UniqueIdentifier>
    </Filter>
    <Filter Include="Filesystem">
      <UniqueIdentifier>{AF271731-186E-3DD3-866B-A73A62CE909B}</UniqueIdentifier>
    </Filter>
    <Filter Include="Filesystem\Header Files">
      <UniqueIdentifier>{C83A7FEB-1812-3419-815C-87331D8F79C4}</UniqueIdentifier>
    </Filter>
    <Filter Include="Filesystem\Source Files">
      <UniqueIdentifier>{7084032E-19DC-3051-9E1F-C0328449EB10}</UniqueIdentifier>
    </Filter>
    <Filter Include="Hashing">
      <UniqueIdentifier>{B667F029-E743-3B84-9D77-10F86DDA909D}</UniqueIdentifier>
    </Filter>
    <Filter Include="Hashing\Header Files">
      <UniqueIdentifier>{E778C0AA-98EA-3D0D-978F-5399B275924E}</UniqueIdentifier>
    </Filter>
    <Filter Include="Hashing\Source Files">
      <UniqueIdentifier>{D101DF4A-A957-365D-A08D-F88AA72A3DE4}</UniqueIdentifier>
    </Filter>
    <Filter Include="Logging">
      <UniqueIdentifier>{5E3B67FA-686D-3781-AD15-1FCE2B97CCF6}</UniqueIdentifier>
    </Filter>
    <Filter Include="Logging\Header Files">
      <UniqueIdentifier>{4A2A4106-A83C-364E-8161-F6285CC5357E}</UniqueIdentifier>
    </Filter>
    <Filter Include="Logging\Message Files">
      <UniqueIdentifier>{554EC9FC-FF9F-3475-B8DD-B12A71DF84E1}</UniqueIdentifier>
    </Filter>
    <Filter Include="Logging\Source Files">
      <UniqueIdentifier>{81B412AA-DF6D-3E78-A590-424CF2AE5C0C}</UniqueIdentifier>
    </Filter>
    <Filter Include="Notifications">
      <UniqueIdentifier>{FACE0BBA-1E45-3A64-AD81-3136F3986C88}</UniqueIdentifier>
    </Filter>
    <Filter Include="Notifications\Header Files">
      <UniqueIdentifier>{175086C7-9ECF-3057-8196-BF3CACE955CC}</UniqueIdentifier>
    </Filter>
    <Filter Include="Notifications\Source Files">
      <UniqueIdentifier>{419E7F59-DAD7-354B-B295-6D443F6B8C1D}</UniqueIdentifier>
    </Filter>
    <Filter Include="Processes">
      <UniqueIdentifier>{A8D7A6B9-0905-3BC7-BC1D-A6609C59EDEC}</UniqueIdentifier>
    </Filter>
    <Filter Include="Processes\Header Files">
      <UniqueIdentifier>{279C8AEC-F8F3-3DFC-8210-0431FD130FF0}</UniqueIdentifier>
    </Filter>
    <Filter Include="Processes\Source Files">
      <UniqueIdentifier>{76652D9E-D118-30EE-BBA9-C2669C8B74BF}</UniqueIdentifier>
    </Filter>
    <Filter Include="RegExp">
      <UniqueIdentifier>{B6D54D96-F6A0-322B-AC98-4F3A04EB9424}</UniqueIdentifier>
    </Filter>
    <Filter Include="RegExp\Header Files">
      <UniqueIdentifier>{C12112DF-4496-39F9-B569-DC31E0147D36}</UniqueIdentifier>
    </Filter>
    <Filter Include="RegExp\Source Files">
      <UniqueIdentifier>{317666BF-C962-38DD-9F93-3FC58B8F5C3D}</UniqueIdentifier>
    </Filter>
    <Filter Include="Resources">
      <UniqueIdentifier>{A18CC7AA-7256-3630-AF41-2BBFF1ED9B50}</UniqueIdentifier>
    </Filter>
    <Filter Include="SharedLibrary">
      <UniqueIdentifier>{4505A2E0-1098-3334-8BF7-F9B7DAB37F1E}</UniqueIdentifier>
    </Filter>
    <Filter Include="SharedLibrary\Header Files">
      <UniqueIdentifier>{A093FA26-6F14-3F46-A114-A3D7966E435E}</UniqueIdentifier>
    </Filter>
    <Filter Include="SharedLibrary\Source Files">
      <UniqueIdentifier>{F3B12C1E-18B5-3DEA-A59C-DA48BF0650FF}</UniqueIdentifier>
    </Filter>
    <Filter Include="Streams">
      <UniqueIdentifier>{0630B096-DF1E-3609-8EC9-06FD88DF3CCC}</UniqueIdentifier>
    </Filter>
    <Filter Include="Streams\Header Files">
      <UniqueIdentifier>{8D97D801-D101-3116-85AA-63C10A5A39FC}</UniqueIdentifier>
    </Filter>
    <Filter Include="Streams\Source Files">
      <UniqueIdentifier>{0649C5AD-A790-3BE0-818E-E75A5E788E2D}</UniqueIdentifier>
    </Filter>
    <Filter Include="Tasks">
      <UniqueIdentifier>{ABAFA520-D63D-35BE-A1D5-A6402FFF6777}</UniqueIdentifier>
    </Filter>
    <Filter Include="Tasks\Header Files">
      <UniqueIdentifier>{0C2C00DC-2795-374F-987D-6CE90D4431B4}</UniqueIdentifier>
    </Filter>
    <Filter Include="Tasks\Source Files">
      <UniqueIdentifier>{0B5DF1B0-1E35-3D78-BE6F-5BCFB7EA7CA5}</UniqueIdentifier>
    </Filter>
    <Filter Include="Text">
      <UniqueIdentifier>{84C780B2-D752-36F9-BA0A-6ECFD23920DB}</UniqueIdentifier>
    </Filter>
    <Filter Include="Text\Header Files">
      <UniqueIdentifier>{DD262AA7-BB25-31A7-A2B0-688240324E6D}</UniqueIdentifier>
    </Filter>
    <Filter Include="Text\Source Files">
      <UniqueIdentifier>{2D5F3212-C6AA-3E1C-A937-07D36BAE5938}</UniqueIdentifier>
    </Filter>
    <Filter Include="Threading">
      <UniqueIdentifier>{5636E92C-A40F-321D-9804-2BC72840AB8C}</UniqueIdentifier>
    </Filter>
    <Filter Include="Threading\Header Files">
      <UniqueIdentifier>{46EEF4F5-968D-374D-BD10-F536E8798C7F}</UniqueIdentifier>
    </Filter>
    <Filter Include="Threading\Source Files">
      <UniqueIdentifier>{1E3BEFBC-0FE0-38D0-9162-9BEFDDF8DC9A}</UniqueIdentifier>
    </Filter>
    <Filter Include="URI">
      <UniqueIdentifier>{91DD7852-4530-368D-8C4F-581FFFF8F1E4}</UniqueIdentifier>
    </Filter>
    <Filter Include="URI\Header Files">
      <UniqueIdentifier>{8055057D-65AE-3E01-9216-D6A755403A40}</UniqueIdentifier>
    </Filter>
    <Filter Include="URI\Source Files">
      <UniqueIdentifier>{425AEB57-7A9A-3334-B546-90225A6C6E56}</UniqueIdentifier>
    </Filter>
    <Filter Include="UUID">
      <UniqueIdentifier>{62AB9454-516A-3A2B-BB2B-57A183959AA7}</UniqueIdentifier>
    </Filter>
    <Filter Include="UUID\Header Files">
      <UniqueIdentifier>{5737676F-9C4B-3CA7-914B-C66D39C27FD1}</UniqueIdentifier>
    </Filter>
    <Filter Include="UUID\Source Files">
      <UniqueIdentifier>{21A52779-FDB8-3727-85A3-0D229261CACD}</UniqueIdentifier>
    </Filter>
    <Filter Include="Unknown">
      <UniqueIdentifier>{68791C0D-B505-375E-A7D4-5654410AD934}</UniqueIdentifier>
    </Filter>
    <Filter Include="Unknown\Header Files">
      <UniqueIdentifier>{CA73DE02-AA78-35B8-90F7-ABD414995BE1}</UniqueIdentifier>
    </Filter>
    <Filter Include="pcre">
      <UniqueIdentifier>{BE33393D-FBA2-350F-A70F-AE4B18DE06CA}</UniqueIdentifier>
    </Filter>
    <Filter Include="pcre\Source Files">
      <UniqueIdentifier>{54F6A9F5-6968-3AB3-84D7-8E56E25AC3DD}</UniqueIdentifier>
    </Filter>
    <Filter Include="zlib">
      <UniqueIdentifier>{8D8F4BBE-BBF3-3275-9401-3CFE1AE2F119}</UniqueIdentifier>
    </Filter>
    <Filter Include="zlib\Header Files">
      <UniqueIdentifier>{557E53EE-5690-3717-809D-1FB55CCA563F}</UniqueIdentifier>
    </Filter>
    <Filter Include="zlib\Source Files">
      <UniqueIdentifier>{676E6090-8FCA-325A-B284-A6FFEFDA7C2B}</UniqueIdentifier>
    </Filter>
  </ItemGroup>
</Project>