<?xml version="1.0" encoding="utf-8"?>
<Project ToolsVersion="16.0" xmlns="http://schemas.microsoft.com/developer/msbuild/2003">
  <ItemGroup>
    <ClCompile Include="..\..\Zip\src\Add.cpp">
      <Filter>Manipulation\Source Files</Filter>
    </ClCompile>
    <ClCompile Include="..\..\Zip\src\AutoDetectStream.cpp">
      <Filter>Zip\Source Files</Filter>
    </ClCompile>
    <ClCompile Include="..\..\Zip\src\Compress.cpp">
      <Filter>Zip\Source Files</Filter>
    </ClCompile>
    <ClCompile Include="..\..\Zip\src\Decompress.cpp">
      <Filter>Zip\Source Files</Filter>
    </ClCompile>
    <ClCompile Include="..\..\Zip\src\Delete.cpp">
      <Filter>Manipulation\Source Files</Filter>
    </ClCompile>
    <ClCompile Include="..\..\Zip\src\Keep.cpp">
      <Filter>Manipulation\Source Files</Filter>
    </ClCompile>
    <ClCompile Include="..\..\Zip\src\ParseCallback.cpp">
      <Filter>Zip\Source Files</Filter>
    </ClCompile>
    <ClCompile Include="..\..\Zip\src\PartialStream.cpp">
      <Filter>Zip\Source Files</Filter>
    </ClCompile>
    <ClCompile Include="..\..\Zip\src\Rename.cpp">
      <Filter>Manipulation\Source Files</Filter>
    </ClCompile>
    <ClCompile Include="..\..\Zip\src\Replace.cpp">
      <Filter>Manipulation\Source Files</Filter>
    </ClCompile>
    <ClCompile Include="..\..\Zip\src\SkipCallback.cpp">
      <Filter>Zip\Source Files</Filter>
    </ClCompile>
    <ClCompile Include="..\..\Zip\src\ZipArchive.cpp">
      <Filter>Zip\Source Files</Filter>
    </ClCompile>
    <ClCompile Include="..\..\Zip\src\ZipArchiveInfo.cpp">
      <Filter>Zip\Source Files</Filter>
    </ClCompile>
    <ClCompile Include="..\..\Zip\src\ZipCommon.cpp">
      <Filter>Zip\Source Files</Filter>
    </ClCompile>
    <ClCompile Include="..\..\Zip\src\ZipDataInfo.cpp">
      <Filter>Zip\Source Files</Filter>
    </ClCompile>
    <ClCompile Include="..\..\Zip\src\ZipException.cpp">
      <Filter>Zip\Source Files</Filter>
    </ClCompile>
    <ClCompile Include="..\..\Zip\src\ZipFileInfo.cpp">
      <Filter>Zip\Source Files</Filter>
    </ClCompile>
    <ClCompile Include="..\..\Zip\src\ZipLocalFileHeader.cpp">
      <Filter>Zip\Source Files</Filter>
    </ClCompile>
    <ClCompile Include="..\..\Zip\src\ZipManipulator.cpp">
      <Filter>Manipulation\Source Files</Filter>
    </ClCompile>
    <ClCompile Include="..\..\Zip\src\ZipOperation.cpp">
      <Filter>Manipulation\Source Files</Filter>
    </ClCompile>
    <ClCompile Include="..\..\Zip\src\ZipStream.cpp">
      <Filter>Zip\Source Files</Filter>
    </ClCompile>
    <ClCompile Include="..\..\Zip\src\ZipUtil.cpp">
      <Filter>Zip\Source Files</Filter>
    </ClCompile>
  </ItemGroup>
  <ItemGroup>
    <ClInclude Include="..\..\Zip\include\Poco\Zip\Add.h">
      <Filter>Manipulation\Header Files</Filter>
    </ClInclude>
    <ClInclude Include="..\..\Zip\include\Poco\Zip\AutoDetectStream.h">
      <Filter>Zip\Header Files</Filter>
    </ClInclude>
    <ClInclude Include="..\..\Zip\include\Poco\Zip\Compress.h">
      <Filter>Zip\Header Files</Filter>
    </ClInclude>
    <ClInclude Include="..\..\Zip\include\Poco\Zip\Decompress.h">
      <Filter>Zip\Header Files</Filter>
    </ClInclude>
    <ClInclude Include="..\..\Zip\include\Poco\Zip\Delete.h">
      <Filter>Manipulation\Header Files</Filter>
    </ClInclude>
    <ClInclude Include="..\..\Zip\include\Poco\Zip\Keep.h">
      <Filter>Manipulation\Header Files</Filter>
    </ClInclude>
    <ClInclude Include="..\..\Zip\include\Poco\Zip\ParseCallback.h">
      <Filter>Zip\Header Files</Filter>
    </ClInclude>
    <ClInclude Include="..\..\Zip\include\Poco\Zip\PartialStream.h">
      <Filter>Zip\Header Files</Filter>
    </ClInclude>
    <ClInclude Include="..\..\Zip\include\Poco\Zip\Rename.h">
      <Filter>Manipulation\Header Files</Filter>
    </ClInclude>
    <ClInclude Include="..\..\Zip\include\Poco\Zip\Replace.h">
      <Filter>Manipulation\Header Files</Filter>
    </ClInclude>
    <ClInclude Include="..\..\Zip\include\Poco\Zip\SkipCallback.h">
      <Filter>Zip\Header Files</Filter>
    </ClInclude>
    <ClInclude Include="..\..\Zip\include\Poco\Zip\Zip.h">
      <Filter>Zip\Header Files</Filter>
    </ClInclude>
    <ClInclude Include="..\..\Zip\include\Poco\Zip\ZipArchive.h">
      <Filter>Zip\Header Files</Filter>
    </ClInclude>
    <ClInclude Include="..\..\Zip\include\Poco\Zip\ZipArchiveInfo.h">
      <Filter>Zip\Header Files</Filter>
    </ClInclude>
    <ClInclude Include="..\..\Zip\include\Poco\Zip\ZipCommon.h">
      <Filter>Zip\Header Files</Filter>
    </ClInclude>
    <ClInclude Include="..\..\Zip\include\Poco\Zip\ZipDataInfo.h">
      <Filter>Zip\Header Files</Filter>
    </ClInclude>
    <ClInclude Include="..\..\Zip\include\Poco\Zip\ZipException.h">
      <Filter>Zip\Header Files</Filter>
    </ClInclude>
    <ClInclude Include="..\..\Zip\include\Poco\Zip\ZipFileInfo.h">
      <Filter>Zip\Header Files</Filter>
    </ClInclude>
    <ClInclude Include="..\..\Zip\include\Poco\Zip\ZipLocalFileHeader.h">
      <Filter>Zip\Header Files</Filter>
    </ClInclude>
    <ClInclude Include="..\..\Zip\include\Poco\Zip\ZipManipulator.h">
      <Filter>Manipulation\Header Files</Filter>
    </ClInclude>
    <ClInclude Include="..\..\Zip\include\Poco\Zip\ZipOperation.h">
      <Filter>Manipulation\Header Files</Filter>
    </ClInclude>
    <ClInclude Include="..\..\Zip\include\Poco\Zip\ZipStream.h">
      <Filter>Zip\Header Files</Filter>
    </ClInclude>
    <ClInclude Include="..\..\Zip\include\Poco\Zip\ZipUtil.h">
      <Filter>Zip\Header Files</Filter>
    </ClInclude>
  </ItemGroup>
  <ItemGroup>
    <ResourceCompile Include="..\..\DLLVersion.rc">
      <Filter>Resources</Filter>
    </ResourceCompile>
  </ItemGroup>
  <ItemGroup>
    <Filter Include="Manipulation">
      <UniqueIdentifier>{85895A19-03EC-3FA9-852B-E4C982848C49}</UniqueIdentifier>
    </Filter>
    <Filter Include="Manipulation\Header Files">
      <UniqueIdentifier>{CC33C79E-4068-3850-92A8-D3521FDC8EC9}</UniqueIdentifier>
    </Filter>
    <Filter Include="Manipulation\Source Files">
      <UniqueIdentifier>{B6C4C2C7-F55D-3E33-859E-ABC595384036}</UniqueIdentifier>
    </Filter>
    <Filter Include="Resources">
      <UniqueIdentifier>{A18CC7AA-7256-3630-AF41-2BBFF1ED9B50}</UniqueIdentifier>
    </Filter>
    <Filter Include="Zip">
      <UniqueIdentifier>{B08D8FB3-0979-32C0-8B1B-9334DB13EB96}</UniqueIdentifier>
    </Filter>
    <Filter Include="Zip\Header Files">
      <UniqueIdentifier>{A09C0942-8D8F-3153-B27A-FD4BB9F323BE}</UniqueIdentifier>
    </Filter>
    <Filter Include="Zip\Source Files">
      <UniqueIdentifier>{F2E9A117-6551-3AA1-B6DB-96144C181E33}</UniqueIdentifier>
    </Filter>
  </ItemGroup>
</Project>