<?xml version="1.0" encoding="utf-8"?>
<Project ToolsVersion="16.0" xmlns="http://schemas.microsoft.com/developer/msbuild/2003">
  <ItemGroup>
    <ClCompile Include="..\..\Data\src\AbstractBinder.cpp">
      <Filter>DataCore\Source Files</Filter>
    </ClCompile>
    <ClCompile Include="..\..\Data\src\AbstractBinding.cpp">
      <Filter>DataCore\Source Files</Filter>
    </ClCompile>
    <ClCompile Include="..\..\Data\src\AbstractExtraction.cpp">
      <Filter>DataCore\Source Files</Filter>
    </ClCompile>
    <ClCompile Include="..\..\Data\src\AbstractExtractor.cpp">
      <Filter>DataCore\Source Files</Filter>
    </ClCompile>
    <ClCompile Include="..\..\Data\src\AbstractPreparation.cpp">
      <Filter>DataCore\Source Files</Filter>
    </ClCompile>
    <ClCompile Include="..\..\Data\src\AbstractPreparator.cpp">
      <Filter>DataCore\Source Files</Filter>
    </ClCompile>
    <ClCompile Include="..\..\Data\src\ArchiveStrategy.cpp">
      <Filter>Logging\Source Files</Filter>
    </ClCompile>
    <ClCompile Include="..\..\Data\src\Bulk.cpp">
      <Filter>DataCore\Source Files</Filter>
    </ClCompile>
    <ClCompile Include="..\..\Data\src\Connector.cpp">
      <Filter>DataCore\Source Files</Filter>
    </ClCompile>
    <ClCompile Include="..\..\Data\src\DataException.cpp">
      <Filter>DataCore\Source Files</Filter>
    </ClCompile>
    <ClCompile Include="..\..\Data\src\Date.cpp">
      <Filter>DataCore\Source Files</Filter>
    </ClCompile>
    <ClCompile Include="..\..\Data\src\DynamicLOB.cpp">
      <Filter>DataCore\Source Files</Filter>
    </ClCompile>
    <ClCompile Include="..\..\Data\src\Limit.cpp">
      <Filter>DataCore\Source Files</Filter>
    </ClCompile>
    <ClCompile Include="..\..\Data\src\MetaColumn.cpp">
      <Filter>DataCore\Source Files</Filter>
    </ClCompile>
    <ClCompile Include="..\..\Data\src\PooledSessionHolder.cpp">
      <Filter>SessionPooling\Source Files</Filter>
    </ClCompile>
    <ClCompile Include="..\..\Data\src\PooledSessionImpl.cpp">
      <Filter>SessionPooling\Source Files</Filter>
    </ClCompile>
    <ClCompile Include="..\..\Data\src\Position.cpp">
      <Filter>DataCore\Source Files</Filter>
    </ClCompile>
    <ClCompile Include="..\..\Data\src\Range.cpp">
      <Filter>DataCore\Source Files</Filter>
    </ClCompile>
    <ClCompile Include="..\..\Data\src\RecordSet.cpp">
      <Filter>DataCore\Source Files</Filter>
    </ClCompile>
    <ClCompile Include="..\..\Data\src\Row.cpp">
      <Filter>DataCore\Source Files</Filter>
    </ClCompile>
    <ClCompile Include="..\..\Data\src\RowFilter.cpp">
      <Filter>DataCore\Source Files</Filter>
    </ClCompile>
    <ClCompile Include="..\..\Data\src\RowFormatter.cpp">
      <Filter>DataCore\Source Files</Filter>
    </ClCompile>
    <ClCompile Include="..\..\Data\src\RowIterator.cpp">
      <Filter>DataCore\Source Files</Filter>
    </ClCompile>
    <ClCompile Include="..\..\Data\src\SQLChannel.cpp">
      <Filter>Logging\Source Files</Filter>
    </ClCompile>
    <ClCompile Include="..\..\Data\src\Session.cpp">
      <Filter>DataCore\Source Files</Filter>
    </ClCompile>
    <ClCompile Include="..\..\Data\src\SessionFactory.cpp">
      <Filter>DataCore\Source Files</Filter>
    </ClCompile>
    <ClCompile Include="..\..\Data\src\SessionImpl.cpp">
      <Filter>DataCore\Source Files</Filter>
    </ClCompile>
    <ClCompile Include="..\..\Data\src\SessionPool.cpp">
      <Filter>SessionPooling\Source Files</Filter>
    </ClCompile>
    <ClCompile Include="..\..\Data\src\SessionPoolContainer.cpp">
      <Filter>SessionPooling\Source Files</Filter>
    </ClCompile>
    <ClCompile Include="..\..\Data\src\SimpleRowFormatter.cpp">
      <Filter>DataCore\Source Files</Filter>
    </ClCompile>
    <ClCompile Include="..\..\Data\src\Statement.cpp">
      <Filter>DataCore\Source Files</Filter>
    </ClCompile>
    <ClCompile Include="..\..\Data\src\StatementCreator.cpp">
      <Filter>DataCore\Source Files</Filter>
    </ClCompile>
    <ClCompile Include="..\..\Data\src\StatementImpl.cpp">
      <Filter>DataCore\Source Files</Filter>
    </ClCompile>
    <ClCompile Include="..\..\Data\src\Time.cpp">
      <Filter>DataCore\Source Files</Filter>
    </ClCompile>
    <ClCompile Include="..\..\Data\src\Transaction.cpp">
      <Filter>DataCore\Source Files</Filter>
    </ClCompile>
  </ItemGroup>
  <ItemGroup>
    <ClInclude Include="..\..\Data\include\Poco\Data\AbstractBinder.h">
      <Filter>DataCore\Header Files</Filter>
    </ClInclude>
    <ClInclude Include="..\..\Data\include\Poco\Data\AbstractBinding.h">
      <Filter>DataCore\Header Files</Filter>
    </ClInclude>
    <ClInclude Include="..\..\Data\include\Poco\Data\AbstractExtraction.h">
      <Filter>DataCore\Header Files</Filter>
    </ClInclude>
    <ClInclude Include="..\..\Data\include\Poco\Data\AbstractExtractor.h">
      <Filter>DataCore\Header Files</Filter>
    </ClInclude>
    <ClInclude Include="..\..\Data\include\Poco\Data\AbstractPreparation.h">
      <Filter>DataCore\Header Files</Filter>
    </ClInclude>
    <ClInclude Include="..\..\Data\include\Poco\Data\AbstractPreparator.h">
      <Filter>DataCore\Header Files</Filter>
    </ClInclude>
    <ClInclude Include="..\..\Data\include\Poco\Data\AbstractSessionImpl.h">
      <Filter>DataCore\Header Files</Filter>
    </ClInclude>
    <ClInclude Include="..\..\Data\include\Poco\Data\ArchiveStrategy.h">
      <Filter>Logging\Header Files</Filter>
    </ClInclude>
    <ClInclude Include="..\..\Data\include\Poco\Data\AutoTransaction.h">
      <Filter>DataCore\Header Files</Filter>
    </ClInclude>
    <ClInclude Include="..\..\Data\include\Poco\Data\Binding.h">
      <Filter>DataCore\Header Files</Filter>
    </ClInclude>
    <ClInclude Include="..\..\Data\include\Poco\Data\Bulk.h">
      <Filter>DataCore\Header Files</Filter>
    </ClInclude>
    <ClInclude Include="..\..\Data\include\Poco\Data\BulkBinding.h">
      <Filter>DataCore\Header Files</Filter>
    </ClInclude>
    <ClInclude Include="..\..\Data\include\Poco\Data\BulkExtraction.h">
      <Filter>DataCore\Header Files</Filter>
    </ClInclude>
    <ClInclude Include="..\..\Data\include\Poco\Data\Column.h">
      <Filter>DataCore\Header Files</Filter>
    </ClInclude>
    <ClInclude Include="..\..\Data\include\Poco\Data\Connector.h">
      <Filter>DataCore\Header Files</Filter>
    </ClInclude>
    <ClInclude Include="..\..\Data\include\Poco\Data\Constants.h">
      <Filter>DataCore\Header Files</Filter>
    </ClInclude>
    <ClInclude Include="..\..\Data\include\Poco\Data\Data.h">
      <Filter>DataCore\Header Files</Filter>
    </ClInclude>
    <ClInclude Include="..\..\Data\include\Poco\Data\DataException.h">
      <Filter>DataCore\Header Files</Filter>
    </ClInclude>
    <ClInclude Include="..\..\Data\include\Poco\Data\Date.h">
      <Filter>DataCore\Header Files</Filter>
    </ClInclude>
    <ClInclude Include="..\..\Data\include\Poco\Data\DynamicDateTime.h">
      <Filter>DataCore\Header Files</Filter>
    </ClInclude>
    <ClInclude Include="..\..\Data\include\Poco\Data\DynamicLOB.h">
      <Filter>DataCore\Header Files</Filter>
    </ClInclude>
    <ClInclude Include="..\..\Data\include\Poco\Data\Extraction.h">
      <Filter>DataCore\Header Files</Filter>
    </ClInclude>
    <ClInclude Include="..\..\Data\include\Poco\Data\LOB.h">
      <Filter>DataCore\Header Files</Filter>
    </ClInclude>
    <ClInclude Include="..\..\Data\include\Poco\Data\LOBStream.h">
      <Filter>DataCore\Header Files</Filter>
    </ClInclude>
    <ClInclude Include="..\..\Data\include\Poco\Data\Limit.h">
      <Filter>DataCore\Header Files</Filter>
    </ClInclude>
    <ClInclude Include="..\..\Data\include\Poco\Data\MetaColumn.h">
      <Filter>DataCore\Header Files</Filter>
    </ClInclude>
    <ClInclude Include="..\..\Data\include\Poco\Data\PooledSessionHolder.h">
      <Filter>SessionPooling\Header Files</Filter>
    </ClInclude>
    <ClInclude Include="..\..\Data\include\Poco\Data\PooledSessionImpl.h">
      <Filter>SessionPooling\Header Files</Filter>
    </ClInclude>
    <ClInclude Include="..\..\Data\include\Poco\Data\Position.h">
      <Filter>DataCore\Header Files</Filter>
    </ClInclude>
    <ClInclude Include="..\..\Data\include\Poco\Data\Preparation.h">
      <Filter>DataCore\Header Files</Filter>
    </ClInclude>
    <ClInclude Include="..\..\Data\include\Poco\Data\Range.h">
      <Filter>DataCore\Header Files</Filter>
    </ClInclude>
    <ClInclude Include="..\..\Data\include\Poco\Data\RecordSet.h">
      <Filter>DataCore\Header Files</Filter>
    </ClInclude>
    <ClInclude Include="..\..\Data\include\Poco\Data\Row.h">
      <Filter>DataCore\Header Files</Filter>
    </ClInclude>
    <ClInclude Include="..\..\Data\include\Poco\Data\RowFilter.h">
      <Filter>DataCore\Header Files</Filter>
    </ClInclude>
    <ClInclude Include="..\..\Data\include\Poco\Data\RowFormatter.h">
      <Filter>DataCore\Header Files</Filter>
    </ClInclude>
    <ClInclude Include="..\..\Data\include\Poco\Data\RowIterator.h">
      <Filter>DataCore\Header Files</Filter>
    </ClInclude>
    <ClInclude Include="..\..\Data\include\Poco\Data\SQLChannel.h">
      <Filter>Logging\Header Files</Filter>
    </ClInclude>
    <ClInclude Include="..\..\Data\include\Poco\Data\Session.h">
      <Filter>DataCore\Header Files</Filter>
    </ClInclude>
    <ClInclude Include="..\..\Data\include\Poco\Data\SessionFactory.h">
      <Filter>DataCore\Header Files</Filter>
    </ClInclude>
    <ClInclude Include="..\..\Data\include\Poco\Data\SessionImpl.h">
      <Filter>DataCore\Header Files</Filter>
    </ClInclude>
    <ClInclude Include="..\..\Data\include\Poco\Data\SessionPool.h">
      <Filter>SessionPooling\Header Files</Filter>
    </ClInclude>
    <ClInclude Include="..\..\Data\include\Poco\Data\SessionPoolContainer.h">
      <Filter>SessionPooling\Header Files</Filter>
    </ClInclude>
    <ClInclude Include="..\..\Data\include\Poco\Data\SimpleRowFormatter.h">
      <Filter>DataCore\Header Files</Filter>
    </ClInclude>
    <ClInclude Include="..\..\Data\include\Poco\Data\Statement.h">
      <Filter>DataCore\Header Files</Filter>
    </ClInclude>
    <ClInclude Include="..\..\Data\include\Poco\Data\StatementCreator.h">
      <Filter>DataCore\Header Files</Filter>
    </ClInclude>
    <ClInclude Include="..\..\Data\include\Poco\Data\StatementImpl.h">
      <Filter>DataCore\Header Files</Filter>
    </ClInclude>
    <ClInclude Include="..\..\Data\include\Poco\Data\Time.h">
      <Filter>DataCore\Header Files</Filter>
    </ClInclude>
    <ClInclude Include="..\..\Data\include\Poco\Data\Transaction.h">
      <Filter>DataCore\Header Files</Filter>
    </ClInclude>
    <ClInclude Include="..\..\Data\include\Poco\Data\TypeHandler.h">
      <Filter>DataCore\Header Files</Filter>
    </ClInclude>
  </ItemGroup>
  <ItemGroup>
    <Filter Include="DataCore">
      <UniqueIdentifier>{F03851F0-AEEF-3618-9E43-F73433624317}</UniqueIdentifier>
    </Filter>
    <Filter Include="DataCore\Header Files">
      <UniqueIdentifier>{067E9E73-889C-3CE6-8117-CA4531067D7B}</UniqueIdentifier>
    </Filter>
    <Filter Include="DataCore\Source Files">
      <UniqueIdentifier>{CADEB681-79F1-3CB8-BBA0-BF2ECF74DEA2}</UniqueIdentifier>
    </Filter>
    <Filter Include="Logging">
      <UniqueIdentifier>{EF16D868-EFF0-317A-B4CF-7DD935915525}</UniqueIdentifier>
    </Filter>
    <Filter Include="Logging\Header Files">
      <UniqueIdentifier>{C7F2D44E-8A97-3F20-AF52-B90B4500D1F2}</UniqueIdentifier>
    </Filter>
    <Filter Include="Logging\Source Files">
      <UniqueIdentifier>{E85C9B85-A50B-3E47-83B8-C657B471433B}</UniqueIdentifier>
    </Filter>
    <Filter Include="SessionPooling">
      <UniqueIdentifier>{E3323C42-B079-319D-B987-C272EB9E11EE}</UniqueIdentifier>
    </Filter>
    <Filter Include="SessionPooling\Header Files">
      <UniqueIdentifier>{1831F5D6-9476-31AC-95C7-40658C7138A2}</UniqueIdentifier>
    </Filter>
    <Filter Include="SessionPooling\Source Files">
      <UniqueIdentifier>{F30A003D-F653-342A-9D42-66BD7EE32942}</UniqueIdentifier>
    </Filter>
  </ItemGroup>
</Project>