<?xml version="1.0" encoding="utf-8"?>
<Project ToolsVersion="16.0" xmlns="http://schemas.microsoft.com/developer/msbuild/2003">
  <ItemGroup>
    <ClCompile Include="..\..\XML\src\AbstractContainerNode.cpp">
      <Filter>DOM\Source Files</Filter>
    </ClCompile>
    <ClCompile Include="..\..\XML\src\AbstractNode.cpp">
      <Filter>DOM\Source Files</Filter>
    </ClCompile>
    <ClCompile Include="..\..\XML\src\Attr.cpp">
      <Filter>DOM\Source Files</Filter>
    </ClCompile>
    <ClCompile Include="..\..\XML\src\AttrMap.cpp">
      <Filter>DOM\Source Files</Filter>
    </ClCompile>
    <ClCompile Include="..\..\XML\src\Attributes.cpp">
      <Filter>SAX\Source Files</Filter>
    </ClCompile>
    <ClCompile Include="..\..\XML\src\AttributesImpl.cpp">
      <Filter>SAX\Source Files</Filter>
    </ClCompile>
    <ClCompile Include="..\..\XML\src\CDATASection.cpp">
      <Filter>DOM\Source Files</Filter>
    </ClCompile>
    <ClCompile Include="..\..\XML\src\CharacterData.cpp">
      <Filter>DOM\Source Files</Filter>
    </ClCompile>
    <ClCompile Include="..\..\XML\src\ChildNodesList.cpp">
      <Filter>DOM\Source Files</Filter>
    </ClCompile>
    <ClCompile Include="..\..\XML\src\Comment.cpp">
      <Filter>DOM\Source Files</Filter>
    </ClCompile>
    <ClCompile Include="..\..\XML\src\ContentHandler.cpp">
      <Filter>SAX\Source Files</Filter>
    </ClCompile>
    <ClCompile Include="..\..\XML\src\DOMBuilder.cpp">
      <Filter>DOM\Source Files</Filter>
    </ClCompile>
    <ClCompile Include="..\..\XML\src\DOMException.cpp">
      <Filter>DOM\Source Files</Filter>
    </ClCompile>
    <ClCompile Include="..\..\XML\src\DOMImplementation.cpp">
      <Filter>DOM\Source Files</Filter>
    </ClCompile>
    <ClCompile Include="..\..\XML\src\DOMObject.cpp">
      <Filter>DOM\Source Files</Filter>
    </ClCompile>
    <ClCompile Include="..\..\XML\src\DOMParser.cpp">
      <Filter>DOM\Source Files</Filter>
    </ClCompile>
    <ClCompile Include="..\..\XML\src\DOMSerializer.cpp">
      <Filter>DOM\Source Files</Filter>
    </ClCompile>
    <ClCompile Include="..\..\XML\src\DOMWriter.cpp">
      <Filter>DOM\Source Files</Filter>
    </ClCompile>
    <ClCompile Include="..\..\XML\src\DTDHandler.cpp">
      <Filter>SAX\Source Files</Filter>
    </ClCompile>
    <ClCompile Include="..\..\XML\src\DTDMap.cpp">
      <Filter>DOM\Source Files</Filter>
    </ClCompile>
    <ClCompile Include="..\..\XML\src\DeclHandler.cpp">
      <Filter>SAX\Source Files</Filter>
    </ClCompile>
    <ClCompile Include="..\..\XML\src\DefaultHandler.cpp">
      <Filter>SAX\Source Files</Filter>
    </ClCompile>
    <ClCompile Include="..\..\XML\src\Document.cpp">
      <Filter>DOM\Source Files</Filter>
    </ClCompile>
    <ClCompile Include="..\..\XML\src\DocumentEvent.cpp">
      <Filter>DOM\Source Files</Filter>
    </ClCompile>
    <ClCompile Include="..\..\XML\src\DocumentFragment.cpp">
      <Filter>DOM\Source Files</Filter>
    </ClCompile>
    <ClCompile Include="..\..\XML\src\DocumentType.cpp">
      <Filter>DOM\Source Files</Filter>
    </ClCompile>
    <ClCompile Include="..\..\XML\src\Element.cpp">
      <Filter>DOM\Source Files</Filter>
    </ClCompile>
    <ClCompile Include="..\..\XML\src\ElementsByTagNameList.cpp">
      <Filter>DOM\Source Files</Filter>
    </ClCompile>
    <ClCompile Include="..\..\XML\src\Entity.cpp">
      <Filter>DOM\Source Files</Filter>
    </ClCompile>
    <ClCompile Include="..\..\XML\src\EntityReference.cpp">
      <Filter>DOM\Source Files</Filter>
    </ClCompile>
    <ClCompile Include="..\..\XML\src\EntityResolver.cpp">
      <Filter>SAX\Source Files</Filter>
    </ClCompile>
    <ClCompile Include="..\..\XML\src\EntityResolverImpl.cpp">
      <Filter>SAX\Source Files</Filter>
    </ClCompile>
    <ClCompile Include="..\..\XML\src\ErrorHandler.cpp">
      <Filter>SAX\Source Files</Filter>
    </ClCompile>
    <ClCompile Include="..\..\XML\src\Event.cpp">
      <Filter>DOM\Source Files</Filter>
    </ClCompile>
    <ClCompile Include="..\..\XML\src\EventDispatcher.cpp">
      <Filter>DOM\Source Files</Filter>
    </ClCompile>
    <ClCompile Include="..\..\XML\src\EventException.cpp">
      <Filter>DOM\Source Files</Filter>
    </ClCompile>
    <ClCompile Include="..\..\XML\src\EventListener.cpp">
      <Filter>DOM\Source Files</Filter>
    </ClCompile>
    <ClCompile Include="..\..\XML\src\EventTarget.cpp">
      <Filter>DOM\Source Files</Filter>
    </ClCompile>
    <ClCompile Include="..\..\XML\src\InputSource.cpp">
      <Filter>SAX\Source Files</Filter>
    </ClCompile>
    <ClCompile Include="..\..\XML\src\LexicalHandler.cpp">
      <Filter>SAX\Source Files</Filter>
    </ClCompile>
    <ClCompile Include="..\..\XML\src\Locator.cpp">
      <Filter>SAX\Source Files</Filter>
    </ClCompile>
    <ClCompile Include="..\..\XML\src\LocatorImpl.cpp">
      <Filter>SAX\Source Files</Filter>
    </ClCompile>
    <ClCompile Include="..\..\XML\src\MutationEvent.cpp">
      <Filter>DOM\Source Files</Filter>
    </ClCompile>
    <ClCompile Include="..\..\XML\src\Name.cpp">
      <Filter>XML\Source Files</Filter>
    </ClCompile>
    <ClCompile Include="..\..\XML\src\NamePool.cpp">
      <Filter>XML\Source Files</Filter>
    </ClCompile>
    <ClCompile Include="..\..\XML\src\NamedNodeMap.cpp">
      <Filter>DOM\Source Files</Filter>
    </ClCompile>
    <ClCompile Include="..\..\XML\src\NamespaceStrategy.cpp">
      <Filter>XML\Source Files</Filter>
    </ClCompile>
    <ClCompile Include="..\..\XML\src\NamespaceSupport.cpp">
      <Filter>SAX\Source Files</Filter>
    </ClCompile>
    <ClCompile Include="..\..\XML\src\Node.cpp">
      <Filter>DOM\Source Files</Filter>
    </ClCompile>
    <ClCompile Include="..\..\XML\src\NodeAppender.cpp">
      <Filter>DOM\Source Files</Filter>
    </ClCompile>
    <ClCompile Include="..\..\XML\src\NodeFilter.cpp">
      <Filter>DOM\Source Files</Filter>
    </ClCompile>
    <ClCompile Include="..\..\XML\src\NodeIterator.cpp">
      <Filter>DOM\Source Files</Filter>
    </ClCompile>
    <ClCompile Include="..\..\XML\src\NodeList.cpp">
      <Filter>DOM\Source Files</Filter>
    </ClCompile>
    <ClCompile Include="..\..\XML\src\Notation.cpp">
      <Filter>DOM\Source Files</Filter>
    </ClCompile>
    <ClCompile Include="..\..\XML\src\ParserEngine.cpp">
      <Filter>XML\Source Files</Filter>
    </ClCompile>
    <ClCompile Include="..\..\XML\src\ProcessingInstruction.cpp">
      <Filter>DOM\Source Files</Filter>
    </ClCompile>
    <ClCompile Include="..\..\XML\src\QName.cpp">
      <Filter>XML\Source Files</Filter>
    </ClCompile>
    <ClCompile Include="..\..\XML\src\SAXException.cpp">
      <Filter>SAX\Source Files</Filter>
    </ClCompile>
    <ClCompile Include="..\..\XML\src\SAXParser.cpp">
      <Filter>SAX\Source Files</Filter>
    </ClCompile>
    <ClCompile Include="..\..\XML\src\Text.cpp">
      <Filter>DOM\Source Files</Filter>
    </ClCompile>
    <ClCompile Include="..\..\XML\src\TreeWalker.cpp">
      <Filter>DOM\Source Files</Filter>
    </ClCompile>
    <ClCompile Include="..\..\XML\src\ValueTraits.cpp">
      <Filter>XML\Source Files</Filter>
    </ClCompile>
    <ClCompile Include="..\..\XML\src\WhitespaceFilter.cpp">
      <Filter>SAX\Source Files</Filter>
    </ClCompile>
    <ClCompile Include="..\..\XML\src\XMLException.cpp">
      <Filter>XML\Source Files</Filter>
    </ClCompile>
    <ClCompile Include="..\..\XML\src\XMLFilter.cpp">
      <Filter>SAX\Source Files</Filter>
    </ClCompile>
    <ClCompile Include="..\..\XML\src\XMLFilterImpl.cpp">
      <Filter>SAX\Source Files</Filter>
    </ClCompile>
    <ClCompile Include="..\..\XML\src\XMLReader.cpp">
      <Filter>SAX\Source Files</Filter>
    </ClCompile>
    <ClCompile Include="..\..\XML\src\XMLStreamParser.cpp">
      <Filter>XML\Source Files</Filter>
    </ClCompile>
    <ClCompile Include="..\..\XML\src\XMLStreamParserException.cpp">
      <Filter>XML\Source Files</Filter>
    </ClCompile>
    <ClCompile Include="..\..\XML\src\XMLString.cpp">
      <Filter>XML\Source Files</Filter>
    </ClCompile>
    <ClCompile Include="..\..\XML\src\XMLWriter.cpp">
      <Filter>XML\Source Files</Filter>
    </ClCompile>
    <ClCompile Include="..\..\XML\src\xmlparse.cpp">
      <Filter>expat\Source Files</Filter>
    </ClCompile>
    <ClCompile Include="..\..\XML\src\xmlrole.c">
      <Filter>expat\Source Files</Filter>
    </ClCompile>
    <ClCompile Include="..\..\XML\src\xmltok.c">
      <Filter>expat\Source Files</Filter>
    </ClCompile>
    <ClCompile Include="..\..\XML\src\xmltok_impl.c">
      <Filter>expat\Source Files</Filter>
    </ClCompile>
    <ClCompile Include="..\..\XML\src\xmltok_ns.c">
      <Filter>expat\Source Files</Filter>
    </ClCompile>
  </ItemGroup>
  <ItemGroup>
    <ClInclude Include="..\..\XML\include\Poco\DOM\AbstractContainerNode.h">
      <Filter>DOM\Header Files</Filter>
    </ClInclude>
    <ClInclude Include="..\..\XML\include\Poco\DOM\AbstractNode.h">
      <Filter>DOM\Header Files</Filter>
    </ClInclude>
    <ClInclude Include="..\..\XML\include\Poco\DOM\Attr.h">
      <Filter>DOM\Header Files</Filter>
    </ClInclude>
    <ClInclude Include="..\..\XML\include\Poco\DOM\AttrMap.h">
      <Filter>DOM\Header Files</Filter>
    </ClInclude>
    <ClInclude Include="..\..\XML\include\Poco\DOM\AutoPtr.h">
      <Filter>DOM\Header Files</Filter>
    </ClInclude>
    <ClInclude Include="..\..\XML\include\Poco\DOM\CDATASection.h">
      <Filter>DOM\Header Files</Filter>
    </ClInclude>
    <ClInclude Include="..\..\XML\include\Poco\DOM\CharacterData.h">
      <Filter>DOM\Header Files</Filter>
    </ClInclude>
    <ClInclude Include="..\..\XML\include\Poco\DOM\ChildNodesList.h">
      <Filter>DOM\Header Files</Filter>
    </ClInclude>
    <ClInclude Include="..\..\XML\include\Poco\DOM\Comment.h">
      <Filter>DOM\Header Files</Filter>
    </ClInclude>
    <ClInclude Include="..\..\XML\include\Poco\DOM\DOMBuilder.h">
      <Filter>DOM\Header Files</Filter>
    </ClInclude>
    <ClInclude Include="..\..\XML\include\Poco\DOM\DOMException.h">
      <Filter>DOM\Header Files</Filter>
    </ClInclude>
    <ClInclude Include="..\..\XML\include\Poco\DOM\DOMImplementation.h">
      <Filter>DOM\Header Files</Filter>
    </ClInclude>
    <ClInclude Include="..\..\XML\include\Poco\DOM\DOMObject.h">
      <Filter>DOM\Header Files</Filter>
    </ClInclude>
    <ClInclude Include="..\..\XML\include\Poco\DOM\DOMParser.h">
      <Filter>DOM\Header Files</Filter>
    </ClInclude>
    <ClInclude Include="..\..\XML\include\Poco\DOM\DOMSerializer.h">
      <Filter>DOM\Header Files</Filter>
    </ClInclude>
    <ClInclude Include="..\..\XML\include\Poco\DOM\DOMWriter.h">
      <Filter>DOM\Header Files</Filter>
    </ClInclude>
    <ClInclude Include="..\..\XML\include\Poco\DOM\DTDMap.h">
      <Filter>DOM\Header Files</Filter>
    </ClInclude>
    <ClInclude Include="..\..\XML\include\Poco\DOM\Document.h">
      <Filter>DOM\Header Files</Filter>
    </ClInclude>
    <ClInclude Include="..\..\XML\include\Poco\DOM\DocumentEvent.h">
      <Filter>DOM\Header Files</Filter>
    </ClInclude>
    <ClInclude Include="..\..\XML\include\Poco\DOM\DocumentFragment.h">
      <Filter>DOM\Header Files</Filter>
    </ClInclude>
    <ClInclude Include="..\..\XML\include\Poco\DOM\DocumentType.h">
      <Filter>DOM\Header Files</Filter>
    </ClInclude>
    <ClInclude Include="..\..\XML\include\Poco\DOM\Element.h">
      <Filter>DOM\Header Files</Filter>
    </ClInclude>
    <ClInclude Include="..\..\XML\include\Poco\DOM\ElementsByTagNameList.h">
      <Filter>DOM\Header Files</Filter>
    </ClInclude>
    <ClInclude Include="..\..\XML\include\Poco\DOM\Entity.h">
      <Filter>DOM\Header Files</Filter>
    </ClInclude>
    <ClInclude Include="..\..\XML\include\Poco\DOM\EntityReference.h">
      <Filter>DOM\Header Files</Filter>
    </ClInclude>
    <ClInclude Include="..\..\XML\include\Poco\DOM\Event.h">
      <Filter>DOM\Header Files</Filter>
    </ClInclude>
    <ClInclude Include="..\..\XML\include\Poco\DOM\EventDispatcher.h">
      <Filter>DOM\Header Files</Filter>
    </ClInclude>
    <ClInclude Include="..\..\XML\include\Poco\DOM\EventException.h">
      <Filter>DOM\Header Files</Filter>
    </ClInclude>
    <ClInclude Include="..\..\XML\include\Poco\DOM\EventListener.h">
      <Filter>DOM\Header Files</Filter>
    </ClInclude>
    <ClInclude Include="..\..\XML\include\Poco\DOM\EventTarget.h">
      <Filter>DOM\Header Files</Filter>
    </ClInclude>
    <ClInclude Include="..\..\XML\include\Poco\DOM\MutationEvent.h">
      <Filter>DOM\Header Files</Filter>
    </ClInclude>
    <ClInclude Include="..\..\XML\include\Poco\DOM\NamedNodeMap.h">
      <Filter>DOM\Header Files</Filter>
    </ClInclude>
    <ClInclude Include="..\..\XML\include\Poco\DOM\Node.h">
      <Filter>DOM\Header Files</Filter>
    </ClInclude>
    <ClInclude Include="..\..\XML\include\Poco\DOM\NodeAppender.h">
      <Filter>DOM\Header Files</Filter>
    </ClInclude>
    <ClInclude Include="..\..\XML\include\Poco\DOM\NodeFilter.h">
      <Filter>DOM\Header Files</Filter>
    </ClInclude>
    <ClInclude Include="..\..\XML\include\Poco\DOM\NodeIterator.h">
      <Filter>DOM\Header Files</Filter>
    </ClInclude>
    <ClInclude Include="..\..\XML\include\Poco\DOM\NodeList.h">
      <Filter>DOM\Header Files</Filter>
    </ClInclude>
    <ClInclude Include="..\..\XML\include\Poco\DOM\Notation.h">
      <Filter>DOM\Header Files</Filter>
    </ClInclude>
    <ClInclude Include="..\..\XML\include\Poco\DOM\ProcessingInstruction.h">
      <Filter>DOM\Header Files</Filter>
    </ClInclude>
    <ClInclude Include="..\..\XML\include\Poco\DOM\Text.h">
      <Filter>DOM\Header Files</Filter>
    </ClInclude>
    <ClInclude Include="..\..\XML\include\Poco\DOM\TreeWalker.h">
      <Filter>DOM\Header Files</Filter>
    </ClInclude>
    <ClInclude Include="..\..\XML\include\Poco\SAX\Attributes.h">
      <Filter>SAX\Header Files</Filter>
    </ClInclude>
    <ClInclude Include="..\..\XML\include\Poco\SAX\AttributesImpl.h">
      <Filter>SAX\Header Files</Filter>
    </ClInclude>
    <ClInclude Include="..\..\XML\include\Poco\SAX\ContentHandler.h">
      <Filter>SAX\Header Files</Filter>
    </ClInclude>
    <ClInclude Include="..\..\XML\include\Poco\SAX\DTDHandler.h">
      <Filter>SAX\Header Files</Filter>
    </ClInclude>
    <ClInclude Include="..\..\XML\include\Poco\SAX\DeclHandler.h">
      <Filter>SAX\Header Files</Filter>
    </ClInclude>
    <ClInclude Include="..\..\XML\include\Poco\SAX\DefaultHandler.h">
      <Filter>SAX\Header Files</Filter>
    </ClInclude>
    <ClInclude Include="..\..\XML\include\Poco\SAX\EntityResolver.h">
      <Filter>SAX\Header Files</Filter>
    </ClInclude>
    <ClInclude Include="..\..\XML\include\Poco\SAX\EntityResolverImpl.h">
      <Filter>SAX\Header Files</Filter>
    </ClInclude>
    <ClInclude Include="..\..\XML\include\Poco\SAX\ErrorHandler.h">
      <Filter>SAX\Header Files</Filter>
    </ClInclude>
    <ClInclude Include="..\..\XML\include\Poco\SAX\InputSource.h">
      <Filter>SAX\Header Files</Filter>
    </ClInclude>
    <ClInclude Include="..\..\XML\include\Poco\SAX\LexicalHandler.h">
      <Filter>SAX\Header Files</Filter>
    </ClInclude>
    <ClInclude Include="..\..\XML\include\Poco\SAX\Locator.h">
      <Filter>SAX\Header Files</Filter>
    </ClInclude>
    <ClInclude Include="..\..\XML\include\Poco\SAX\LocatorImpl.h">
      <Filter>SAX\Header Files</Filter>
    </ClInclude>
    <ClInclude Include="..\..\XML\include\Poco\SAX\NamespaceSupport.h">
      <Filter>SAX\Header Files</Filter>
    </ClInclude>
    <ClInclude Include="..\..\XML\include\Poco\SAX\SAXException.h">
      <Filter>SAX\Header Files</Filter>
    </ClInclude>
    <ClInclude Include="..\..\XML\include\Poco\SAX\SAXParser.h">
      <Filter>SAX\Header Files</Filter>
    </ClInclude>
    <ClInclude Include="..\..\XML\include\Poco\SAX\WhitespaceFilter.h">
      <Filter>SAX\Header Files</Filter>
    </ClInclude>
    <ClInclude Include="..\..\XML\include\Poco\SAX\XMLFilter.h">
      <Filter>SAX\Header Files</Filter>
    </ClInclude>
    <ClInclude Include="..\..\XML\include\Poco\SAX\XMLFilterImpl.h">
      <Filter>SAX\Header Files</Filter>
    </ClInclude>
    <ClInclude Include="..\..\XML\include\Poco\SAX\XMLReader.h">
      <Filter>SAX\Header Files</Filter>
    </ClInclude>
    <ClInclude Include="..\..\XML\include\Poco\XML\Content.h">
      <Filter>XML\Header Files</Filter>
    </ClInclude>
    <ClInclude Include="..\..\XML\include\Poco\XML\Name.h">
      <Filter>XML\Header Files</Filter>
    </ClInclude>
    <ClInclude Include="..\..\XML\include\Poco\XML\NamePool.h">
      <Filter>XML\Header Files</Filter>
    </ClInclude>
    <ClInclude Include="..\..\XML\include\Poco\XML\NamespaceStrategy.h">
      <Filter>XML\Header Files</Filter>
    </ClInclude>
    <ClInclude Include="..\..\XML\include\Poco\XML\ParserEngine.h">
      <Filter>XML\Header Files</Filter>
    </ClInclude>
    <ClInclude Include="..\..\XML\include\Poco\XML\QName.h">
      <Filter>XML\Header Files</Filter>
    </ClInclude>
    <ClInclude Include="..\..\XML\include\Poco\XML\ValueTraits.h">
      <Filter>XML\Header Files</Filter>
    </ClInclude>
    <ClInclude Include="..\..\XML\include\Poco\XML\XML.h">
      <Filter>XML\Header Files</Filter>
    </ClInclude>
    <ClInclude Include="..\..\XML\include\Poco\XML\XMLException.h">
      <Filter>XML\Header Files</Filter>
    </ClInclude>
    <ClInclude Include="..\..\XML\include\Poco\XML\XMLStream.h">
      <Filter>XML\Header Files</Filter>
    </ClInclude>
    <ClInclude Include="..\..\XML\include\Poco\XML\XMLStreamParser.h">
      <Filter>XML\Header Files</Filter>
    </ClInclude>
    <ClInclude Include="..\..\XML\include\Poco\XML\XMLStreamParserException.h">
      <Filter>XML\Header Files</Filter>
    </ClInclude>
    <ClInclude Include="..\..\XML\include\Poco\XML\XMLString.h">
      <Filter>XML\Header Files</Filter>
    </ClInclude>
    <ClInclude Include="..\..\XML\include\Poco\XML\XMLWriter.h">
      <Filter>XML\Header Files</Filter>
    </ClInclude>
    <ClInclude Include="..\..\XML\include\Poco\XML\expat.h">
      <Filter>Unknown\Header Files</Filter>
    </ClInclude>
    <ClInclude Include="..\..\XML\include\Poco\XML\expat_external.h">
      <Filter>Unknown\Header Files</Filter>
    </ClInclude>
  </ItemGroup>
  <ItemGroup>
    <ResourceCompile Include="..\..\DLLVersion.rc">
      <Filter>Resources</Filter>
    </ResourceCompile>
  </ItemGroup>
  <ItemGroup>
    <Filter Include="DOM">
      <UniqueIdentifier>{CAD56BA4-E257-36BA-95C0-39A97D3F421D}</UniqueIdentifier>
    </Filter>
    <Filter Include="DOM\Header Files">
      <UniqueIdentifier>{4D59246E-3CA9-3320-93E1-E240C1BA0380}</UniqueIdentifier>
    </Filter>
    <Filter Include="DOM\Source Files">
      <UniqueIdentifier>{6D530F6B-0BFF-347E-955E-846B066B6D97}</UniqueIdentifier>
    </Filter>
    <Filter Include="Resources">
      <UniqueIdentifier>{A18CC7AA-7256-3630-AF41-2BBFF1ED9B50}</UniqueIdentifier>
    </Filter>
    <Filter Include="SAX">
      <UniqueIdentifier>{61C108B2-FD70-3119-9DBE-4C4885DF6F55}</UniqueIdentifier>
    </Filter>
    <Filter Include="SAX\Header Files">
      <UniqueIdentifier>{3BAD539A-3CAF-34E5-AD18-FA71B4176549}</UniqueIdentifier>
    </Filter>
    <Filter Include="SAX\Source Files">
      <UniqueIdentifier>{47BE0A4B-EDC6-3A21-B4ED-D616FC12876D}</UniqueIdentifier>
    </Filter>
    <Filter Include="Unknown">
      <UniqueIdentifier>{68791C0D-B505-375E-A7D4-5654410AD934}</UniqueIdentifier>
    </Filter>
    <Filter Include="Unknown\Header Files">
      <UniqueIdentifier>{CA73DE02-AA78-35B8-90F7-ABD414995BE1}</UniqueIdentifier>
    </Filter>
    <Filter Include="XML">
      <UniqueIdentifier>{CED61761-D412-314D-98AB-99F3B84C5F05}</UniqueIdentifier>
    </Filter>
    <Filter Include="XML\Header Files">
      <UniqueIdentifier>{8EFA2A57-0002-31B8-A69F-1958AAE3D067}</UniqueIdentifier>
    </Filter>
    <Filter Include="XML\Source Files">
      <UniqueIdentifier>{6C657710-70F3-3F24-9AF2-28BFB64AAF5A}</UniqueIdentifier>
    </Filter>
    <Filter Include="expat">
      <UniqueIdentifier>{D6CD1DC5-B8AB-3DA8-9113-1EB8521D9B25}</UniqueIdentifier>
    </Filter>
    <Filter Include="expat\Source Files">
      <UniqueIdentifier>{89DC67A5-EC4D-3E53-B5FB-B81D2AD13073}</UniqueIdentifier>
    </Filter>
  </ItemGroup>
</Project>