<?xml version="1.0" encoding="utf-8"?>
<Project ToolsVersion="16.0" xmlns="http://schemas.microsoft.com/developer/msbuild/2003">
  <ItemGroup>
    <ClCompile Include="..\..\PageCompiler\src\ApacheCodeWriter.cpp">
      <Filter>Unknown\Source Files</Filter>
    </ClCompile>
    <ClCompile Include="..\..\PageCompiler\src\CodeWriter.cpp">
      <Filter>Unknown\Source Files</Filter>
    </ClCompile>
    <ClCompile Include="..\..\PageCompiler\src\OSPCodeWriter.cpp">
      <Filter>Unknown\Source Files</Filter>
    </ClCompile>
    <ClCompile Include="..\..\PageCompiler\src\Page.cpp">
      <Filter>Unknown\Source Files</Filter>
    </ClCompile>
    <ClCompile Include="..\..\PageCompiler\src\PageCompiler.cpp">
      <Filter>Unknown\Source Files</Filter>
    </ClCompile>
    <ClCompile Include="..\..\PageCompiler\src\PageReader.cpp">
      <Filter>Unknown\Source Files</Filter>
    </ClCompile>
  </ItemGroup>
  <ItemGroup>
    <ResourceCompile Include="..\..\DLLVersion.rc">
      <Filter>Resources</Filter>
    </ResourceCompile>
  </ItemGroup>
  <ItemGroup>
    <Filter Include="Resources">
      <UniqueIdentifier>{D9D89DEF-E171-3F3C-BE28-CD06912B4D19}</UniqueIdentifier>
    </Filter>
    <Filter Include="Unknown">
      <UniqueIdentifier>{26A18AC9-5FCC-3EF6-8A20-E94466F55997}</UniqueIdentifier>
    </Filter>
    <Filter Include="Unknown\Source Files">
      <UniqueIdentifier>{63125D22-3469-3C5C-A406-3D2A7A959E12}</UniqueIdentifier>
    </Filter>
  </ItemGroup>
</Project>