<?xml version="1.0" encoding="utf-8"?>
<Project ToolsVersion="16.0" xmlns="http://schemas.microsoft.com/developer/msbuild/2003">
  <ItemGroup>
    <ClCompile Include="..\..\MongoDB\src\Array.cpp">
      <Filter>MongoDB\Source Files</Filter>
    </ClCompile>
    <ClCompile Include="..\..\MongoDB\src\Binary.cpp">
      <Filter>MongoDB\Source Files</Filter>
    </ClCompile>
    <ClCompile Include="..\..\MongoDB\src\Connection.cpp">
      <Filter>MongoDB\Source Files</Filter>
    </ClCompile>
    <ClCompile Include="..\..\MongoDB\src\Cursor.cpp">
      <Filter>MongoDB\Source Files</Filter>
    </ClCompile>
    <ClCompile Include="..\..\MongoDB\src\Database.cpp">
      <Filter>MongoDB\Source Files</Filter>
    </ClCompile>
    <ClCompile Include="..\..\MongoDB\src\DeleteRequest.cpp">
      <Filter>MongoDB\Source Files</Filter>
    </ClCompile>
    <ClCompile Include="..\..\MongoDB\src\Document.cpp">
      <Filter>MongoDB\Source Files</Filter>
    </ClCompile>
    <ClCompile Include="..\..\MongoDB\src\Element.cpp">
      <Filter>MongoDB\Source Files</Filter>
    </ClCompile>
    <ClCompile Include="..\..\MongoDB\src\GetMoreRequest.cpp">
      <Filter>MongoDB\Source Files</Filter>
    </ClCompile>
    <ClCompile Include="..\..\MongoDB\src\InsertRequest.cpp">
      <Filter>MongoDB\Source Files</Filter>
    </ClCompile>
    <ClCompile Include="..\..\MongoDB\src\JavaScriptCode.cpp">
      <Filter>MongoDB\Source Files</Filter>
    </ClCompile>
    <ClCompile Include="..\..\MongoDB\src\KillCursorsRequest.cpp">
      <Filter>MongoDB\Source Files</Filter>
    </ClCompile>
    <ClCompile Include="..\..\MongoDB\src\Message.cpp">
      <Filter>MongoDB\Source Files</Filter>
    </ClCompile>
    <ClCompile Include="..\..\MongoDB\src\MessageHeader.cpp">
      <Filter>MongoDB\Source Files</Filter>
    </ClCompile>
    <ClCompile Include="..\..\MongoDB\src\ObjectId.cpp">
      <Filter>MongoDB\Source Files</Filter>
    </ClCompile>
    <ClCompile Include="..\..\MongoDB\src\QueryRequest.cpp">
      <Filter>MongoDB\Source Files</Filter>
    </ClCompile>
    <ClCompile Include="..\..\MongoDB\src\RegularExpression.cpp">
      <Filter>MongoDB\Source Files</Filter>
    </ClCompile>
    <ClCompile Include="..\..\MongoDB\src\ReplicaSet.cpp">
      <Filter>MongoDB\Source Files</Filter>
    </ClCompile>
    <ClCompile Include="..\..\MongoDB\src\RequestMessage.cpp">
      <Filter>MongoDB\Source Files</Filter>
    </ClCompile>
    <ClCompile Include="..\..\MongoDB\src\ResponseMessage.cpp">
      <Filter>MongoDB\Source Files</Filter>
    </ClCompile>
    <ClCompile Include="..\..\MongoDB\src\UpdateRequest.cpp">
      <Filter>MongoDB\Source Files</Filter>
    </ClCompile>
  </ItemGroup>
  <ItemGroup>
    <ClInclude Include="..\..\MongoDB\include\Poco\MongoDB\Array.h">
      <Filter>MongoDB\Header Files</Filter>
    </ClInclude>
    <ClInclude Include="..\..\MongoDB\include\Poco\MongoDB\BSONReader.h">
      <Filter>MongoDB\Header Files</Filter>
    </ClInclude>
    <ClInclude Include="..\..\MongoDB\include\Poco\MongoDB\BSONWriter.h">
      <Filter>MongoDB\Header Files</Filter>
    </ClInclude>
    <ClInclude Include="..\..\MongoDB\include\Poco\MongoDB\Binary.h">
      <Filter>MongoDB\Header Files</Filter>
    </ClInclude>
    <ClInclude Include="..\..\MongoDB\include\Poco\MongoDB\Connection.h">
      <Filter>MongoDB\Header Files</Filter>
    </ClInclude>
    <ClInclude Include="..\..\MongoDB\include\Poco\MongoDB\Cursor.h">
      <Filter>MongoDB\Header Files</Filter>
    </ClInclude>
    <ClInclude Include="..\..\MongoDB\include\Poco\MongoDB\Database.h">
      <Filter>MongoDB\Header Files</Filter>
    </ClInclude>
    <ClInclude Include="..\..\MongoDB\include\Poco\MongoDB\DeleteRequest.h">
      <Filter>MongoDB\Header Files</Filter>
    </ClInclude>
    <ClInclude Include="..\..\MongoDB\include\Poco\MongoDB\Document.h">
      <Filter>MongoDB\Header Files</Filter>
    </ClInclude>
    <ClInclude Include="..\..\MongoDB\include\Poco\MongoDB\Element.h">
      <Filter>MongoDB\Header Files</Filter>
    </ClInclude>
    <ClInclude Include="..\..\MongoDB\include\Poco\MongoDB\GetMoreRequest.h">
      <Filter>MongoDB\Header Files</Filter>
    </ClInclude>
    <ClInclude Include="..\..\MongoDB\include\Poco\MongoDB\InsertRequest.h">
      <Filter>MongoDB\Header Files</Filter>
    </ClInclude>
    <ClInclude Include="..\..\MongoDB\include\Poco\MongoDB\JavaScriptCode.h">
      <Filter>MongoDB\Header Files</Filter>
    </ClInclude>
    <ClInclude Include="..\..\MongoDB\include\Poco\MongoDB\KillCursorsRequest.h">
      <Filter>MongoDB\Header Files</Filter>
    </ClInclude>
    <ClInclude Include="..\..\MongoDB\include\Poco\MongoDB\Message.h">
      <Filter>MongoDB\Header Files</Filter>
    </ClInclude>
    <ClInclude Include="..\..\MongoDB\include\Poco\MongoDB\MessageHeader.h">
      <Filter>MongoDB\Header Files</Filter>
    </ClInclude>
    <ClInclude Include="..\..\MongoDB\include\Poco\MongoDB\MongoDB.h">
      <Filter>MongoDB\Header Files</Filter>
    </ClInclude>
    <ClInclude Include="..\..\MongoDB\include\Poco\MongoDB\ObjectId.h">
      <Filter>MongoDB\Header Files</Filter>
    </ClInclude>
    <ClInclude Include="..\..\MongoDB\include\Poco\MongoDB\PoolableConnectionFactory.h">
      <Filter>MongoDB\Header Files</Filter>
    </ClInclude>
    <ClInclude Include="..\..\MongoDB\include\Poco\MongoDB\QueryRequest.h">
      <Filter>MongoDB\Header Files</Filter>
    </ClInclude>
    <ClInclude Include="..\..\MongoDB\include\Poco\MongoDB\RegularExpression.h">
      <Filter>MongoDB\Header Files</Filter>
    </ClInclude>
    <ClInclude Include="..\..\MongoDB\include\Poco\MongoDB\ReplicaSet.h">
      <Filter>MongoDB\Header Files</Filter>
    </ClInclude>
    <ClInclude Include="..\..\MongoDB\include\Poco\MongoDB\RequestMessage.h">
      <Filter>MongoDB\Header Files</Filter>
    </ClInclude>
    <ClInclude Include="..\..\MongoDB\include\Poco\MongoDB\ResponseMessage.h">
      <Filter>MongoDB\Header Files</Filter>
    </ClInclude>
    <ClInclude Include="..\..\MongoDB\include\Poco\MongoDB\UpdateRequest.h">
      <Filter>MongoDB\Header Files</Filter>
    </ClInclude>
  </ItemGroup>
  <ItemGroup>
    <Filter Include="MongoDB">
      <UniqueIdentifier>{F4952319-1683-3725-8E4C-A9CC9CF22E31}</UniqueIdentifier>
    </Filter>
    <Filter Include="MongoDB\Header Files">
      <UniqueIdentifier>{7DE9A25C-20F5-3522-9CE7-32372BC1264E}</UniqueIdentifier>
    </Filter>
    <Filter Include="MongoDB\Source Files">
      <UniqueIdentifier>{D86290B9-1EBB-3956-8B66-54ECF44325F7}</UniqueIdentifier>
    </Filter>
  </ItemGroup>
</Project>