<?xml version="1.0" encoding="utf-8"?>
<Project ToolsVersion="16.0" xmlns="http://schemas.microsoft.com/developer/msbuild/2003">
  <ItemGroup>
    <ClCompile Include="..\..\Net\src\AbstractHTTPRequestHandler.cpp">
      <Filter>HTTPServer\Source Files</Filter>
    </ClCompile>
    <ClCompile Include="..\..\Net\src\DNS.cpp">
      <Filter>NetCore\Source Files</Filter>
    </ClCompile>
    <ClCompile Include="..\..\Net\src\DatagramSocket.cpp">
      <Filter>Sockets\Source Files</Filter>
    </ClCompile>
    <ClCompile Include="..\..\Net\src\DatagramSocketImpl.cpp">
      <Filter>Sockets\Source Files</Filter>
    </ClCompile>
    <ClCompile Include="..\..\Net\src\DialogSocket.cpp">
      <Filter>Sockets\Source Files</Filter>
    </ClCompile>
    <ClCompile Include="..\..\Net\src\EscapeHTMLStream.cpp">
      <Filter>Mail\Source Files</Filter>
    </ClCompile>
    <ClCompile Include="..\..\Net\src\FTPClientSession.cpp">
      <Filter>FTP\Source Files</Filter>
    </ClCompile>
    <ClCompile Include="..\..\Net\src\FTPStreamFactory.cpp">
      <Filter>FTP\Source Files</Filter>
    </ClCompile>
    <ClCompile Include="..\..\Net\src\FilePartSource.cpp">
      <Filter>Messages\Source Files</Filter>
    </ClCompile>
    <ClCompile Include="..\..\Net\src\HTMLForm.cpp">
      <Filter>HTML\Source Files</Filter>
    </ClCompile>
    <ClCompile Include="..\..\Net\src\HTTPAuthenticationParams.cpp">
      <Filter>HTTP\Source Files</Filter>
    </ClCompile>
    <ClCompile Include="..\..\Net\src\HTTPBasicCredentials.cpp">
      <Filter>HTTP\Source Files</Filter>
    </ClCompile>
    <ClCompile Include="..\..\Net\src\HTTPBufferAllocator.cpp">
      <Filter>HTTP\Source Files</Filter>
    </ClCompile>
    <ClCompile Include="..\..\Net\src\HTTPChunkedStream.cpp">
      <Filter>HTTP\Source Files</Filter>
    </ClCompile>
    <ClCompile Include="..\..\Net\src\HTTPClientSession.cpp">
      <Filter>HTTPClient\Source Files</Filter>
    </ClCompile>
    <ClCompile Include="..\..\Net\src\HTTPCookie.cpp">
      <Filter>HTTP\Source Files</Filter>
    </ClCompile>
    <ClCompile Include="..\..\Net\src\HTTPCredentials.cpp">
      <Filter>HTTP\Source Files</Filter>
    </ClCompile>
    <ClCompile Include="..\..\Net\src\HTTPDigestCredentials.cpp">
      <Filter>HTTP\Source Files</Filter>
    </ClCompile>
    <ClCompile Include="..\..\Net\src\HTTPFixedLengthStream.cpp">
      <Filter>HTTP\Source Files</Filter>
    </ClCompile>
    <ClCompile Include="..\..\Net\src\HTTPHeaderStream.cpp">
      <Filter>HTTP\Source Files</Filter>
    </ClCompile>
    <ClCompile Include="..\..\Net\src\HTTPIOStream.cpp">
      <Filter>HTTP\Source Files</Filter>
    </ClCompile>
    <ClCompile Include="..\..\Net\src\HTTPMessage.cpp">
      <Filter>HTTP\Source Files</Filter>
    </ClCompile>
    <ClCompile Include="..\..\Net\src\HTTPNTLMCredentials.cpp">
      <Filter>HTTP\Source Files</Filter>
    </ClCompile>
    <ClCompile Include="..\..\Net\src\HTTPRequest.cpp">
      <Filter>HTTP\Source Files</Filter>
    </ClCompile>
    <ClCompile Include="..\..\Net\src\HTTPRequestHandler.cpp">
      <Filter>HTTPServer\Source Files</Filter>
    </ClCompile>
    <ClCompile Include="..\..\Net\src\HTTPRequestHandlerFactory.cpp">
      <Filter>HTTPServer\Source Files</Filter>
    </ClCompile>
    <ClCompile Include="..\..\Net\src\HTTPResponse.cpp">
      <Filter>HTTP\Source Files</Filter>
    </ClCompile>
    <ClCompile Include="..\..\Net\src\HTTPServer.cpp">
      <Filter>HTTPServer\Source Files</Filter>
    </ClCompile>
    <ClCompile Include="..\..\Net\src\HTTPServerConnection.cpp">
      <Filter>HTTPServer\Source Files</Filter>
    </ClCompile>
    <ClCompile Include="..\..\Net\src\HTTPServerConnectionFactory.cpp">
      <Filter>HTTPServer\Source Files</Filter>
    </ClCompile>
    <ClCompile Include="..\..\Net\src\HTTPServerParams.cpp">
      <Filter>HTTPServer\Source Files</Filter>
    </ClCompile>
    <ClCompile Include="..\..\Net\src\HTTPServerRequest.cpp">
      <Filter>HTTPServer\Source Files</Filter>
    </ClCompile>
    <ClCompile Include="..\..\Net\src\HTTPServerRequestImpl.cpp">
      <Filter>HTTPServer\Source Files</Filter>
    </ClCompile>
    <ClCompile Include="..\..\Net\src\HTTPServerResponse.cpp">
      <Filter>HTTPServer\Source Files</Filter>
    </ClCompile>
    <ClCompile Include="..\..\Net\src\HTTPServerResponseImpl.cpp">
      <Filter>HTTPServer\Source Files</Filter>
    </ClCompile>
    <ClCompile Include="..\..\Net\src\HTTPServerSession.cpp">
      <Filter>HTTPServer\Source Files</Filter>
    </ClCompile>
    <ClCompile Include="..\..\Net\src\HTTPSession.cpp">
      <Filter>HTTP\Source Files</Filter>
    </ClCompile>
    <ClCompile Include="..\..\Net\src\HTTPSessionFactory.cpp">
      <Filter>HTTPClient\Source Files</Filter>
    </ClCompile>
    <ClCompile Include="..\..\Net\src\HTTPSessionInstantiator.cpp">
      <Filter>HTTPClient\Source Files</Filter>
    </ClCompile>
    <ClCompile Include="..\..\Net\src\HTTPStream.cpp">
      <Filter>HTTP\Source Files</Filter>
    </ClCompile>
    <ClCompile Include="..\..\Net\src\HTTPStreamFactory.cpp">
      <Filter>HTTP\Source Files</Filter>
    </ClCompile>
    <ClCompile Include="..\..\Net\src\HostEntry.cpp">
      <Filter>NetCore\Source Files</Filter>
    </ClCompile>
    <ClCompile Include="..\..\Net\src\ICMPClient.cpp">
      <Filter>ICMP\Source Files</Filter>
    </ClCompile>
    <ClCompile Include="..\..\Net\src\ICMPEventArgs.cpp">
      <Filter>ICMP\Source Files</Filter>
    </ClCompile>
    <ClCompile Include="..\..\Net\src\ICMPPacket.cpp">
      <Filter>ICMP\Source Files</Filter>
    </ClCompile>
    <ClCompile Include="..\..\Net\src\ICMPPacketImpl.cpp">
      <Filter>ICMP\Source Files</Filter>
    </ClCompile>
    <ClCompile Include="..\..\Net\src\ICMPSocket.cpp">
      <Filter>ICMP\Source Files</Filter>
    </ClCompile>
    <ClCompile Include="..\..\Net\src\ICMPSocketImpl.cpp">
      <Filter>ICMP\Source Files</Filter>
    </ClCompile>
    <ClCompile Include="..\..\Net\src\ICMPv4PacketImpl.cpp">
      <Filter>ICMP\Source Files</Filter>
    </ClCompile>
    <ClCompile Include="..\..\Net\src\IPAddress.cpp">
      <Filter>NetCore\Source Files</Filter>
    </ClCompile>
    <ClCompile Include="..\..\Net\src\IPAddressImpl.cpp">
      <Filter>NetCore\Source Files</Filter>
    </ClCompile>
    <ClCompile Include="..\..\Net\src\MailMessage.cpp">
      <Filter>Mail\Source Files</Filter>
    </ClCompile>
    <ClCompile Include="..\..\Net\src\MailRecipient.cpp">
      <Filter>Mail\Source Files</Filter>
    </ClCompile>
    <ClCompile Include="..\..\Net\src\MailStream.cpp">
      <Filter>Mail\Source Files</Filter>
    </ClCompile>
    <ClCompile Include="..\..\Net\src\MediaType.cpp">
      <Filter>Messages\Source Files</Filter>
    </ClCompile>
    <ClCompile Include="..\..\Net\src\MessageHeader.cpp">
      <Filter>Messages\Source Files</Filter>
    </ClCompile>
    <ClCompile Include="..\..\Net\src\MulticastSocket.cpp">
      <Filter>Sockets\Source Files</Filter>
    </ClCompile>
    <ClCompile Include="..\..\Net\src\MultipartReader.cpp">
      <Filter>Messages\Source Files</Filter>
    </ClCompile>
    <ClCompile Include="..\..\Net\src\MultipartWriter.cpp">
      <Filter>Messages\Source Files</Filter>
    </ClCompile>
    <ClCompile Include="..\..\Net\src\NTLMCredentials.cpp">
      <Filter>NTLM\Source Files</Filter>
    </ClCompile>
    <ClCompile Include="..\..\Net\src\NTPClient.cpp">
      <Filter>NTP\Source Files</Filter>
    </ClCompile>
    <ClCompile Include="..\..\Net\src\NTPEventArgs.cpp">
      <Filter>NTP\Source Files</Filter>
    </ClCompile>
    <ClCompile Include="..\..\Net\src\NTPPacket.cpp">
      <Filter>NTP\Source Files</Filter>
    </ClCompile>
    <ClCompile Include="..\..\Net\src\NameValueCollection.cpp">
      <Filter>Messages\Source Files</Filter>
    </ClCompile>
    <ClCompile Include="..\..\Net\src\Net.cpp">
      <Filter>NetCore\Source Files</Filter>
    </ClCompile>
    <ClCompile Include="..\..\Net\src\NetException.cpp">
      <Filter>NetCore\Source Files</Filter>
    </ClCompile>
    <ClCompile Include="..\..\Net\src\NetworkInterface.cpp">
      <Filter>NetCore\Source Files</Filter>
    </ClCompile>
    <ClCompile Include="..\..\Net\src\NullPartHandler.cpp">
      <Filter>Messages\Source Files</Filter>
    </ClCompile>
    <ClCompile Include="..\..\Net\src\OAuth10Credentials.cpp">
      <Filter>OAuth\Source Files</Filter>
    </ClCompile>
    <ClCompile Include="..\..\Net\src\OAuth20Credentials.cpp">
      <Filter>OAuth\Source Files</Filter>
    </ClCompile>
    <ClCompile Include="..\..\Net\src\POP3ClientSession.cpp">
      <Filter>Mail\Source Files</Filter>
    </ClCompile>
    <ClCompile Include="..\..\Net\src\PartHandler.cpp">
      <Filter>Messages\Source Files</Filter>
    </ClCompile>
    <ClCompile Include="..\..\Net\src\PartSource.cpp">
      <Filter>Messages\Source Files</Filter>
    </ClCompile>
    <ClCompile Include="..\..\Net\src\PartStore.cpp">
      <Filter>Messages\Source Files</Filter>
    </ClCompile>
    <ClCompile Include="..\..\Net\src\PollSet.cpp">
      <Filter>Sockets\Source Files</Filter>
    </ClCompile>
    <ClCompile Include="..\..\Net\src\QuotedPrintableDecoder.cpp">
      <Filter>Messages\Source Files</Filter>
    </ClCompile>
    <ClCompile Include="..\..\Net\src\QuotedPrintableEncoder.cpp">
      <Filter>Messages\Source Files</Filter>
    </ClCompile>
    <ClCompile Include="..\..\Net\src\RawSocket.cpp">
      <Filter>Sockets\Source Files</Filter>
    </ClCompile>
    <ClCompile Include="..\..\Net\src\RawSocketImpl.cpp">
      <Filter>Sockets\Source Files</Filter>
    </ClCompile>
    <ClCompile Include="..\..\Net\src\RemoteSyslogChannel.cpp">
      <Filter>Logging\Source Files</Filter>
    </ClCompile>
    <ClCompile Include="..\..\Net\src\RemoteSyslogListener.cpp">
      <Filter>Logging\Source Files</Filter>
    </ClCompile>
    <ClCompile Include="..\..\Net\src\SMTPChannel.cpp">
      <Filter>Logging\Source Files</Filter>
    </ClCompile>
    <ClCompile Include="..\..\Net\src\SMTPClientSession.cpp">
      <Filter>Mail\Source Files</Filter>
    </ClCompile>
    <ClCompile Include="..\..\Net\src\SSPINTLMCredentials.cpp">
      <Filter>NTLM\Source Files</Filter>
    </ClCompile>
    <ClCompile Include="..\..\Net\src\ServerSocket.cpp">
      <Filter>Sockets\Source Files</Filter>
    </ClCompile>
    <ClCompile Include="..\..\Net\src\ServerSocketImpl.cpp">
      <Filter>Sockets\Source Files</Filter>
    </ClCompile>
    <ClCompile Include="..\..\Net\src\Socket.cpp">
      <Filter>Sockets\Source Files</Filter>
    </ClCompile>
    <ClCompile Include="..\..\Net\src\SocketAddress.cpp">
      <Filter>NetCore\Source Files</Filter>
    </ClCompile>
    <ClCompile Include="..\..\Net\src\SocketAddressImpl.cpp">
      <Filter>NetCore\Source Files</Filter>
    </ClCompile>
    <ClCompile Include="..\..\Net\src\SocketImpl.cpp">
      <Filter>Sockets\Source Files</Filter>
    </ClCompile>
    <ClCompile Include="..\..\Net\src\SocketNotification.cpp">
      <Filter>Reactor\Source Files</Filter>
    </ClCompile>
    <ClCompile Include="..\..\Net\src\SocketNotifier.cpp">
      <Filter>Reactor\Source Files</Filter>
    </ClCompile>
    <ClCompile Include="..\..\Net\src\SocketReactor.cpp">
      <Filter>Reactor\Source Files</Filter>
    </ClCompile>
    <ClCompile Include="..\..\Net\src\SocketStream.cpp">
      <Filter>Sockets\Source Files</Filter>
    </ClCompile>
    <ClCompile Include="..\..\Net\src\StreamSocket.cpp">
      <Filter>Sockets\Source Files</Filter>
    </ClCompile>
    <ClCompile Include="..\..\Net\src\StreamSocketImpl.cpp">
      <Filter>Sockets\Source Files</Filter>
    </ClCompile>
    <ClCompile Include="..\..\Net\src\StringPartSource.cpp">
      <Filter>Messages\Source Files</Filter>
    </ClCompile>
    <ClCompile Include="..\..\Net\src\TCPServer.cpp">
      <Filter>TCPServer\Source Files</Filter>
    </ClCompile>
    <ClCompile Include="..\..\Net\src\TCPServerConnection.cpp">
      <Filter>TCPServer\Source Files</Filter>
    </ClCompile>
    <ClCompile Include="..\..\Net\src\TCPServerConnectionFactory.cpp">
      <Filter>TCPServer\Source Files</Filter>
    </ClCompile>
    <ClCompile Include="..\..\Net\src\TCPServerDispatcher.cpp">
      <Filter>TCPServer\Source Files</Filter>
    </ClCompile>
    <ClCompile Include="..\..\Net\src\TCPServerParams.cpp">
      <Filter>TCPServer\Source Files</Filter>
    </ClCompile>
    <ClCompile Include="..\..\Net\src\UDPClient.cpp">
      <Filter>UDP\Source Files</Filter>
    </ClCompile>
    <ClCompile Include="..\..\Net\src\UDPServerParams.cpp">
      <Filter>UDP\Source Files</Filter>
    </ClCompile>
    <ClCompile Include="..\..\Net\src\WebSocket.cpp">
      <Filter>WebSocket\Source Files</Filter>
    </ClCompile>
    <ClCompile Include="..\..\Net\src\WebSocketImpl.cpp">
      <Filter>WebSocket\Source Files</Filter>
    </ClCompile>
  </ItemGroup>
  <ItemGroup>
    <ClInclude Include="..\..\Net\include\Poco\Net\AbstractHTTPRequestHandler.h">
      <Filter>HTTPServer\Header Files</Filter>
    </ClInclude>
    <ClInclude Include="..\..\Net\include\Poco\Net\DNS.h">
      <Filter>NetCore\Header Files</Filter>
    </ClInclude>
    <ClInclude Include="..\..\Net\include\Poco\Net\DatagramSocket.h">
      <Filter>Sockets\Header Files</Filter>
    </ClInclude>
    <ClInclude Include="..\..\Net\include\Poco\Net\DatagramSocketImpl.h">
      <Filter>Sockets\Header Files</Filter>
    </ClInclude>
    <ClInclude Include="..\..\Net\include\Poco\Net\DialogSocket.h">
      <Filter>Sockets\Header Files</Filter>
    </ClInclude>
    <ClInclude Include="..\..\Net\include\Poco\Net\EscapeHTMLStream.h">
      <Filter>HTTP\Header Files</Filter>
    </ClInclude>
    <ClInclude Include="..\..\Net\include\Poco\Net\FTPClientSession.h">
      <Filter>FTP\Header Files</Filter>
    </ClInclude>
    <ClInclude Include="..\..\Net\include\Poco\Net\FTPStreamFactory.h">
      <Filter>FTP\Header Files</Filter>
    </ClInclude>
    <ClInclude Include="..\..\Net\include\Poco\Net\FilePartSource.h">
      <Filter>Messages\Header Files</Filter>
    </ClInclude>
    <ClInclude Include="..\..\Net\include\Poco\Net\HTMLForm.h">
      <Filter>HTML\Header Files</Filter>
    </ClInclude>
    <ClInclude Include="..\..\Net\include\Poco\Net\HTTPAuthenticationParams.h">
      <Filter>HTTP\Header Files</Filter>
    </ClInclude>
    <ClInclude Include="..\..\Net\include\Poco\Net\HTTPBasicCredentials.h">
      <Filter>HTTP\Header Files</Filter>
    </ClInclude>
    <ClInclude Include="..\..\Net\include\Poco\Net\HTTPBasicStreamBuf.h">
      <Filter>HTTP\Header Files</Filter>
    </ClInclude>
    <ClInclude Include="..\..\Net\include\Poco\Net\HTTPBufferAllocator.h">
      <Filter>HTTP\Header Files</Filter>
    </ClInclude>
    <ClInclude Include="..\..\Net\include\Poco\Net\HTTPChunkedStream.h">
      <Filter>HTTP\Header Files</Filter>
    </ClInclude>
    <ClInclude Include="..\..\Net\include\Poco\Net\HTTPClientSession.h">
      <Filter>HTTPClient\Header Files</Filter>
    </ClInclude>
    <ClInclude Include="..\..\Net\include\Poco\Net\HTTPCookie.h">
      <Filter>HTTP\Header Files</Filter>
    </ClInclude>
    <ClInclude Include="..\..\Net\include\Poco\Net\HTTPCredentials.h">
      <Filter>HTTP\Header Files</Filter>
    </ClInclude>
    <ClInclude Include="..\..\Net\include\Poco\Net\HTTPDigestCredentials.h">
      <Filter>HTTP\Header Files</Filter>
    </ClInclude>
    <ClInclude Include="..\..\Net\include\Poco\Net\HTTPFixedLengthStream.h">
      <Filter>HTTP\Header Files</Filter>
    </ClInclude>
    <ClInclude Include="..\..\Net\include\Poco\Net\HTTPHeaderStream.h">
      <Filter>HTTP\Header Files</Filter>
    </ClInclude>
    <ClInclude Include="..\..\Net\include\Poco\Net\HTTPIOStream.h">
      <Filter>HTTP\Header Files</Filter>
    </ClInclude>
    <ClInclude Include="..\..\Net\include\Poco\Net\HTTPMessage.h">
      <Filter>HTTP\Header Files</Filter>
    </ClInclude>
    <ClInclude Include="..\..\Net\include\Poco\Net\HTTPNTLMCredentials.h">
      <Filter>HTTP\Header Files</Filter>
    </ClInclude>
    <ClInclude Include="..\..\Net\include\Poco\Net\HTTPRequest.h">
      <Filter>HTTP\Header Files</Filter>
    </ClInclude>
    <ClInclude Include="..\..\Net\include\Poco\Net\HTTPRequestHandler.h">
      <Filter>HTTPServer\Header Files</Filter>
    </ClInclude>
    <ClInclude Include="..\..\Net\include\Poco\Net\HTTPRequestHandlerFactory.h">
      <Filter>HTTPServer\Header Files</Filter>
    </ClInclude>
    <ClInclude Include="..\..\Net\include\Poco\Net\HTTPResponse.h">
      <Filter>HTTP\Header Files</Filter>
    </ClInclude>
    <ClInclude Include="..\..\Net\include\Poco\Net\HTTPServer.h">
      <Filter>HTTPServer\Header Files</Filter>
    </ClInclude>
    <ClInclude Include="..\..\Net\include\Poco\Net\HTTPServerConnection.h">
      <Filter>HTTPServer\Header Files</Filter>
    </ClInclude>
    <ClInclude Include="..\..\Net\include\Poco\Net\HTTPServerConnectionFactory.h">
      <Filter>HTTPServer\Header Files</Filter>
    </ClInclude>
    <ClInclude Include="..\..\Net\include\Poco\Net\HTTPServerParams.h">
      <Filter>HTTPServer\Header Files</Filter>
    </ClInclude>
    <ClInclude Include="..\..\Net\include\Poco\Net\HTTPServerRequest.h">
      <Filter>HTTPServer\Header Files</Filter>
    </ClInclude>
    <ClInclude Include="..\..\Net\include\Poco\Net\HTTPServerRequestImpl.h">
      <Filter>HTTPServer\Header Files</Filter>
    </ClInclude>
    <ClInclude Include="..\..\Net\include\Poco\Net\HTTPServerResponse.h">
      <Filter>HTTPServer\Header Files</Filter>
    </ClInclude>
    <ClInclude Include="..\..\Net\include\Poco\Net\HTTPServerResponseImpl.h">
      <Filter>HTTPServer\Header Files</Filter>
    </ClInclude>
    <ClInclude Include="..\..\Net\include\Poco\Net\HTTPServerSession.h">
      <Filter>HTTPServer\Header Files</Filter>
    </ClInclude>
    <ClInclude Include="..\..\Net\include\Poco\Net\HTTPSession.h">
      <Filter>HTTP\Header Files</Filter>
    </ClInclude>
    <ClInclude Include="..\..\Net\include\Poco\Net\HTTPSessionFactory.h">
      <Filter>HTTPClient\Header Files</Filter>
    </ClInclude>
    <ClInclude Include="..\..\Net\include\Poco\Net\HTTPSessionInstantiator.h">
      <Filter>HTTPClient\Header Files</Filter>
    </ClInclude>
    <ClInclude Include="..\..\Net\include\Poco\Net\HTTPStream.h">
      <Filter>HTTP\Header Files</Filter>
    </ClInclude>
    <ClInclude Include="..\..\Net\include\Poco\Net\HTTPStreamFactory.h">
      <Filter>HTTP\Header Files</Filter>
    </ClInclude>
    <ClInclude Include="..\..\Net\include\Poco\Net\HostEntry.h">
      <Filter>NetCore\Header Files</Filter>
    </ClInclude>
    <ClInclude Include="..\..\Net\include\Poco\Net\ICMPClient.h">
      <Filter>ICMP\Header Files</Filter>
    </ClInclude>
    <ClInclude Include="..\..\Net\include\Poco\Net\ICMPEventArgs.h">
      <Filter>ICMP\Header Files</Filter>
    </ClInclude>
    <ClInclude Include="..\..\Net\include\Poco\Net\ICMPPacket.h">
      <Filter>ICMP\Header Files</Filter>
    </ClInclude>
    <ClInclude Include="..\..\Net\include\Poco\Net\ICMPPacketImpl.h">
      <Filter>ICMP\Header Files</Filter>
    </ClInclude>
    <ClInclude Include="..\..\Net\include\Poco\Net\ICMPSocket.h">
      <Filter>ICMP\Header Files</Filter>
    </ClInclude>
    <ClInclude Include="..\..\Net\include\Poco\Net\ICMPSocketImpl.h">
      <Filter>ICMP\Header Files</Filter>
    </ClInclude>
    <ClInclude Include="..\..\Net\include\Poco\Net\ICMPv4PacketImpl.h">
      <Filter>ICMP\Header Files</Filter>
    </ClInclude>
    <ClInclude Include="..\..\Net\include\Poco\Net\IPAddress.h">
      <Filter>NetCore\Header Files</Filter>
    </ClInclude>
    <ClInclude Include="..\..\Net\include\Poco\Net\IPAddressImpl.h">
      <Filter>NetCore\Header Files</Filter>
    </ClInclude>
    <ClInclude Include="..\..\Net\include\Poco\Net\MailMessage.h">
      <Filter>Mail\Header Files</Filter>
    </ClInclude>
    <ClInclude Include="..\..\Net\include\Poco\Net\MailRecipient.h">
      <Filter>Mail\Header Files</Filter>
    </ClInclude>
    <ClInclude Include="..\..\Net\include\Poco\Net\MailStream.h">
      <Filter>Mail\Header Files</Filter>
    </ClInclude>
    <ClInclude Include="..\..\Net\include\Poco\Net\MediaType.h">
      <Filter>Messages\Header Files</Filter>
    </ClInclude>
    <ClInclude Include="..\..\Net\include\Poco\Net\MessageHeader.h">
      <Filter>Messages\Header Files</Filter>
    </ClInclude>
    <ClInclude Include="..\..\Net\include\Poco\Net\MultiSocketPoller.h">
      <Filter>UDP\Header Files</Filter>
    </ClInclude>
    <ClInclude Include="..\..\Net\include\Poco\Net\MulticastSocket.h">
      <Filter>Sockets\Header Files</Filter>
    </ClInclude>
    <ClInclude Include="..\..\Net\include\Poco\Net\MultipartReader.h">
      <Filter>Messages\Header Files</Filter>
    </ClInclude>
    <ClInclude Include="..\..\Net\include\Poco\Net\MultipartWriter.h">
      <Filter>Messages\Header Files</Filter>
    </ClInclude>
    <ClInclude Include="..\..\Net\include\Poco\Net\NTLMCredentials.h">
      <Filter>NTLM\Header Files</Filter>
    </ClInclude>
    <ClInclude Include="..\..\Net\include\Poco\Net\NTPClient.h">
      <Filter>NTP\Header Files</Filter>
    </ClInclude>
    <ClInclude Include="..\..\Net\include\Poco\Net\NTPEventArgs.h">
      <Filter>NTP\Header Files</Filter>
    </ClInclude>
    <ClInclude Include="..\..\Net\include\Poco\Net\NTPPacket.h">
      <Filter>NTP\Header Files</Filter>
    </ClInclude>
    <ClInclude Include="..\..\Net\include\Poco\Net\NameValueCollection.h">
      <Filter>Messages\Header Files</Filter>
    </ClInclude>
    <ClInclude Include="..\..\Net\include\Poco\Net\Net.h">
      <Filter>NetCore\Header Files</Filter>
    </ClInclude>
    <ClInclude Include="..\..\Net\include\Poco\Net\NetException.h">
      <Filter>NetCore\Header Files</Filter>
    </ClInclude>
    <ClInclude Include="..\..\Net\include\Poco\Net\NetworkInterface.h">
      <Filter>Sockets\Header Files</Filter>
    </ClInclude>
    <ClInclude Include="..\..\Net\include\Poco\Net\NullPartHandler.h">
      <Filter>Messages\Header Files</Filter>
    </ClInclude>
    <ClInclude Include="..\..\Net\include\Poco\Net\OAuth10Credentials.h">
      <Filter>OAuth\Header Files</Filter>
    </ClInclude>
    <ClInclude Include="..\..\Net\include\Poco\Net\OAuth20Credentials.h">
      <Filter>OAuth\Header Files</Filter>
    </ClInclude>
    <ClInclude Include="..\..\Net\include\Poco\Net\POP3ClientSession.h">
      <Filter>Mail\Header Files</Filter>
    </ClInclude>
    <ClInclude Include="..\..\Net\include\Poco\Net\ParallelSocketAcceptor.h">
      <Filter>Reactor\Header Files</Filter>
    </ClInclude>
    <ClInclude Include="..\..\Net\include\Poco\Net\ParallelSocketReactor.h">
      <Filter>Reactor\Header Files</Filter>
    </ClInclude>
    <ClInclude Include="..\..\Net\include\Poco\Net\PartHandler.h">
      <Filter>Messages\Header Files</Filter>
    </ClInclude>
    <ClInclude Include="..\..\Net\include\Poco\Net\PartSource.h">
      <Filter>Messages\Header Files</Filter>
    </ClInclude>
    <ClInclude Include="..\..\Net\include\Poco\Net\PartStore.h">
      <Filter>Messages\Header Files</Filter>
    </ClInclude>
    <ClInclude Include="..\..\Net\include\Poco\Net\PollSet.h">
      <Filter>Sockets\Header Files</Filter>
    </ClInclude>
    <ClInclude Include="..\..\Net\include\Poco\Net\QuotedPrintableDecoder.h">
      <Filter>Messages\Header Files</Filter>
    </ClInclude>
    <ClInclude Include="..\..\Net\include\Poco\Net\QuotedPrintableEncoder.h">
      <Filter>Messages\Header Files</Filter>
    </ClInclude>
    <ClInclude Include="..\..\Net\include\Poco\Net\RawSocket.h">
      <Filter>Sockets\Header Files</Filter>
    </ClInclude>
    <ClInclude Include="..\..\Net\include\Poco\Net\RawSocketImpl.h">
      <Filter>Sockets\Header Files</Filter>
    </ClInclude>
    <ClInclude Include="..\..\Net\include\Poco\Net\RemoteSyslogChannel.h">
      <Filter>Logging\Header Files</Filter>
    </ClInclude>
    <ClInclude Include="..\..\Net\include\Poco\Net\RemoteSyslogListener.h">
      <Filter>Logging\Header Files</Filter>
    </ClInclude>
    <ClInclude Include="..\..\Net\include\Poco\Net\SMTPChannel.h">
      <Filter>Logging\Header Files</Filter>
    </ClInclude>
    <ClInclude Include="..\..\Net\include\Poco\Net\SMTPClientSession.h">
      <Filter>Mail\Header Files</Filter>
    </ClInclude>
    <ClInclude Include="..\..\Net\include\Poco\Net\SSPINTLMCredentials.h">
      <Filter>NTLM\Header Files</Filter>
    </ClInclude>
    <ClInclude Include="..\..\Net\include\Poco\Net\ServerSocket.h">
      <Filter>Sockets\Header Files</Filter>
    </ClInclude>
    <ClInclude Include="..\..\Net\include\Poco\Net\ServerSocketImpl.h">
      <Filter>Sockets\Header Files</Filter>
    </ClInclude>
    <ClInclude Include="..\..\Net\include\Poco\Net\SingleSocketPoller.h">
      <Filter>UDP\Header Files</Filter>
    </ClInclude>
    <ClInclude Include="..\..\Net\include\Poco\Net\Socket.h">
      <Filter>Sockets\Header Files</Filter>
    </ClInclude>
    <ClInclude Include="..\..\Net\include\Poco\Net\SocketAcceptor.h">
      <Filter>Reactor\Header Files</Filter>
    </ClInclude>
    <ClInclude Include="..\..\Net\include\Poco\Net\SocketAddress.h">
      <Filter>NetCore\Header Files</Filter>
    </ClInclude>
    <ClInclude Include="..\..\Net\include\Poco\Net\SocketAddressImpl.h">
      <Filter>NetCore\Header Files</Filter>
    </ClInclude>
    <ClInclude Include="..\..\Net\include\Poco\Net\SocketConnector.h">
      <Filter>Reactor\Header Files</Filter>
    </ClInclude>
    <ClInclude Include="..\..\Net\include\Poco\Net\SocketDefs.h">
      <Filter>NetCore\Header Files</Filter>
    </ClInclude>
    <ClInclude Include="..\..\Net\include\Poco\Net\SocketImpl.h">
      <Filter>Sockets\Header Files</Filter>
    </ClInclude>
    <ClInclude Include="..\..\Net\include\Poco\Net\SocketNotification.h">
      <Filter>Reactor\Header Files</Filter>
    </ClInclude>
    <ClInclude Include="..\..\Net\include\Poco\Net\SocketNotifier.h">
      <Filter>Reactor\Header Files</Filter>
    </ClInclude>
    <ClInclude Include="..\..\Net\include\Poco\Net\SocketReactor.h">
      <Filter>Reactor\Header Files</Filter>
    </ClInclude>
    <ClInclude Include="..\..\Net\include\Poco\Net\SocketStream.h">
      <Filter>Sockets\Header Files</Filter>
    </ClInclude>
    <ClInclude Include="..\..\Net\include\Poco\Net\StreamSocket.h">
      <Filter>Sockets\Header Files</Filter>
    </ClInclude>
    <ClInclude Include="..\..\Net\include\Poco\Net\StreamSocketImpl.h">
      <Filter>Sockets\Header Files</Filter>
    </ClInclude>
    <ClInclude Include="..\..\Net\include\Poco\Net\StringPartSource.h">
      <Filter>Messages\Header Files</Filter>
    </ClInclude>
    <ClInclude Include="..\..\Net\include\Poco\Net\TCPServer.h">
      <Filter>TCPServer\Header Files</Filter>
    </ClInclude>
    <ClInclude Include="..\..\Net\include\Poco\Net\TCPServerConnection.h">
      <Filter>TCPServer\Header Files</Filter>
    </ClInclude>
    <ClInclude Include="..\..\Net\include\Poco\Net\TCPServerConnectionFactory.h">
      <Filter>TCPServer\Header Files</Filter>
    </ClInclude>
    <ClInclude Include="..\..\Net\include\Poco\Net\TCPServerDispatcher.h">
      <Filter>TCPServer\Header Files</Filter>
    </ClInclude>
    <ClInclude Include="..\..\Net\include\Poco\Net\TCPServerParams.h">
      <Filter>TCPServer\Header Files</Filter>
    </ClInclude>
    <ClInclude Include="..\..\Net\include\Poco\Net\UDPClient.h">
      <Filter>UDP\Header Files</Filter>
    </ClInclude>
    <ClInclude Include="..\..\Net\include\Poco\Net\UDPHandler.h">
      <Filter>UDP\Header Files</Filter>
    </ClInclude>
    <ClInclude Include="..\..\Net\include\Poco\Net\UDPServer.h">
      <Filter>UDP\Header Files</Filter>
    </ClInclude>
    <ClInclude Include="..\..\Net\include\Poco\Net\UDPServerParams.h">
      <Filter>UDP\Header Files</Filter>
    </ClInclude>
    <ClInclude Include="..\..\Net\include\Poco\Net\UDPSocketReader.h">
      <Filter>UDP\Header Files</Filter>
    </ClInclude>
    <ClInclude Include="..\..\Net\include\Poco\Net\WebSocket.h">
      <Filter>WebSocket\Header Files</Filter>
    </ClInclude>
    <ClInclude Include="..\..\Net\include\Poco\Net\WebSocketImpl.h">
      <Filter>WebSocket\Header Files</Filter>
    </ClInclude>
  </ItemGroup>
  <ItemGroup>
    <Filter Include="FTP">
      <UniqueIdentifier>{AB27DFA5-22E0-3DA3-8FB2-00E37A00EA96}</UniqueIdentifier>
    </Filter>
    <Filter Include="FTP\Header Files">
      <UniqueIdentifier>{923DB340-0955-33EB-882B-DFAC17A18070}</UniqueIdentifier>
    </Filter>
    <Filter Include="FTP\Source Files">
      <UniqueIdentifier>{B8896874-D539-352C-875F-C84DF17476BB}</UniqueIdentifier>
    </Filter>
    <Filter Include="HTML">
      <UniqueIdentifier>{86BDDEB5-9BEC-346A-85FC-2F01C4123F74}</UniqueIdentifier>
    </Filter>
    <Filter Include="HTML\Header Files">
      <UniqueIdentifier>{4C90309E-237C-31A7-92C7-219A38C81887}</UniqueIdentifier>
    </Filter>
    <Filter Include="HTML\Source Files">
      <UniqueIdentifier>{BD7FC17B-D459-33E4-8423-BE231922BD12}</UniqueIdentifier>
    </Filter>
    <Filter Include="HTTP">
      <UniqueIdentifier>{7AC78A06-F0F0-3CD3-9DFF-C0DB51105B61}</UniqueIdentifier>
    </Filter>
    <Filter Include="HTTPClient">
      <UniqueIdentifier>{4971A9B4-C800-36C6-ACFB-61B840D12DAB}</UniqueIdentifier>
    </Filter>
    <Filter Include="HTTPClient\Header Files">
      <UniqueIdentifier>{D5EDD5DF-0CF1-3DC5-A5AB-0B51C11BECC8}</UniqueIdentifier>
    </Filter>
    <Filter Include="HTTPClient\Source Files">
      <UniqueIdentifier>{E6C75205-D440-3A2F-A6CB-F0EBC3C7BDF4}</UniqueIdentifier>
    </Filter>
    <Filter Include="HTTPServer">
      <UniqueIdentifier>{E1E9E6F5-673F-3373-AB3E-D09639453649}</UniqueIdentifier>
    </Filter>
    <Filter Include="HTTPServer\Header Files">
      <UniqueIdentifier>{ABFA12A2-32F5-3905-89C6-4CE6E8D34DE3}</UniqueIdentifier>
    </Filter>
    <Filter Include="HTTPServer\Source Files">
      <UniqueIdentifier>{65F9E01E-FF5D-3435-BFB0-CF89E5F28B3E}</UniqueIdentifier>
    </Filter>
    <Filter Include="HTTP\Header Files">
      <UniqueIdentifier>{1172F85E-684F-3A07-809E-F3A005225315}</UniqueIdentifier>
    </Filter>
    <Filter Include="HTTP\Source Files">
      <UniqueIdentifier>{2E8009FE-A5FF-32A0-9512-3F6DEC4C9E64}</UniqueIdentifier>
    </Filter>
    <Filter Include="ICMP">
      <UniqueIdentifier>{F9EB22C3-169F-3D5E-B569-EE6A9087B51F}</UniqueIdentifier>
    </Filter>
    <Filter Include="ICMP\Header Files">
      <UniqueIdentifier>{F55E6B33-199B-373A-9831-919186808C43}</UniqueIdentifier>
    </Filter>
    <Filter Include="ICMP\Source Files">
      <UniqueIdentifier>{BEE0399F-C4D3-3E3C-B958-E21FD853FABF}</UniqueIdentifier>
    </Filter>
    <Filter Include="Logging">
      <UniqueIdentifier>{EF16D868-EFF0-317A-B4CF-7DD935915525}</UniqueIdentifier>
    </Filter>
    <Filter Include="Logging\Header Files">
      <UniqueIdentifier>{C7F2D44E-8A97-3F20-AF52-B90B4500D1F2}</UniqueIdentifier>
    </Filter>
    <Filter Include="Logging\Source Files">
      <UniqueIdentifier>{E85C9B85-A50B-3E47-83B8-C657B471433B}</UniqueIdentifier>
    </Filter>
    <Filter Include="Mail">
      <UniqueIdentifier>{8077FEAB-7BEF-31C7-9535-EF6F3F05AB2A}</UniqueIdentifier>
    </Filter>
    <Filter Include="Mail\Header Files">
      <UniqueIdentifier>{3D379AB8-83C2-3A7D-B16C-D0A427CBA2FD}</UniqueIdentifier>
    </Filter>
    <Filter Include="Mail\Source Files">
      <UniqueIdentifier>{E46DEB6B-F11C-34E4-92AD-4E226ADA27B9}</UniqueIdentifier>
    </Filter>
    <Filter Include="Messages">
      <UniqueIdentifier>{1260C4B7-68EC-35E7-ACC4-0F6352E70EBA}</UniqueIdentifier>
    </Filter>
    <Filter Include="Messages\Header Files">
      <UniqueIdentifier>{2D160226-768A-3EBA-BBB9-66A305E81CF5}</UniqueIdentifier>
    </Filter>
    <Filter Include="Messages\Source Files">
      <UniqueIdentifier>{C769DAD1-9121-3597-969B-D1B14ABD01E3}</UniqueIdentifier>
    </Filter>
    <Filter Include="NTLM">
      <UniqueIdentifier>{6E18433F-3BCB-3D84-AC82-ED0ECEDE3AC9}</UniqueIdentifier>
    </Filter>
    <Filter Include="NTLM\Header Files">
      <UniqueIdentifier>{4D616413-A4D6-314D-A4FD-5D02233A05A1}</UniqueIdentifier>
    </Filter>
    <Filter Include="NTLM\Source Files">
      <UniqueIdentifier>{4C016EC2-B058-3FF3-A535-FA3FD27F4447}</UniqueIdentifier>
    </Filter>
    <Filter Include="NTP">
      <UniqueIdentifier>{ADA04767-0BB3-3928-9C96-549B739B54F3}</UniqueIdentifier>
    </Filter>
    <Filter Include="NTP\Header Files">
      <UniqueIdentifier>{CC84C980-E046-3D62-8EAC-710DF757BA32}</UniqueIdentifier>
    </Filter>
    <Filter Include="NTP\Source Files">
      <UniqueIdentifier>{3431B5E3-F154-3ADF-B523-5A4B2A99CBFB}</UniqueIdentifier>
    </Filter>
    <Filter Include="NetCore">
      <UniqueIdentifier>{60F535D9-ED64-3A3F-B9FE-5343C6126FED}</UniqueIdentifier>
    </Filter>
    <Filter Include="NetCore\Header Files">
      <UniqueIdentifier>{9A291AF8-2144-3187-B5FD-B5FDBD5792D8}</UniqueIdentifier>
    </Filter>
    <Filter Include="NetCore\Source Files">
      <UniqueIdentifier>{5052B14A-A902-3B77-9C02-26A07DCDA38B}</UniqueIdentifier>
    </Filter>
    <Filter Include="OAuth">
      <UniqueIdentifier>{9FB6513C-8A9A-37B4-AE49-4EDE4E1811E9}</UniqueIdentifier>
    </Filter>
    <Filter Include="OAuth\Header Files">
      <UniqueIdentifier>{556313F4-AF44-3054-AB9B-00E8079F8DCD}</UniqueIdentifier>
    </Filter>
    <Filter Include="OAuth\Source Files">
      <UniqueIdentifier>{7122C7DA-486B-3B09-A515-84894781D133}</UniqueIdentifier>
    </Filter>
    <Filter Include="Reactor">
      <UniqueIdentifier>{135123D5-0ACE-3BB7-8D30-C12B3C547E14}</UniqueIdentifier>
    </Filter>
    <Filter Include="Reactor\Header Files">
      <UniqueIdentifier>{109B901E-19A7-38DB-8672-A8DEE31565EF}</UniqueIdentifier>
    </Filter>
    <Filter Include="Reactor\Source Files">
      <UniqueIdentifier>{D8172176-1E53-3FB2-8584-8242F70E8985}</UniqueIdentifier>
    </Filter>
    <Filter Include="Sockets">
      <UniqueIdentifier>{8B4481AE-A3FE-3875-A05D-A536D702720A}</UniqueIdentifier>
    </Filter>
    <Filter Include="Sockets\Header Files">
      <UniqueIdentifier>{653705F1-ADBC-3C0F-8E44-C3B7B20DBB7F}</UniqueIdentifier>
    </Filter>
    <Filter Include="Sockets\Source Files">
      <UniqueIdentifier>{5DE83DDC-82AC-396E-AE14-ADFB273F1941}</UniqueIdentifier>
    </Filter>
    <Filter Include="TCPServer">
      <UniqueIdentifier>{134458C3-9A8B-3A7B-BF4E-060A82CF2896}</UniqueIdentifier>
    </Filter>
    <Filter Include="TCPServer\Header Files">
      <UniqueIdentifier>{707C2031-33A9-3699-87C2-9C20A3F74F34}</UniqueIdentifier>
    </Filter>
    <Filter Include="TCPServer\Source Files">
      <UniqueIdentifier>{CC64F7D6-D8F9-385E-94C3-0F67AEFD3099}</UniqueIdentifier>
    </Filter>
    <Filter Include="UDP">
      <UniqueIdentifier>{51BED166-62E9-3AC9-89D4-46D8B6950DF4}</UniqueIdentifier>
    </Filter>
    <Filter Include="UDP\Header Files">
      <UniqueIdentifier>{7EB83FEA-DA0D-3214-B5B7-9A1503D7D330}</UniqueIdentifier>
    </Filter>
    <Filter Include="UDP\Source Files">
      <UniqueIdentifier>{E640EA13-60B5-3C7A-999D-BA1970C1465A}</UniqueIdentifier>
    </Filter>
    <Filter Include="WebSocket">
      <UniqueIdentifier>{8E67D0B5-BEB3-3C71-899D-D97AB6EA111E}</UniqueIdentifier>
    </Filter>
    <Filter Include="WebSocket\Header Files">
      <UniqueIdentifier>{98349060-A515-3E8D-9297-B7FEDF1DFB30}</UniqueIdentifier>
    </Filter>
    <Filter Include="WebSocket\Source Files">
      <UniqueIdentifier>{AD8B5CE2-121C-328D-AC76-F27EDB9B5D6F}</UniqueIdentifier>
    </Filter>
  </ItemGroup>
</Project>