<?xml version="1.0" encoding="utf-8"?>
<Project ToolsVersion="16.0" xmlns="http://schemas.microsoft.com/developer/msbuild/2003">
  <ItemGroup>
    <ClCompile Include="..\..\Util\src\AbstractConfiguration.cpp">
      <Filter>Configuration\Source Files</Filter>
    </ClCompile>
    <ClCompile Include="..\..\Util\src\Application.cpp">
      <Filter>Application\Source Files</Filter>
    </ClCompile>
    <ClCompile Include="..\..\Util\src\ConfigurationMapper.cpp">
      <Filter>Configuration\Source Files</Filter>
    </ClCompile>
    <ClCompile Include="..\..\Util\src\ConfigurationView.cpp">
      <Filter>Configuration\Source Files</Filter>
    </ClCompile>
    <ClCompile Include="..\..\Util\src\FilesystemConfiguration.cpp">
      <Filter>Configuration\Source Files</Filter>
    </ClCompile>
    <ClCompile Include="..\..\Util\src\HelpFormatter.cpp">
      <Filter>Options\Source Files</Filter>
    </ClCompile>
    <ClCompile Include="..\..\Util\src\IniFileConfiguration.cpp">
      <Filter>Configuration\Source Files</Filter>
    </ClCompile>
    <ClCompile Include="..\..\Util\src\IntValidator.cpp">
      <Filter>Options\Source Files</Filter>
    </ClCompile>
    <ClCompile Include="..\..\Util\src\JSONConfiguration.cpp">
      <Filter>JSON\Source Files</Filter>
    </ClCompile>
    <ClCompile Include="..\..\Util\src\LayeredConfiguration.cpp">
      <Filter>Configuration\Source Files</Filter>
    </ClCompile>
    <ClCompile Include="..\..\Util\src\LoggingConfigurator.cpp">
      <Filter>Configuration\Source Files</Filter>
    </ClCompile>
    <ClCompile Include="..\..\Util\src\LoggingSubsystem.cpp">
      <Filter>Application\Source Files</Filter>
    </ClCompile>
    <ClCompile Include="..\..\Util\src\MapConfiguration.cpp">
      <Filter>Configuration\Source Files</Filter>
    </ClCompile>
    <ClCompile Include="..\..\Util\src\Option.cpp">
      <Filter>Options\Source Files</Filter>
    </ClCompile>
    <ClCompile Include="..\..\Util\src\OptionCallback.cpp">
      <Filter>Options\Source Files</Filter>
    </ClCompile>
    <ClCompile Include="..\..\Util\src\OptionException.cpp">
      <Filter>Options\Source Files</Filter>
    </ClCompile>
    <ClCompile Include="..\..\Util\src\OptionProcessor.cpp">
      <Filter>Options\Source Files</Filter>
    </ClCompile>
    <ClCompile Include="..\..\Util\src\OptionSet.cpp">
      <Filter>Options\Source Files</Filter>
    </ClCompile>
    <ClCompile Include="..\..\Util\src\PropertyFileConfiguration.cpp">
      <Filter>Configuration\Source Files</Filter>
    </ClCompile>
    <ClCompile Include="..\..\Util\src\RegExpValidator.cpp">
      <Filter>Options\Source Files</Filter>
    </ClCompile>
    <ClCompile Include="..\..\Util\src\ServerApplication.cpp">
      <Filter>Application\Source Files</Filter>
    </ClCompile>
    <ClCompile Include="..\..\Util\src\Subsystem.cpp">
      <Filter>Application\Source Files</Filter>
    </ClCompile>
    <ClCompile Include="..\..\Util\src\SystemConfiguration.cpp">
      <Filter>Configuration\Source Files</Filter>
    </ClCompile>
    <ClCompile Include="..\..\Util\src\Timer.cpp">
      <Filter>Timer\Source Files</Filter>
    </ClCompile>
    <ClCompile Include="..\..\Util\src\TimerTask.cpp">
      <Filter>Timer\Source Files</Filter>
    </ClCompile>
    <ClCompile Include="..\..\Util\src\Validator.cpp">
      <Filter>Options\Source Files</Filter>
    </ClCompile>
    <ClCompile Include="..\..\Util\src\WinRegistryConfiguration.cpp">
      <Filter>Windows\Source Files</Filter>
    </ClCompile>
    <ClCompile Include="..\..\Util\src\WinRegistryKey.cpp">
      <Filter>Windows\Source Files</Filter>
    </ClCompile>
    <ClCompile Include="..\..\Util\src\WinService.cpp">
      <Filter>Windows\Source Files</Filter>
    </ClCompile>
    <ClCompile Include="..\..\Util\src\XMLConfiguration.cpp">
      <Filter>Configuration\Source Files</Filter>
    </ClCompile>
  </ItemGroup>
  <ItemGroup>
    <ClInclude Include="..\..\Util\include\Poco\Util\AbstractConfiguration.h">
      <Filter>Configuration\Header Files</Filter>
    </ClInclude>
    <ClInclude Include="..\..\Util\include\Poco\Util\Application.h">
      <Filter>Application\Header Files</Filter>
    </ClInclude>
    <ClInclude Include="..\..\Util\include\Poco\Util\ConfigurationMapper.h">
      <Filter>Configuration\Header Files</Filter>
    </ClInclude>
    <ClInclude Include="..\..\Util\include\Poco\Util\ConfigurationView.h">
      <Filter>Configuration\Header Files</Filter>
    </ClInclude>
    <ClInclude Include="..\..\Util\include\Poco\Util\FilesystemConfiguration.h">
      <Filter>Configuration\Header Files</Filter>
    </ClInclude>
    <ClInclude Include="..\..\Util\include\Poco\Util\HelpFormatter.h">
      <Filter>Options\Header Files</Filter>
    </ClInclude>
    <ClInclude Include="..\..\Util\include\Poco\Util\IniFileConfiguration.h">
      <Filter>Configuration\Header Files</Filter>
    </ClInclude>
    <ClInclude Include="..\..\Util\include\Poco\Util\IntValidator.h">
      <Filter>Options\Header Files</Filter>
    </ClInclude>
    <ClInclude Include="..\..\Util\include\Poco\Util\JSONConfiguration.h">
      <Filter>Util\Header Files</Filter>
    </ClInclude>
    <ClInclude Include="..\..\Util\include\Poco\Util\LayeredConfiguration.h">
      <Filter>Configuration\Header Files</Filter>
    </ClInclude>
    <ClInclude Include="..\..\Util\include\Poco\Util\LoggingConfigurator.h">
      <Filter>Configuration\Header Files</Filter>
    </ClInclude>
    <ClInclude Include="..\..\Util\include\Poco\Util\LoggingSubsystem.h">
      <Filter>Application\Header Files</Filter>
    </ClInclude>
    <ClInclude Include="..\..\Util\include\Poco\Util\MapConfiguration.h">
      <Filter>Configuration\Header Files</Filter>
    </ClInclude>
    <ClInclude Include="..\..\Util\include\Poco\Util\Option.h">
      <Filter>Options\Header Files</Filter>
    </ClInclude>
    <ClInclude Include="..\..\Util\include\Poco\Util\OptionCallback.h">
      <Filter>Options\Header Files</Filter>
    </ClInclude>
    <ClInclude Include="..\..\Util\include\Poco\Util\OptionException.h">
      <Filter>Options\Header Files</Filter>
    </ClInclude>
    <ClInclude Include="..\..\Util\include\Poco\Util\OptionProcessor.h">
      <Filter>Options\Header Files</Filter>
    </ClInclude>
    <ClInclude Include="..\..\Util\include\Poco\Util\OptionSet.h">
      <Filter>Options\Header Files</Filter>
    </ClInclude>
    <ClInclude Include="..\..\Util\include\Poco\Util\PropertyFileConfiguration.h">
      <Filter>Configuration\Header Files</Filter>
    </ClInclude>
    <ClInclude Include="..\..\Util\include\Poco\Util\RegExpValidator.h">
      <Filter>Options\Header Files</Filter>
    </ClInclude>
    <ClInclude Include="..\..\Util\include\Poco\Util\ServerApplication.h">
      <Filter>Application\Header Files</Filter>
    </ClInclude>
    <ClInclude Include="..\..\Util\include\Poco\Util\Subsystem.h">
      <Filter>Application\Header Files</Filter>
    </ClInclude>
    <ClInclude Include="..\..\Util\include\Poco\Util\SystemConfiguration.h">
      <Filter>Configuration\Header Files</Filter>
    </ClInclude>
    <ClInclude Include="..\..\Util\include\Poco\Util\Timer.h">
      <Filter>Timer\Header Files</Filter>
    </ClInclude>
    <ClInclude Include="..\..\Util\include\Poco\Util\TimerTask.h">
      <Filter>Timer\Header Files</Filter>
    </ClInclude>
    <ClInclude Include="..\..\Util\include\Poco\Util\TimerTaskAdapter.h">
      <Filter>Timer\Header Files</Filter>
    </ClInclude>
    <ClInclude Include="..\..\Util\include\Poco\Util\Units.h">
      <Filter>Units\Header Files</Filter>
    </ClInclude>
    <ClInclude Include="..\..\Util\include\Poco\Util\Util.h">
      <Filter>Util\Header Files</Filter>
    </ClInclude>
    <ClInclude Include="..\..\Util\include\Poco\Util\Validator.h">
      <Filter>Options\Header Files</Filter>
    </ClInclude>
    <ClInclude Include="..\..\Util\include\Poco\Util\WinRegistryConfiguration.h">
      <Filter>Windows\Header Files</Filter>
    </ClInclude>
    <ClInclude Include="..\..\Util\include\Poco\Util\WinRegistryKey.h">
      <Filter>Windows\Header Files</Filter>
    </ClInclude>
    <ClInclude Include="..\..\Util\include\Poco\Util\WinService.h">
      <Filter>Windows\Header Files</Filter>
    </ClInclude>
    <ClInclude Include="..\..\Util\include\Poco\Util\XMLConfiguration.h">
      <Filter>Configuration\Header Files</Filter>
    </ClInclude>
  </ItemGroup>
  <ItemGroup>
    <Filter Include="Application">
      <UniqueIdentifier>{F9C2AF7B-C56E-3615-AD92-56D4E7F919A4}</UniqueIdentifier>
    </Filter>
    <Filter Include="Application\Header Files">
      <UniqueIdentifier>{DF4707C5-6EE4-3FF2-A714-ABBD09704267}</UniqueIdentifier>
    </Filter>
    <Filter Include="Application\Source Files">
      <UniqueIdentifier>{A41276F1-AAA1-308E-A093-AB9971DBF3D2}</UniqueIdentifier>
    </Filter>
    <Filter Include="Configuration">
      <UniqueIdentifier>{2C862985-E94F-3443-A561-F78C2582BF48}</UniqueIdentifier>
    </Filter>
    <Filter Include="Configuration\Header Files">
      <UniqueIdentifier>{12B822F8-CBB4-34DD-9A48-0ECB55855507}</UniqueIdentifier>
    </Filter>
    <Filter Include="Configuration\Source Files">
      <UniqueIdentifier>{B017F413-C5A7-3D25-8C30-F8EE1B772387}</UniqueIdentifier>
    </Filter>
    <Filter Include="JSON">
      <UniqueIdentifier>{6A208624-6ABB-33FA-8742-7AE59545C2E0}</UniqueIdentifier>
    </Filter>
    <Filter Include="JSON\Source Files">
      <UniqueIdentifier>{7F94F805-D4FB-3C29-A0F9-B583070FEF17}</UniqueIdentifier>
    </Filter>
    <Filter Include="Options">
      <UniqueIdentifier>{18B5B6F3-3BB5-3E3D-8FC1-91D16ACBA1A9}</UniqueIdentifier>
    </Filter>
    <Filter Include="Options\Header Files">
      <UniqueIdentifier>{535CAE21-5245-3C7A-B123-DA70262BAB05}</UniqueIdentifier>
    </Filter>
    <Filter Include="Options\Source Files">
      <UniqueIdentifier>{615264E4-FB99-3ECC-8034-E1F03D26FAC8}</UniqueIdentifier>
    </Filter>
    <Filter Include="Timer">
      <UniqueIdentifier>{5E8BDAAB-A88C-33C4-981E-4EDBF7B88F89}</UniqueIdentifier>
    </Filter>
    <Filter Include="Timer\Header Files">
      <UniqueIdentifier>{C8E57318-6C18-3499-9666-0ECA42D3E4E6}</UniqueIdentifier>
    </Filter>
    <Filter Include="Timer\Source Files">
      <UniqueIdentifier>{C1CA618F-226E-35F4-8908-FA10E9AF36D0}</UniqueIdentifier>
    </Filter>
    <Filter Include="Units">
      <UniqueIdentifier>{AEB50F14-777E-3CC5-8875-8D01E5E02575}</UniqueIdentifier>
    </Filter>
    <Filter Include="Units\Header Files">
      <UniqueIdentifier>{700437EC-6A0E-3A9D-AE79-B90BC3B20913}</UniqueIdentifier>
    </Filter>
    <Filter Include="Util">
      <UniqueIdentifier>{F9B72CFD-19A4-3A8C-ADF8-C2B157CF8182}</UniqueIdentifier>
    </Filter>
    <Filter Include="Util\Header Files">
      <UniqueIdentifier>{54FCA769-777B-3481-8A48-98A9FE7D7180}</UniqueIdentifier>
    </Filter>
    <Filter Include="Windows">
      <UniqueIdentifier>{607DD1EB-55F1-385B-9600-F439E614C5B2}</UniqueIdentifier>
    </Filter>
    <Filter Include="Windows\Header Files">
      <UniqueIdentifier>{8007D7E9-FD9E-3FF9-8663-74FA4F007220}</UniqueIdentifier>
    </Filter>
    <Filter Include="Windows\Source Files">
      <UniqueIdentifier>{9F61E413-5AF9-3CDB-9D05-510ED31EAB5B}</UniqueIdentifier>
    </Filter>
  </ItemGroup>
</Project>